github.com/BurntSushi/toml v0.3.1/go.mod h1:xHWCNGjB5oqiDr8zfno3MHue2Ht5sIBksp03qcyfWMU=
github.com/atoz-technology/mantil.go v0.0.0-20210725105914-ddd5b603239f h1:vQHjk70bbD9QCOtiIJrwgAOyWpQlf/GAFpRBWwDXQCg=
github.com/atoz-technology/mantil.go v0.0.0-20210725105914-ddd5b603239f/go.mod h1:RECy+LSGU5Wt/XMcsCNC491FQirfr/hukmV59fOl/ZY=
github.com/aws/aws-lambda-go v1.24.0/go.mod h1:jJmlefzPfGnckuHdXX7/80O3BvUUi12XOkbv4w9SGLU=
github.com/aws/aws-lambda-go v1.25.0 h1:hv0Av6ooQhnqMS2jqeaph0izIwwaV2N6gsT5ad17Ihw=
github.com/aws/aws-lambda-go v1.25.0/go.mod h1:jJmlefzPfGnckuHdXX7/80O3BvUUi12XOkbv4w9SGLU=
github.com/aws/aws-sdk-go v1.40.6/go.mod h1:585smgzpB/KqRA+K3y/NL/oYRqQvpNJYvLm+LY1U59Q=
github.com/aws/aws-sdk-go-v2 v1.7.0/go.mod h1:tb9wi5s61kTDA5qCkcDbt3KRVV74GGslQkl/DRdX/P4=
github.com/aws/aws-sdk-go-v2 v1.7.1 h1:TswSc7KNqZ/K1Ijt3IkpXk/2+62vi3Q82Yrr5wSbRBQ=
github.com/aws/aws-sdk-go-v2 v1.7.1/go.mod h1:L5LuPC1ZgDr2xQS7AmIec/Jlc7O/Y1u2KxJyNVab250=
github.com/aws/aws-sdk-go-v2/config v1.4.1/go.mod h1:HCDWZ/oeY59TPtXslxlbkCqLQBsVu6b09kiG43tdP+I=
github.com/aws/aws-sdk-go-v2/config v1.5.0 h1:tRQcWXVmO7wC+ApwYc2LiYKfIBoIrdzcJ+7HIh6AlR0=
github.com/aws/aws-sdk-go-v2/config v1.5.0/go.mod h1:RWlPOAW3E3tbtNAqTwvSW54Of/yP3oiZXMI0xfUdjyA=
github.com/aws/aws-sdk-go-v2/credentials v1.3.0/go.mod h1:tOcv+qDZ0O+6Jk2beMl5JnZX6N0H7O8fw9UsD3bP7GI=
github.com/aws/aws-sdk-go-v2/credentials v1.3.1 h1:fFeqL5+9kwFKsCb2oci5yAIDsWYqn/Nga8oQ5bIasI8=
github.com/aws/aws-sdk-go-v2/credentials v1.3.1/go.mod h1:r0n73xwsIVagq8RsxmZbGSRQFj9As3je72C2WzUIToc=
github.com/aws/aws-sdk-go-v2/feature/ec2/imds v1.2.0/go.mod h1:XvzoGzuS0kKPzCQtJCC22Xh/mMgVAzfGo/0V+mk/Cu0=
github.com/aws/aws-sdk-go-v2/feature/ec2/imds v1.3.0 h1:s4vtv3Mv1CisI3qm2HGHi1Ls9ZtbCOEqeQn6oz7fTyU=
github.com/aws/aws-sdk-go-v2/feature/ec2/imds v1.3.0/go.mod h1:2LAuqPx1I6jNfaGDucWfA2zqQCYCOMCDHiCOciALyNw=
github.com/aws/aws-sdk-go-v2/internal/ini v1.1.0/go.mod h1:qGQ/9IfkZonRNSNLE99/yBJ7EPA/h8jlWEqtJCcaj+Q=
github.com/aws/aws-sdk-go-v2/internal/ini v1.1.1 h1:SDLwr1NKyowP7uqxuLNdvFZhjnoVWxNv456zAp+ZFjU=
github.com/aws/aws-sdk-go-v2/internal/ini v1.1.1/go.mod h1:Zy8smImhTdOETZqfyn01iNOe0CNggVbPjCajyaz6Gvg=
github.com/aws/aws-sdk-go-v2/service/internal/accept-encoding v1.2.1 h1:s/uV8UyMB4UcO0ERHxG9BJhYJAD9MiY0QeYvJmlC7PE=
github.com/aws/aws-sdk-go-v2/service/internal/accept-encoding v1.2.1/go.mod h1:v33JQ57i2nekYTA70Mb+O18KeH4KqhdqxTJZNK1zdRE=
github.com/aws/aws-sdk-go-v2/service/internal/presigned-url v1.2.0/go.mod h1:a7XLWNKuVgOxjssEF019IiHPv35k8KHBaWv/wJAfi2A=
github.com/aws/aws-sdk-go-v2/service/internal/presigned-url v1.2.1 h1:VJe/XEhrfyfBLupcGg1BfUSK2VMZNdbDcZQ49jnp+h0=
github.com/aws/aws-sdk-go-v2/service/internal/presigned-url v1.2.1/go.mod h1:zceowr5Z1Nh2WVP8bf/3ikB41IZW59E4yIYbg+pC6mw=
github.com/aws/aws-sdk-go-v2/service/internal/s3shared v1.5.1 h1:1ds3HkMQEBx9XvOkqsPuqBmNFn0w8XEDuB4LOi6KepU=
github.com/aws/aws-sdk-go-v2/service/internal/s3shared v1.5.1/go.mod h1:6EQZIwNNvHpq/2/QSJnp4+ECvqIy55w95Ofs0ze+nGQ=
github.com/aws/aws-sdk-go-v2/service/lambda v1.4.0/go.mod h1:yKVqZqXjhuSGQwrz3GvHtLTqgeHIbMkKgwSVeVRL+2k=
github.com/aws/aws-sdk-go-v2/service/lambda v1.5.0 h1:30HxyBuZswg258SRElKVaNrC80X4uBI6KiYWHco8HwY=
github.com/aws/aws-sdk-go-v2/service/lambda v1.5.0/go.mod h1:TteTjjmrgkcXILeeeEAIsg5NTkfHHVHxyNPBl6gL8uU=
github.com/aws/aws-sdk-go-v2/service/s3 v1.11.1 h1:HiXhafnqG0AkVJIZA/BHhFvuc/8xFdUO1uaeqF2Artc=
github.com/aws/aws-sdk-go-v2/service/s3 v1.11.1/go.mod h1:XLAGFrEjbvMCLvAtWLLP32yTv8GpBquCApZEycDLunI=
github.com/aws/aws-sdk-go-v2/service/sso v1.3.0/go.mod h1:qWR+TUuvfji9udM79e4CPe87C5+SjMEb2TFXkZaI0Vc=
github.com/aws/aws-sdk-go-v2/service/sso v1.3.1 h1:H2ZLWHUbbeYtghuqCY5s/7tbBM99PAwCioRJF8QvV/U=
github.com/aws/aws-sdk-go-v2/service/sso v1.3.1/go.mod h1:J3A3RGUvuCZjvSuZEcOpHDnzZP/sKbhDWV2T1EOzFIM=
github.com/aws/aws-sdk-go-v2/service/sts v1.5.0/go.mod h1:HjDKUmissf6Mlut+WzG2r35r6LeTKmLEDJ6p9NryzLg=
github.com/aws/aws-sdk-go-v2/service/sts v1.6.0 h1:Y9r6mrzOyAYz4qKaluSH19zqH1236il/nGbsPKOUT0s=
github.com/aws/aws-sdk-go-v2/service/sts v1.6.0/go.mod h1:q7o0j7d7HrJk/vr9uUt3BVRASvcU7gYZB9PUgPiByXg=
github.com/aws/smithy-go v1.5.0/go.mod h1:SObp3lf9smib00L/v3U2eAKG8FyQ7iLrJnQiAmR5n+E=
github.com/aws/smithy-go v1.6.0 h1:T6puApfBcYiTIsaI+SYWqanjMt5pc3aoyyDrI+0YH54=
github.com/aws/smithy-go v1.6.0/go.mod h1:SObp3lf9smib00L/v3U2eAKG8FyQ7iLrJnQiAmR5n+E=
github.com/buger/jsonparser v1.1.1 h1:2PnMjfWD7wBILjqQbt530v576A/cAbQvEW9gGIpYMUs=
github.com/buger/jsonparser v1.1.1/go.mod h1:6RYKKt7H4d4+iWqouImQ9R2FZql3VbhNgx27UK13J/0=
github.com/cpuguy83/go-md2man/v2 v2.0.0-20190314233015-f79a8a8ca69d/go.mod h1:maD7wRr/U5Z6m/iR4s+kqSMx2CaBsrgA7czyZG/E6dU=
github.com/cpuguy83/go-md2man/v2 v2.0.0/go.mod h1:maD7wRr/U5Z6m/iR4s+kqSMx2CaBsrgA7czyZG/E6dU=
github.com/davecgh/go-spew v1.1.0/go.mod h1:J7Y8YcW2NihsgmVo/mv3lAwl/skON4iLHjSsI+c5H38=
github.com/davecgh/go-spew v1.1.1 h1:vj9j/u1bqnvCEfJOwUhtlOARqs3+rkHYY13jYWTU97c=
github.com/davecgh/go-spew v1.1.1/go.mod h1:J7Y8YcW2NihsgmVo/mv3lAwl/skON4iLHjSsI+c5H38=
github.com/dustin/go-humanize v1.0.0 h1:VSnTsYCnlFHaM2/igO1h6X3HA71jcobQuxemgkq4zYo=
github.com/dustin/go-humanize v1.0.0/go.mod h1:HtrtbFcZ19U5GC7JDqmcUSB87Iq5E25KnS6fMYU6eOk=
github.com/golang/protobuf v1.4.0-rc.1/go.mod h1:ceaxUfeHdC40wWswd/P6IGgMaK3YpKi5j83Wpe3EHw8=
github.com/golang/protobuf v1.4.0-rc.1.0.20200221234624-67d41d38c208/go.mod h1:xKAWHe0F5eneWXFV3EuXVDTCmh+JuBKY0li0aMyXATA=
github.com/golang/protobuf v1.4.0-rc.2/go.mod h1:LlEzMj4AhA7rCAGe4KMBDvJI+AwstrUpVNzEA03Pprs=
github.com/golang/protobuf v1.4.0-rc.4.0.20200313231945-b860323f09d0/go.mod h1:WU3c8KckQ9AFe+yFwt9sWVRKCVIyN9cPHBJSNnbL67w=
github.com/golang/protobuf v1.4.0/go.mod h1:jodUvKwWbYaEsadDk5Fwe5c77LiNKVO9IDvqG2KuDX0=
github.com/golang/protobuf v1.4.2 h1:+Z5KGCizgyZCbGh1KZqA0fcLLkwbsjIzS4aV2v7wJX0=
github.com/golang/protobuf v1.4.2/go.mod h1:oDoupMAO8OvCJWAcko0GGGIgR6R6ocIYbsSw735rRwI=
github.com/golang/snappy v0.0.3 h1:fHPg5GQYlCeLIPB9BZqMVR5nR9A+IM5zcgeTdjMYmLA=
github.com/golang/snappy v0.0.3/go.mod h1:/XxbfmMg8lxefKM7IXC3fBNl/7bRcc72aCRzEWrmP2Q=
github.com/google/go-cmp v0.3.0/go.mod h1:8QqcDgzrUqlUb/G2PQTWiueGozuR1884gddMywk6iLU=
github.com/google/go-cmp v0.3.1/go.mod h1:8QqcDgzrUqlUb/G2PQTWiueGozuR1884gddMywk6iLU=
github.com/google/go-cmp v0.4.0/go.mod h1:v8dTdLbMG2kIc/vJvl+f65V22dbkXbowE6jgT/gNBxE=
github.com/google/go-cmp v0.5.4/go.mod h1:v8dTdLbMG2kIc/vJvl+f65V22dbkXbowE6jgT/gNBxE=
github.com/google/go-cmp v0.5.5/go.mod h1:v8dTdLbMG2kIc/vJvl+f65V22dbkXbowE6jgT/gNBxE=
github.com/google/go-cmp v0.5.6 h1:BKbKCqvP6I+rmFHt06ZmyQtvB8xAkWdhFyr0ZUNZcxQ=
github.com/google/go-cmp v0.5.6/go.mod h1:v8dTdLbMG2kIc/vJvl+f65V22dbkXbowE6jgT/gNBxE=
github.com/jmespath/go-jmespath v0.4.0 h1:BEgLn5cpjn8UN1mAw4NjwDrS35OdebyEtFe+9YPoQUg=
github.com/jmespath/go-jmespath v0.4.0/go.mod h1:T8mJZnbsbmF+m6zOOFylbeCJqk5+pHWvzYPziyZiYoo=
github.com/jmespath/go-jmespath/internal/testify v1.5.1 h1:shLQSRRSCCPj3f2gpwzGwWFoC7ycTf1rcQZHOlsJ6N8=
github.com/jmespath/go-jmespath/internal/testify v1.5.1/go.mod h1:L3OGu8Wl2/fWfCI6z80xFu9LTZmf1ZRjMHUOPmWr69U=
github.com/klauspost/compress v1.11.12/go.mod h1:aoV0uJVorq1K+umq18yTdKaF57EivdYsUV+/s2qKfXs=
github.com/klauspost/compress v1.12.1/go.mod h1:8dP1Hq4DHOhN9w426knH3Rhby4rFm6D8eO+e+Dq5Gzg=
github.com/klauspost/compress v1.13.1 h1:wXr2uRxZTJXHLly6qhJabee5JqIhTRoLBhDOA74hDEQ=
github.com/klauspost/compress v1.13.1/go.mod h1:8dP1Hq4DHOhN9w426knH3Rhby4rFm6D8eO+e+Dq5Gzg=
github.com/minio/highwayhash v1.0.1 h1:dZ6IIu8Z14VlC0VpfKofAhCy74wu/Qb5gcn52yWoz/0=
github.com/minio/highwayhash v1.0.1/go.mod h1:BQskDq+xkJ12lmlUUi7U0M5Swg3EWR+dLTk+kldvVxY=
github.com/nats-io/jsm.go v0.0.24/go.mod h1:tqr+lbgRjJnAXgnwnMLMAtis6H8xvOe7NoYCvOJa8HI=
github.com/nats-io/jsm.go v0.0.25 h1:3GGCokr/nRSabz9KK2Tag1kxQbq9yFJbuqW4KzdAHQw=
github.com/nats-io/jsm.go v0.0.25/go.mod h1:WTmaDW1dG9Zreen69msydDQG3znI/f0zcnIvq2MGPYM=
github.com/nats-io/jwt v1.2.2 h1:w3GMTO969dFg+UOKTmmyuu7IGdusK+7Ytlt//OYH/uU=
github.com/nats-io/jwt v1.2.2/go.mod h1:/xX356yQA6LuXI9xWW7mZNpxgF2mBmGecH+Fj34sP5Q=
github.com/nats-io/jwt/v2 v2.0.2 h1:ejVCLO8gu6/4bOKIHQpmB5UhhUJfAQw55yvLWpfmKjI=
github.com/nats-io/jwt/v2 v2.0.2/go.mod h1:VRP+deawSXyhNjXmxPCHskrR6Mq50BqpEI5SEcNiGlY=
github.com/nats-io/nats-server/v2 v2.3.0/go.mod h1:7v4HvHI2Zu4n1775982gHbvBNXywHeaTj1WGo0S+uFI=
github.com/nats-io/nats-server/v2 v2.3.3-0.20210719165541-e8fea67b1a38 h1:u8vCKimqWSDVJ1QTClx3oJo79NGhlQMuslE3X7hdWTQ=
github.com/nats-io/nats-server/v2 v2.3.3-0.20210719165541-e8fea67b1a38/go.mod h1:dUf7Cm5z5LbciFVwWx54owyCKm8x4/hL6p7rrljhLFY=
github.com/nats-io/nats.go v1.11.0/go.mod h1:BPko4oXsySz4aSWeFgOHLZs3G4Jq4ZAyE6/zMCxRT6w=
github.com/nats-io/nats.go v1.11.1-0.20210623165838-4b75fc59ae30 h1:9GqilBhZaR3xYis0JgMlJjNw933WIobdjKhilXm+Vls=
github.com/nats-io/nats.go v1.11.1-0.20210623165838-4b75fc59ae30/go.mod h1:BPko4oXsySz4aSWeFgOHLZs3G4Jq4ZAyE6/zMCxRT6w=
github.com/nats-io/nkeys v0.2.0/go.mod h1:XdZpAbhgyyODYqjTawOnIOI7VlbKSarI9Gfy1tqEu/s=
github.com/nats-io/nkeys v0.3.0 h1:cgM5tL53EvYRU+2YLXIK0G2mJtK12Ft9oeooSZMA2G8=
github.com/nats-io/nkeys v0.3.0/go.mod h1:gvUNGjVcM2IPr5rCsRsC6Wb3Hr2CQAm08dsxtV6A5y4=
github.com/nats-io/nuid v1.0.1 h1:5iA8DT8V7q8WK2EScv2padNa/rTESc1KdnPw4TC2paw=
github.com/nats-io/nuid v1.0.1/go.mod h1:19wcPz3Ph3q0Jbyiqsd0kePYG7A95tJPxeL+1OSON2c=
github.com/pkg/errors v0.9.1/go.mod h1:bwawxfHBFNV+L2hUp1rHADufV3IMtnDRdf1r5NINEl0=
github.com/pmezard/go-difflib v1.0.0 h1:4DBwDE0NGyQoBHbLQYPwSUPoCMWR5BEzIk/f1lZbAQM=
github.com/pmezard/go-difflib v1.0.0/go.mod h1:iKH77koFhYxTK1pcRnkKkqfTogsbg7gZNVY4sRDYZ/4=
github.com/russross/blackfriday/v2 v2.0.1/go.mod h1:+Rmxgy9KzJVeS9/2gXHxylqXiyQDYRxCVz55jmeOWTM=
github.com/shurcooL/sanitized_anchor_name v1.0.0/go.mod h1:1NzhyTcUVG4SuEtjjoZeVRXNmyL/1OwPU0+IJeTBvfc=
github.com/stretchr/objx v0.1.0/go.mod h1:HFkY916IF+rwdDfMAkV7OtwuqBVzrE8GR6GFx+wExME=
github.com/stretchr/testify v1.6.1 h1:hDPOHmpOpP40lSULcqw7IrRb/u7w6RpDC9399XyoNd0=
github.com/stretchr/testify v1.6.1/go.mod h1:6Fq8oRcR53rry900zMqJjRRixrwX3KX962/h/Wwjteg=
github.com/urfave/cli/v2 v2.2.0/go.mod h1:SE9GqnLQmjVa0iPEY0f1w3ygNIYcIJ0OKPMoW2caLfQ=
golang.org/x/crypto v0.0.0-20190308221718-c2843e01d9a2/go.mod h1:djNgcEr1/C05ACkg1iLfiJU5Ep61QUkGW8qpdssI0+w=
golang.org/x/crypto v0.0.0-20200323165209-0ec3e9974c59/go.mod h1:LzIPMQfyMNhhGPhUkYOs5KpL4U8rLKemX1yGLhDgUto=
golang.org/x/crypto v0.0.0-20210314154223-e6e6c4f2bb5b/go.mod h1:T9bdIzuCu7OtxOm1hfPfRQxPLYneinmdGuTeoZ9dtd4=
golang.org/x/crypto v0.0.0-20210513164829-c07d793c2f9a/go.mod h1:P+XmwS30IXTQdn5tA2iutPOUgjI07+tq3H3K9MVA1s8=
golang.org/x/crypto v0.0.0-20210616213533-5ff15b29337e/go.mod h1:GvvjBRRGRdwPK5ydBHafDWAxML/pGHZbMvKqRZ5+Abc=
golang.org/x/crypto v0.0.0-20210711020723-a769d52b0f97 h1:/UOmuWzQfxxo9UtlXMwuQU8CMgg1eZXqTRwkSQJWKOI=
golang.org/x/crypto v0.0.0-20210711020723-a769d52b0f97/go.mod h1:GvvjBRRGRdwPK5ydBHafDWAxML/pGHZbMvKqRZ5+Abc=
golang.org/x/net v0.0.0-20190404232315-eb5bcb51f2a3/go.mod h1:t9HGtf8HONx5eT2rtn7q6eTqICYqUVnKs3thJo3Qplg=
golang.org/x/net v0.0.0-20210226172049-e18ecbb05110/go.mod h1:m0MpNAwzfU5UDzcl9v0D8zg8gWTRqZa9RBIspLL5mdg=
golang.org/x/net v0.0.0-20210614182718-04defd469f4e/go.mod h1:9nx3DQGgdP8bBQD5qxJ1jj9UTztislL4KSBs9R2vV5Y=
golang.org/x/sys v0.0.0-20190130150945-aca44879d564/go.mod h1:STP8DvDyc/dI5b8T5hshtkjS+E42TnysNCUPdjciGhY=
golang.org/x/sys v0.0.0-20190215142949-d0b11bdaac8a/go.mod h1:STP8DvDyc/dI5b8T5hshtkjS+E42TnysNCUPdjciGhY=
golang.org/x/sys v0.0.0-20190412213103-97732733099d/go.mod h1:h1NjWce9XRLGQEsW7wpKNCjG9DtNlClVuFLEZdDNbEs=
golang.org/x/sys v0.0.0-20201119102817-f84b799fce68/go.mod h1:h1NjWce9XRLGQEsW7wpKNCjG9DtNlClVuFLEZdDNbEs=
golang.org/x/sys v0.0.0-20210423082822-04245dca01da/go.mod h1:h1NjWce9XRLGQEsW7wpKNCjG9DtNlClVuFLEZdDNbEs=
golang.org/x/sys v0.0.0-20210615035016-665e8c7367d1 h1:SrN+KX8Art/Sf4HNj6Zcz06G7VEz+7w9tdXTPOZ7+l4=
golang.org/x/sys v0.0.0-20210615035016-665e8c7367d1/go.mod h1:oPkhp1MJrh7nUepCBck5+mAzfO9JrbApNNgaTdGDITg=
golang.org/x/term v0.0.0-20201126162022-7de9c90e9dd1/go.mod h1:bj7SfCRtBDWHUb9snDiAeCFNEtKQo2Wmx5Cou7ajbmo=
golang.org/x/text v0.3.0/go.mod h1:NqM8EUOU14njkJ3fqMW+pc6Ldnwhi/IjpwHt7yyuwOQ=
golang.org/x/text v0.3.3/go.mod h1:5Zoc/QRtKVWzQhOtBMvqHzDpF6irO9z98xDceosuGiQ=
golang.org/x/text v0.3.6/go.mod h1:5Zoc/QRtKVWzQhOtBMvqHzDpF6irO9z98xDceosuGiQ=
golang.org/x/time v0.0.0-20200416051211-89c76fbcd5d1 h1:NusfzzA6yGQ+ua51ck7E3omNUX/JuqbFSaRGqU8CcLI=
golang.org/x/time v0.0.0-20200416051211-89c76fbcd5d1/go.mod h1:tRJNPiyCQ0inRvYxbN9jk5I+vvW/OXSQhTDSoE431IQ=
golang.org/x/tools v0.0.0-20180917221912-90fa682c2a6e/go.mod h1:n7NCudcB/nEzxVGmLbDWY5pfWTLqBcC2KZ6jyYvM4mQ=
golang.org/x/xerrors v0.0.0-20191204190536-9bdfabe68543 h1:E7g+9GITq07hpfrRu66IVDexMakfv52eLZ2CXBWiKr4=
golang.org/x/xerrors v0.0.0-20191204190536-9bdfabe68543/go.mod h1:I/5z698sn9Ka8TeJc9MKroUUfqBBauWjQqLJ2OPfmY0=
google.golang.org/protobuf v0.0.0-20200109180630-ec00e32a8dfd/go.mod h1:DFci5gLYBciE7Vtevhsrf46CRTquxDuWsQurQQe4oz8=
google.golang.org/protobuf v0.0.0-20200221191635-4d8936d0db64/go.mod h1:kwYJMbMJ01Woi6D6+Kah6886xMZcty6N08ah7+eCXa0=
google.golang.org/protobuf v0.0.0-20200228230310-ab0ca4ff8a60/go.mod h1:cfTl7dwQJ+fmap5saPgwCLgHXTUD7jkjRqWcaiX5VyM=
google.golang.org/protobuf v1.20.1-0.20200309200217-e05f789c0967/go.mod h1:A+miEFZTKqfCUM6K7xSMQL9OKL/b6hQv+e19PK+JZNE=
google.golang.org/protobuf v1.21.0/go.mod h1:47Nbq4nVaFHyn7ilMalzfO3qCViNmqZ2kzikPIcrTAo=
google.golang.org/protobuf v1.23.0 h1:4MY060fB1DLGMB/7MBTLnwQUY6+F09GEiz6SsrNqyzM=
google.golang.org/protobuf v1.23.0/go.mod h1:EGpADcykh3NcUnDUJcl1+ZksZNG86OlYog2l/sGQquU=
gopkg.in/check.v1 v0.0.0-20161208181325-20d25e280405/go.mod h1:Co6ibVJAznAaIkqp8huTwlJQCZ016jof/cbN4VW5Yz0=
gopkg.in/yaml.v2 v2.2.2/go.mod h1:hI93XBmqTisBFMUTm0b8Fm+jr3Dg1NNxqwp+5A1VGuI=
gopkg.in/yaml.v2 v2.2.8 h1:obN1ZagJSUGI0Ek/LBmuj4SNLPfIny3KsKFopxRdj10=
gopkg.in/yaml.v2 v2.2.8/go.mod h1:hI93XBmqTisBFMUTm0b8Fm+jr3Dg1NNxqwp+5A1VGuI=
gopkg.in/yaml.v3 v3.0.0-20200313102051-9f266ea9e77c/go.mod h1:K4uyk7z7BCEPqu6E+C64Yfv1cQ7kz7rIZviUmN+EgEM=
gopkg.in/yaml.v3 v3.0.0-20200615113413-eeeca48fe776 h1:tQIYjPdBoyREyB9XMu+nnTclpTYkz2zFM+lzLJFO4gQ=
gopkg.in/yaml.v3 v3.0.0-20200615113413-eeeca48fe776/go.mod h1:K4uyk7z7BCEPqu6E+C64Yfv1cQ7kz7rIZviUmN+EgEM=
