2021/12/09 12:37:46.247305 github.com/mantil-io/mantil/cli/ui/ui.go:152: /Users/daniel/work/mantil/node/terraform/terraform.go:170: TF: >> terraform init -no-color -input=false -migrate-state
2021/12/09 12:37:46.621291 github.com/mantil-io/mantil/cli/ui/ui.go:152: /Users/daniel/work/mantil/node/terraform/terraform.go:170: TF: Initializing modules...
2021/12/09 12:37:46.621474 github.com/mantil-io/mantil/cli/ui/ui.go:152: /Users/daniel/work/mantil/node/terraform/terraform.go:170: TF: - api in ../../modules/api
2021/12/09 12:37:46.622148 github.com/mantil-io/mantil/cli/ui/ui.go:152: /Users/daniel/work/mantil/node/terraform/terraform.go:170: TF: - api.custom_domain in ../../modules/custom-domain
2021/12/09 12:37:46.626693 github.com/mantil-io/mantil/cli/ui/ui.go:152: /Users/daniel/work/mantil/node/terraform/terraform.go:170: TF: - api.http_api in ../../modules/http-api
2021/12/09 12:37:46.636664 github.com/mantil-io/mantil/cli/ui/ui.go:152: /Users/daniel/work/mantil/node/terraform/terraform.go:170: TF: - api.ws_api in ../../modules/ws-api
2021/12/09 12:37:46.636787 github.com/mantil-io/mantil/cli/ui/ui.go:152: /Users/daniel/work/mantil/node/terraform/terraform.go:170: TF: - functions in ../../modules/functions
2021/12/09 12:37:46.636811 github.com/mantil-io/mantil/cli/ui/ui.go:152: /Users/daniel/work/mantil/node/terraform/terraform.go:170: TF: - public_site in ../../modules/public-site
2021/12/09 12:37:46.649338 github.com/mantil-io/mantil/cli/ui/ui.go:152: /Users/daniel/work/mantil/node/terraform/terraform.go:170: TF: Initializing the backend...
2021/12/09 12:37:47.168930 github.com/mantil-io/mantil/cli/ui/ui.go:152: /Users/daniel/work/mantil/node/terraform/terraform.go:170: TF: Successfully configured the backend "s3"! Terraform will automatically
2021/12/09 12:37:47.169046 github.com/mantil-io/mantil/cli/ui/ui.go:152: /Users/daniel/work/mantil/node/terraform/terraform.go:170: TF: use this backend unless the backend configuration changes.
2021/12/09 12:37:47.177912 github.com/mantil-io/mantil/cli/ui/ui.go:152: /Users/daniel/work/mantil/node/terraform/terraform.go:170: TF: Initializing provider plugins...
2021/12/09 12:37:47.178026 github.com/mantil-io/mantil/cli/ui/ui.go:152: /Users/daniel/work/mantil/node/terraform/terraform.go:170: TF: - Finding latest version of hashicorp/aws...
2021/12/09 12:37:47.227622 github.com/mantil-io/mantil/cli/ui/ui.go:152: /Users/daniel/work/mantil/node/terraform/terraform.go:170: TF: - Installing hashicorp/aws v3.68.0...
2021/12/09 12:37:49.627634 github.com/mantil-io/mantil/cli/ui/ui.go:152: /Users/daniel/work/mantil/node/terraform/terraform.go:170: TF: - Installed hashicorp/aws v3.68.0 (signed by HashiCorp)
2021/12/09 12:37:49.627821 github.com/mantil-io/mantil/cli/ui/ui.go:152: /Users/daniel/work/mantil/node/terraform/terraform.go:170: TF: Terraform has created a lock file .terraform.lock.hcl to record the provider
2021/12/09 12:37:49.627859 github.com/mantil-io/mantil/cli/ui/ui.go:152: /Users/daniel/work/mantil/node/terraform/terraform.go:170: TF: selections it made above. Include this file in your version control repository
2021/12/09 12:37:49.627888 github.com/mantil-io/mantil/cli/ui/ui.go:152: /Users/daniel/work/mantil/node/terraform/terraform.go:170: TF: so that Terraform can guarantee to make the same selections by default when
2021/12/09 12:37:49.627915 github.com/mantil-io/mantil/cli/ui/ui.go:152: /Users/daniel/work/mantil/node/terraform/terraform.go:170: TF: you run "terraform init" in the future.
2021/12/09 12:37:49.627943 github.com/mantil-io/mantil/cli/ui/ui.go:152: /Users/daniel/work/mantil/node/terraform/terraform.go:170: TF: Warning: Experimental feature "module_variable_optional_attrs" is active
2021/12/09 12:37:49.627969 github.com/mantil-io/mantil/cli/ui/ui.go:152: /Users/daniel/work/mantil/node/terraform/terraform.go:170: TF:   on ../../modules/api/main.tf line 2, in terraform:
2021/12/09 12:37:49.627990 github.com/mantil-io/mantil/cli/ui/ui.go:152: /Users/daniel/work/mantil/node/terraform/terraform.go:170: TF:    2:   experiments = [module_variable_optional_attrs]
2021/12/09 12:37:49.628023 github.com/mantil-io/mantil/cli/ui/ui.go:152: /Users/daniel/work/mantil/node/terraform/terraform.go:170: TF: Experimental features are subject to breaking changes in future minor or
2021/12/09 12:37:49.628052 github.com/mantil-io/mantil/cli/ui/ui.go:152: /Users/daniel/work/mantil/node/terraform/terraform.go:170: TF: patch releases, based on feedback.
2021/12/09 12:37:49.628082 github.com/mantil-io/mantil/cli/ui/ui.go:152: /Users/daniel/work/mantil/node/terraform/terraform.go:170: TF: If you have feedback on the design of this feature, please open a GitHub
2021/12/09 12:37:49.628108 github.com/mantil-io/mantil/cli/ui/ui.go:152: /Users/daniel/work/mantil/node/terraform/terraform.go:170: TF: issue to discuss it.
2021/12/09 12:37:49.628129 github.com/mantil-io/mantil/cli/ui/ui.go:152: /Users/daniel/work/mantil/node/terraform/terraform.go:170: TF: (and one more similar warning elsewhere)
2021/12/09 12:37:49.628156 github.com/mantil-io/mantil/cli/ui/ui.go:152: /Users/daniel/work/mantil/node/terraform/terraform.go:170: TF: Terraform has been successfully initialized!
2021/12/09 12:37:49.628176 github.com/mantil-io/mantil/cli/ui/ui.go:152: /Users/daniel/work/mantil/node/terraform/terraform.go:170: TF: >> terraform apply -no-color -input=false -compact-warnings -auto-approve
2021/12/09 12:37:53.723676 github.com/mantil-io/mantil/cli/ui/ui.go:152: /Users/daniel/work/mantil/node/terraform/terraform.go:170: TF: Terraform used the selected providers to generate the following execution
2021/12/09 12:37:53.724644 github.com/mantil-io/mantil/cli/ui/ui.go:152: /Users/daniel/work/mantil/node/terraform/terraform.go:170: TF: plan. Resource actions are indicated with the following symbols:
2021/12/09 12:37:53.724699 github.com/mantil-io/mantil/cli/ui/ui.go:152: /Users/daniel/work/mantil/node/terraform/terraform.go:170: TF:   + create
2021/12/09 12:37:53.724732 github.com/mantil-io/mantil/cli/ui/ui.go:152: /Users/daniel/work/mantil/node/terraform/terraform.go:170: TF:  <= read (data resources)
2021/12/09 12:37:53.724763 github.com/mantil-io/mantil/cli/ui/ui.go:152: /Users/daniel/work/mantil/node/terraform/terraform.go:170: TF: Terraform will perform the following actions:
2021/12/09 12:37:53.724790 github.com/mantil-io/mantil/cli/ui/ui.go:152: /Users/daniel/work/mantil/node/terraform/terraform.go:170: TF:   # module.functions.aws_cloudwatch_log_group.functions_log_groups["ping"] will be created
2021/12/09 12:37:53.724816 github.com/mantil-io/mantil/cli/ui/ui.go:152: /Users/daniel/work/mantil/node/terraform/terraform.go:170: TF:   + resource "aws_cloudwatch_log_group" "functions_log_groups" {
2021/12/09 12:37:53.724837 github.com/mantil-io/mantil/cli/ui/ui.go:152: /Users/daniel/work/mantil/node/terraform/terraform.go:170: TF:       + arn               = (known after apply)
2021/12/09 12:37:53.724856 github.com/mantil-io/mantil/cli/ui/ui.go:152: /Users/daniel/work/mantil/node/terraform/terraform.go:170: TF:       + id                = (known after apply)
2021/12/09 12:37:53.724884 github.com/mantil-io/mantil/cli/ui/ui.go:152: /Users/daniel/work/mantil/node/terraform/terraform.go:170: TF:       + name              = "/aws/lambda/project-dev-ping-aef7a9da"
2021/12/09 12:37:53.724907 github.com/mantil-io/mantil/cli/ui/ui.go:152: /Users/daniel/work/mantil/node/terraform/terraform.go:170: TF:       + retention_in_days = 14
2021/12/09 12:37:53.724925 github.com/mantil-io/mantil/cli/ui/ui.go:152: /Users/daniel/work/mantil/node/terraform/terraform.go:170: TF:       + tags_all          = {
2021/12/09 12:37:53.724948 github.com/mantil-io/mantil/cli/ui/ui.go:152: /Users/daniel/work/mantil/node/terraform/terraform.go:170: TF:           + "MANTIL_KEY"       = "aef7a9da"
2021/12/09 12:37:53.724970 github.com/mantil-io/mantil/cli/ui/ui.go:152: /Users/daniel/work/mantil/node/terraform/terraform.go:170: TF:           + "MANTIL_PROJECT"   = "project"
2021/12/09 12:37:53.724989 github.com/mantil-io/mantil/cli/ui/ui.go:152: /Users/daniel/work/mantil/node/terraform/terraform.go:170: TF:           + "MANTIL_STAGE"     = "dev"
2021/12/09 12:37:53.725010 github.com/mantil-io/mantil/cli/ui/ui.go:152: /Users/daniel/work/mantil/node/terraform/terraform.go:170: TF:           + "MANTIL_WORKSPACE" = "7enoj5N5Qo-2eSpBHVTBeA"
2021/12/09 12:37:53.725033 github.com/mantil-io/mantil/cli/ui/ui.go:152: /Users/daniel/work/mantil/node/terraform/terraform.go:170: TF:         }
2021/12/09 12:37:53.725051 github.com/mantil-io/mantil/cli/ui/ui.go:152: /Users/daniel/work/mantil/node/terraform/terraform.go:170: TF:     }
2021/12/09 12:37:53.725070 github.com/mantil-io/mantil/cli/ui/ui.go:152: /Users/daniel/work/mantil/node/terraform/terraform.go:170: TF:   # module.functions.aws_iam_role.lambda["ping"] will be created
2021/12/09 12:37:53.725089 github.com/mantil-io/mantil/cli/ui/ui.go:152: /Users/daniel/work/mantil/node/terraform/terraform.go:170: TF:   + resource "aws_iam_role" "lambda" {
2021/12/09 12:37:53.725109 github.com/mantil-io/mantil/cli/ui/ui.go:152: /Users/daniel/work/mantil/node/terraform/terraform.go:170: TF:       + arn                   = (known after apply)
2021/12/09 12:37:53.725128 github.com/mantil-io/mantil/cli/ui/ui.go:152: /Users/daniel/work/mantil/node/terraform/terraform.go:170: TF:       + assume_role_policy    = jsonencode(
2021/12/09 12:37:53.725149 github.com/mantil-io/mantil/cli/ui/ui.go:152: /Users/daniel/work/mantil/node/terraform/terraform.go:170: TF:             {
2021/12/09 12:37:53.725167 github.com/mantil-io/mantil/cli/ui/ui.go:152: /Users/daniel/work/mantil/node/terraform/terraform.go:170: TF:               + Statement = [
2021/12/09 12:37:53.725186 github.com/mantil-io/mantil/cli/ui/ui.go:152: /Users/daniel/work/mantil/node/terraform/terraform.go:170: TF:                   + {
2021/12/09 12:37:53.725205 github.com/mantil-io/mantil/cli/ui/ui.go:152: /Users/daniel/work/mantil/node/terraform/terraform.go:170: TF:                       + Action    = "sts:AssumeRole"
2021/12/09 12:37:53.725223 github.com/mantil-io/mantil/cli/ui/ui.go:152: /Users/daniel/work/mantil/node/terraform/terraform.go:170: TF:                       + Effect    = "Allow"
2021/12/09 12:37:53.725244 github.com/mantil-io/mantil/cli/ui/ui.go:152: /Users/daniel/work/mantil/node/terraform/terraform.go:170: TF:                       + Principal = {
2021/12/09 12:37:53.725267 github.com/mantil-io/mantil/cli/ui/ui.go:152: /Users/daniel/work/mantil/node/terraform/terraform.go:170: TF:                           + Service = "lambda.amazonaws.com"
2021/12/09 12:37:53.725288 github.com/mantil-io/mantil/cli/ui/ui.go:152: /Users/daniel/work/mantil/node/terraform/terraform.go:170: TF:                         }
2021/12/09 12:37:53.725306 github.com/mantil-io/mantil/cli/ui/ui.go:152: /Users/daniel/work/mantil/node/terraform/terraform.go:170: TF:                     },
2021/12/09 12:37:53.725324 github.com/mantil-io/mantil/cli/ui/ui.go:152: /Users/daniel/work/mantil/node/terraform/terraform.go:170: TF:                 ]
2021/12/09 12:37:53.725345 github.com/mantil-io/mantil/cli/ui/ui.go:152: /Users/daniel/work/mantil/node/terraform/terraform.go:170: TF:               + Version   = "2012-10-17"
2021/12/09 12:37:53.725363 github.com/mantil-io/mantil/cli/ui/ui.go:152: /Users/daniel/work/mantil/node/terraform/terraform.go:170: TF:             }
2021/12/09 12:37:53.725382 github.com/mantil-io/mantil/cli/ui/ui.go:152: /Users/daniel/work/mantil/node/terraform/terraform.go:170: TF:         )
2021/12/09 12:37:53.725407 github.com/mantil-io/mantil/cli/ui/ui.go:152: /Users/daniel/work/mantil/node/terraform/terraform.go:170: TF:       + create_date           = (known after apply)
2021/12/09 12:37:53.725425 github.com/mantil-io/mantil/cli/ui/ui.go:152: /Users/daniel/work/mantil/node/terraform/terraform.go:170: TF:       + force_detach_policies = false
2021/12/09 12:37:53.725459 github.com/mantil-io/mantil/cli/ui/ui.go:152: /Users/daniel/work/mantil/node/terraform/terraform.go:170: TF:       + id                    = (known after apply)
2021/12/09 12:37:53.725477 github.com/mantil-io/mantil/cli/ui/ui.go:152: /Users/daniel/work/mantil/node/terraform/terraform.go:170: TF:       + managed_policy_arns   = (known after apply)
2021/12/09 12:37:53.725496 github.com/mantil-io/mantil/cli/ui/ui.go:152: /Users/daniel/work/mantil/node/terraform/terraform.go:170: TF:       + max_session_duration  = 3600
2021/12/09 12:37:53.725515 github.com/mantil-io/mantil/cli/ui/ui.go:152: /Users/daniel/work/mantil/node/terraform/terraform.go:170: TF:       + name                  = "project-dev-ping-aef7a9da"
2021/12/09 12:37:53.725533 github.com/mantil-io/mantil/cli/ui/ui.go:152: /Users/daniel/work/mantil/node/terraform/terraform.go:170: TF:       + name_prefix           = (known after apply)
2021/12/09 12:37:53.725551 github.com/mantil-io/mantil/cli/ui/ui.go:152: /Users/daniel/work/mantil/node/terraform/terraform.go:170: TF:       + path                  = "/"
2021/12/09 12:37:53.725569 github.com/mantil-io/mantil/cli/ui/ui.go:152: /Users/daniel/work/mantil/node/terraform/terraform.go:170: TF:       + tags_all              = {
2021/12/09 12:37:53.749669 github.com/mantil-io/mantil/cli/ui/ui.go:152: /Users/daniel/work/mantil/node/terraform/terraform.go:170: TF:           + "MANTIL_KEY"       = "aef7a9da"
2021/12/09 12:37:53.749760 github.com/mantil-io/mantil/cli/ui/ui.go:152: /Users/daniel/work/mantil/node/terraform/terraform.go:170: TF:           + "MANTIL_PROJECT"   = "project"
2021/12/09 12:37:53.749790 github.com/mantil-io/mantil/cli/ui/ui.go:152: /Users/daniel/work/mantil/node/terraform/terraform.go:170: TF:           + "MANTIL_STAGE"     = "dev"
2021/12/09 12:37:53.749832 github.com/mantil-io/mantil/cli/ui/ui.go:152: /Users/daniel/work/mantil/node/terraform/terraform.go:170: TF:           + "MANTIL_WORKSPACE" = "7enoj5N5Qo-2eSpBHVTBeA"
2021/12/09 12:37:53.749876 github.com/mantil-io/mantil/cli/ui/ui.go:152: /Users/daniel/work/mantil/node/terraform/terraform.go:170: TF:         }
2021/12/09 12:37:53.749906 github.com/mantil-io/mantil/cli/ui/ui.go:152: /Users/daniel/work/mantil/node/terraform/terraform.go:170: TF:       + unique_id             = (known after apply)
2021/12/09 12:37:53.749937 github.com/mantil-io/mantil/cli/ui/ui.go:152: /Users/daniel/work/mantil/node/terraform/terraform.go:170: TF:       + inline_policy {
2021/12/09 12:37:53.749965 github.com/mantil-io/mantil/cli/ui/ui.go:152: /Users/daniel/work/mantil/node/terraform/terraform.go:170: TF:           + name   = (known after apply)
2021/12/09 12:37:53.749996 github.com/mantil-io/mantil/cli/ui/ui.go:152: /Users/daniel/work/mantil/node/terraform/terraform.go:170: TF:           + policy = (known after apply)
2021/12/09 12:37:53.750020 github.com/mantil-io/mantil/cli/ui/ui.go:152: /Users/daniel/work/mantil/node/terraform/terraform.go:170: TF:         }
2021/12/09 12:37:53.750044 github.com/mantil-io/mantil/cli/ui/ui.go:152: /Users/daniel/work/mantil/node/terraform/terraform.go:170: TF:     }
2021/12/09 12:37:53.750070 github.com/mantil-io/mantil/cli/ui/ui.go:152: /Users/daniel/work/mantil/node/terraform/terraform.go:170: TF:   # module.functions.aws_iam_role_policy.lambda["ping"] will be created
2021/12/09 12:37:53.750133 github.com/mantil-io/mantil/cli/ui/ui.go:152: /Users/daniel/work/mantil/node/terraform/terraform.go:170: TF:   + resource "aws_iam_role_policy" "lambda" {
2021/12/09 12:37:53.750185 github.com/mantil-io/mantil/cli/ui/ui.go:152: /Users/daniel/work/mantil/node/terraform/terraform.go:170: TF:       + id     = (known after apply)
2021/12/09 12:37:53.750214 github.com/mantil-io/mantil/cli/ui/ui.go:152: /Users/daniel/work/mantil/node/terraform/terraform.go:170: TF:       + name   = "project-dev-ping-aef7a9da"
2021/12/09 12:37:53.750242 github.com/mantil-io/mantil/cli/ui/ui.go:152: /Users/daniel/work/mantil/node/terraform/terraform.go:170: TF:       + policy = jsonencode(
2021/12/09 12:37:53.750317 github.com/mantil-io/mantil/cli/ui/ui.go:152: /Users/daniel/work/mantil/node/terraform/terraform.go:170: TF:             {
2021/12/09 12:37:53.750363 github.com/mantil-io/mantil/cli/ui/ui.go:152: /Users/daniel/work/mantil/node/terraform/terraform.go:170: TF:               + Statement = [
2021/12/09 12:37:53.750403 github.com/mantil-io/mantil/cli/ui/ui.go:152: /Users/daniel/work/mantil/node/terraform/terraform.go:170: TF:                   + {
2021/12/09 12:37:53.750439 github.com/mantil-io/mantil/cli/ui/ui.go:152: /Users/daniel/work/mantil/node/terraform/terraform.go:170: TF:                       + Action   = "*"
2021/12/09 12:37:53.750466 github.com/mantil-io/mantil/cli/ui/ui.go:152: /Users/daniel/work/mantil/node/terraform/terraform.go:170: TF:                       + Effect   = "Allow"
2021/12/09 12:37:53.750493 github.com/mantil-io/mantil/cli/ui/ui.go:152: /Users/daniel/work/mantil/node/terraform/terraform.go:170: TF:                       + Resource = "*"
2021/12/09 12:37:53.750517 github.com/mantil-io/mantil/cli/ui/ui.go:152: /Users/daniel/work/mantil/node/terraform/terraform.go:170: TF:                     },
2021/12/09 12:37:53.750544 github.com/mantil-io/mantil/cli/ui/ui.go:152: /Users/daniel/work/mantil/node/terraform/terraform.go:170: TF:                 ]
2021/12/09 12:37:53.750571 github.com/mantil-io/mantil/cli/ui/ui.go:152: /Users/daniel/work/mantil/node/terraform/terraform.go:170: TF:               + Version   = "2012-10-17"
2021/12/09 12:37:53.750601 github.com/mantil-io/mantil/cli/ui/ui.go:152: /Users/daniel/work/mantil/node/terraform/terraform.go:170: TF:             }
2021/12/09 12:37:53.750634 github.com/mantil-io/mantil/cli/ui/ui.go:152: /Users/daniel/work/mantil/node/terraform/terraform.go:170: TF:         )
2021/12/09 12:37:53.750667 github.com/mantil-io/mantil/cli/ui/ui.go:152: /Users/daniel/work/mantil/node/terraform/terraform.go:170: TF:       + role   = (known after apply)
2021/12/09 12:37:53.750693 github.com/mantil-io/mantil/cli/ui/ui.go:152: /Users/daniel/work/mantil/node/terraform/terraform.go:170: TF:     }
2021/12/09 12:37:53.750723 github.com/mantil-io/mantil/cli/ui/ui.go:152: /Users/daniel/work/mantil/node/terraform/terraform.go:170: TF:   # module.functions.aws_lambda_function.functions["ping"] will be created
2021/12/09 12:37:53.750761 github.com/mantil-io/mantil/cli/ui/ui.go:152: /Users/daniel/work/mantil/node/terraform/terraform.go:170: TF:   + resource "aws_lambda_function" "functions" {
2021/12/09 12:37:53.750792 github.com/mantil-io/mantil/cli/ui/ui.go:152: /Users/daniel/work/mantil/node/terraform/terraform.go:170: TF:       + architectures                  = [
2021/12/09 12:37:53.750819 github.com/mantil-io/mantil/cli/ui/ui.go:152: /Users/daniel/work/mantil/node/terraform/terraform.go:170: TF:           + "arm64",
2021/12/09 12:37:53.750850 github.com/mantil-io/mantil/cli/ui/ui.go:152: /Users/daniel/work/mantil/node/terraform/terraform.go:170: TF:         ]
2021/12/09 12:37:53.750875 github.com/mantil-io/mantil/cli/ui/ui.go:152: /Users/daniel/work/mantil/node/terraform/terraform.go:170: TF:       + arn                            = (known after apply)
2021/12/09 12:37:53.750900 github.com/mantil-io/mantil/cli/ui/ui.go:152: /Users/daniel/work/mantil/node/terraform/terraform.go:170: TF:       + function_name                  = "project-dev-ping-aef7a9da"
2021/12/09 12:37:53.750928 github.com/mantil-io/mantil/cli/ui/ui.go:152: /Users/daniel/work/mantil/node/terraform/terraform.go:170: TF:       + handler                        = "bootstrap"
2021/12/09 12:37:53.750953 github.com/mantil-io/mantil/cli/ui/ui.go:152: /Users/daniel/work/mantil/node/terraform/terraform.go:170: TF:       + id                             = (known after apply)
2021/12/09 12:37:53.750976 github.com/mantil-io/mantil/cli/ui/ui.go:152: /Users/daniel/work/mantil/node/terraform/terraform.go:170: TF:       + invoke_arn                     = (known after apply)
2021/12/09 12:37:53.751000 github.com/mantil-io/mantil/cli/ui/ui.go:152: /Users/daniel/work/mantil/node/terraform/terraform.go:170: TF:       + last_modified                  = (known after apply)
2021/12/09 12:37:53.751025 github.com/mantil-io/mantil/cli/ui/ui.go:152: /Users/daniel/work/mantil/node/terraform/terraform.go:170: TF:       + layers                         = []
2021/12/09 12:37:53.751052 github.com/mantil-io/mantil/cli/ui/ui.go:152: /Users/daniel/work/mantil/node/terraform/terraform.go:170: TF:       + memory_size                    = 128
2021/12/09 12:37:53.751084 github.com/mantil-io/mantil/cli/ui/ui.go:152: /Users/daniel/work/mantil/node/terraform/terraform.go:170: TF:       + package_type                   = "Zip"
2021/12/09 12:37:53.751108 github.com/mantil-io/mantil/cli/ui/ui.go:152: /Users/daniel/work/mantil/node/terraform/terraform.go:170: TF:       + publish                        = false
2021/12/09 12:37:53.751140 github.com/mantil-io/mantil/cli/ui/ui.go:152: /Users/daniel/work/mantil/node/terraform/terraform.go:170: TF:       + qualified_arn                  = (known after apply)
2021/12/09 12:37:53.751169 github.com/mantil-io/mantil/cli/ui/ui.go:152: /Users/daniel/work/mantil/node/terraform/terraform.go:170: TF:       + reserved_concurrent_executions = -1
2021/12/09 12:37:53.751194 github.com/mantil-io/mantil/cli/ui/ui.go:152: /Users/daniel/work/mantil/node/terraform/terraform.go:170: TF:       + role                           = (known after apply)
2021/12/09 12:37:53.751217 github.com/mantil-io/mantil/cli/ui/ui.go:152: /Users/daniel/work/mantil/node/terraform/terraform.go:170: TF:       + runtime                        = "provided.al2"
2021/12/09 12:37:53.751241 github.com/mantil-io/mantil/cli/ui/ui.go:152: /Users/daniel/work/mantil/node/terraform/terraform.go:170: TF:       + s3_bucket                      = "mantil-aef7a9da"
2021/12/09 12:37:53.751265 github.com/mantil-io/mantil/cli/ui/ui.go:152: /Users/daniel/work/mantil/node/terraform/terraform.go:170: TF:       + s3_key                         = "functions/project/dev/ping-f98f9cc8.zip"
2021/12/09 12:37:53.751295 github.com/mantil-io/mantil/cli/ui/ui.go:152: /Users/daniel/work/mantil/node/terraform/terraform.go:170: TF:       + signing_job_arn                = (known after apply)
2021/12/09 12:37:53.751320 github.com/mantil-io/mantil/cli/ui/ui.go:152: /Users/daniel/work/mantil/node/terraform/terraform.go:170: TF:       + signing_profile_version_arn    = (known after apply)
2021/12/09 12:37:53.751343 github.com/mantil-io/mantil/cli/ui/ui.go:152: /Users/daniel/work/mantil/node/terraform/terraform.go:170: TF:       + source_code_hash               = (known after apply)
2021/12/09 12:37:53.751367 github.com/mantil-io/mantil/cli/ui/ui.go:152: /Users/daniel/work/mantil/node/terraform/terraform.go:170: TF:       + source_code_size               = (known after apply)
2021/12/09 12:37:53.751427 github.com/mantil-io/mantil/cli/ui/ui.go:152: /Users/daniel/work/mantil/node/terraform/terraform.go:170: TF:       + tags_all                       = {
2021/12/09 12:37:53.751468 github.com/mantil-io/mantil/cli/ui/ui.go:152: /Users/daniel/work/mantil/node/terraform/terraform.go:170: TF:           + "MANTIL_KEY"       = "aef7a9da"
2021/12/09 12:37:53.751496 github.com/mantil-io/mantil/cli/ui/ui.go:152: /Users/daniel/work/mantil/node/terraform/terraform.go:170: TF:           + "MANTIL_PROJECT"   = "project"
2021/12/09 12:37:53.751524 github.com/mantil-io/mantil/cli/ui/ui.go:152: /Users/daniel/work/mantil/node/terraform/terraform.go:170: TF:           + "MANTIL_STAGE"     = "dev"
2021/12/09 12:37:53.751550 github.com/mantil-io/mantil/cli/ui/ui.go:152: /Users/daniel/work/mantil/node/terraform/terraform.go:170: TF:           + "MANTIL_WORKSPACE" = "7enoj5N5Qo-2eSpBHVTBeA"
2021/12/09 12:37:53.751582 github.com/mantil-io/mantil/cli/ui/ui.go:152: /Users/daniel/work/mantil/node/terraform/terraform.go:170: TF:         }
2021/12/09 12:37:53.751607 github.com/mantil-io/mantil/cli/ui/ui.go:152: /Users/daniel/work/mantil/node/terraform/terraform.go:170: TF:       + timeout                        = 900
2021/12/09 12:37:53.751635 github.com/mantil-io/mantil/cli/ui/ui.go:152: /Users/daniel/work/mantil/node/terraform/terraform.go:170: TF:       + version                        = (known after apply)
2021/12/09 12:37:53.751669 github.com/mantil-io/mantil/cli/ui/ui.go:152: /Users/daniel/work/mantil/node/terraform/terraform.go:170: TF:       + environment {
2021/12/09 12:37:53.751694 github.com/mantil-io/mantil/cli/ui/ui.go:152: /Users/daniel/work/mantil/node/terraform/terraform.go:170: TF:           + variables = {
2021/12/09 12:37:53.751725 github.com/mantil-io/mantil/cli/ui/ui.go:152: /Users/daniel/work/mantil/node/terraform/terraform.go:170: TF:               + "MANTIL_GO_CONFIG" = "eyJSZXNvdXJjZVRhZ3MiOnsiTUFOVElMX0tFWSI6ImFlZjdhOWRhIiwiTUFOVElMX1BST0pFQ1QiOiJwcm9qZWN0IiwiTUFOVElMX1NUQUdFIjoiZGV2IiwiTUFOVElMX1dPUktTUEFDRSI6Ijdlbm9qNU41UW8tMmVTcEJIVlRCZUEifSwiV3NGb3J3YXJkZXJOYW1lIjoibWFudGlsLXByb2plY3QtZGV2LXdzLWZvcndhcmRlci1hZWY3YTlkYSIsIk5hbWluZ1RlbXBsYXRlIjoicHJvamVjdC1kZXYtJXMtYWVmN2E5ZGEifQ=="
2021/12/09 12:37:53.751790 github.com/mantil-io/mantil/cli/ui/ui.go:152: /Users/daniel/work/mantil/node/terraform/terraform.go:170: TF:               + "MANTIL_KEY"       = "aef7a9da"
2021/12/09 12:37:53.751819 github.com/mantil-io/mantil/cli/ui/ui.go:152: /Users/daniel/work/mantil/node/terraform/terraform.go:170: TF:               + "MANTIL_PROJECT"   = "project"
2021/12/09 12:37:53.751854 github.com/mantil-io/mantil/cli/ui/ui.go:152: /Users/daniel/work/mantil/node/terraform/terraform.go:170: TF:               + "MANTIL_STAGE"     = "dev"
2021/12/09 12:37:53.751894 github.com/mantil-io/mantil/cli/ui/ui.go:152: /Users/daniel/work/mantil/node/terraform/terraform.go:170: TF:             }
2021/12/09 12:37:53.751921 github.com/mantil-io/mantil/cli/ui/ui.go:152: /Users/daniel/work/mantil/node/terraform/terraform.go:170: TF:         }
2021/12/09 12:37:53.751972 github.com/mantil-io/mantil/cli/ui/ui.go:152: /Users/daniel/work/mantil/node/terraform/terraform.go:170: TF:       + tracing_config {
2021/12/09 12:37:53.752000 github.com/mantil-io/mantil/cli/ui/ui.go:152: /Users/daniel/work/mantil/node/terraform/terraform.go:170: TF:           + mode = (known after apply)
2021/12/09 12:37:53.752029 github.com/mantil-io/mantil/cli/ui/ui.go:152: /Users/daniel/work/mantil/node/terraform/terraform.go:170: TF:         }
2021/12/09 12:37:53.752054 github.com/mantil-io/mantil/cli/ui/ui.go:152: /Users/daniel/work/mantil/node/terraform/terraform.go:170: TF:     }
2021/12/09 12:37:53.752083 github.com/mantil-io/mantil/cli/ui/ui.go:152: /Users/daniel/work/mantil/node/terraform/terraform.go:170: TF:   # module.api.module.http_api.aws_apigatewayv2_api.http will be created
2021/12/09 12:37:53.752110 github.com/mantil-io/mantil/cli/ui/ui.go:152: /Users/daniel/work/mantil/node/terraform/terraform.go:170: TF:   + resource "aws_apigatewayv2_api" "http" {
2021/12/09 12:37:53.752136 github.com/mantil-io/mantil/cli/ui/ui.go:152: /Users/daniel/work/mantil/node/terraform/terraform.go:170: TF:       + api_endpoint                 = (known after apply)
2021/12/09 12:37:53.752164 github.com/mantil-io/mantil/cli/ui/ui.go:152: /Users/daniel/work/mantil/node/terraform/terraform.go:170: TF:       + api_key_selection_expression = "$request.header.x-api-key"
2021/12/09 12:37:53.752191 github.com/mantil-io/mantil/cli/ui/ui.go:152: /Users/daniel/work/mantil/node/terraform/terraform.go:170: TF:       + arn                          = (known after apply)
2021/12/09 12:37:53.752216 github.com/mantil-io/mantil/cli/ui/ui.go:152: /Users/daniel/work/mantil/node/terraform/terraform.go:170: TF:       + execution_arn                = (known after apply)
2021/12/09 12:37:53.752244 github.com/mantil-io/mantil/cli/ui/ui.go:152: /Users/daniel/work/mantil/node/terraform/terraform.go:170: TF:       + id                           = (known after apply)
2021/12/09 12:37:53.752285 github.com/mantil-io/mantil/cli/ui/ui.go:152: /Users/daniel/work/mantil/node/terraform/terraform.go:170: TF:       + name                         = "project-dev-http-aef7a9da"
2021/12/09 12:37:53.752319 github.com/mantil-io/mantil/cli/ui/ui.go:152: /Users/daniel/work/mantil/node/terraform/terraform.go:170: TF:       + protocol_type                = "HTTP"
2021/12/09 12:37:53.752344 github.com/mantil-io/mantil/cli/ui/ui.go:152: /Users/daniel/work/mantil/node/terraform/terraform.go:170: TF:       + route_selection_expression   = "$request.method $request.path"
2021/12/09 12:37:53.752363 github.com/mantil-io/mantil/cli/ui/ui.go:152: /Users/daniel/work/mantil/node/terraform/terraform.go:170: TF:       + tags_all                     = {
2021/12/09 12:37:53.752382 github.com/mantil-io/mantil/cli/ui/ui.go:152: /Users/daniel/work/mantil/node/terraform/terraform.go:170: TF:           + "MANTIL_KEY"       = "aef7a9da"
2021/12/09 12:37:53.752407 github.com/mantil-io/mantil/cli/ui/ui.go:152: /Users/daniel/work/mantil/node/terraform/terraform.go:170: TF:           + "MANTIL_PROJECT"   = "project"
2021/12/09 12:37:53.752431 github.com/mantil-io/mantil/cli/ui/ui.go:152: /Users/daniel/work/mantil/node/terraform/terraform.go:170: TF:           + "MANTIL_STAGE"     = "dev"
2021/12/09 12:37:53.752452 github.com/mantil-io/mantil/cli/ui/ui.go:152: /Users/daniel/work/mantil/node/terraform/terraform.go:170: TF:           + "MANTIL_WORKSPACE" = "7enoj5N5Qo-2eSpBHVTBeA"
2021/12/09 12:37:53.752475 github.com/mantil-io/mantil/cli/ui/ui.go:152: /Users/daniel/work/mantil/node/terraform/terraform.go:170: TF:         }
2021/12/09 12:37:53.752495 github.com/mantil-io/mantil/cli/ui/ui.go:152: /Users/daniel/work/mantil/node/terraform/terraform.go:170: TF:       + cors_configuration {
2021/12/09 12:37:53.752514 github.com/mantil-io/mantil/cli/ui/ui.go:152: /Users/daniel/work/mantil/node/terraform/terraform.go:170: TF:           + allow_origins = [
2021/12/09 12:37:53.752533 github.com/mantil-io/mantil/cli/ui/ui.go:152: /Users/daniel/work/mantil/node/terraform/terraform.go:170: TF:               + "*",
2021/12/09 12:37:53.752551 github.com/mantil-io/mantil/cli/ui/ui.go:152: /Users/daniel/work/mantil/node/terraform/terraform.go:170: TF:             ]
2021/12/09 12:37:53.752575 github.com/mantil-io/mantil/cli/ui/ui.go:152: /Users/daniel/work/mantil/node/terraform/terraform.go:170: TF:         }
2021/12/09 12:37:53.752594 github.com/mantil-io/mantil/cli/ui/ui.go:152: /Users/daniel/work/mantil/node/terraform/terraform.go:170: TF:     }
2021/12/09 12:37:53.752614 github.com/mantil-io/mantil/cli/ui/ui.go:152: /Users/daniel/work/mantil/node/terraform/terraform.go:170: TF:   # module.api.module.http_api.aws_apigatewayv2_deployment.http will be created
2021/12/09 12:37:53.752632 github.com/mantil-io/mantil/cli/ui/ui.go:152: /Users/daniel/work/mantil/node/terraform/terraform.go:170: TF:   + resource "aws_apigatewayv2_deployment" "http" {
2021/12/09 12:37:53.752652 github.com/mantil-io/mantil/cli/ui/ui.go:152: /Users/daniel/work/mantil/node/terraform/terraform.go:170: TF:       + api_id        = (known after apply)
2021/12/09 12:37:53.752671 github.com/mantil-io/mantil/cli/ui/ui.go:152: /Users/daniel/work/mantil/node/terraform/terraform.go:170: TF:       + auto_deployed = (known after apply)
2021/12/09 12:37:53.752689 github.com/mantil-io/mantil/cli/ui/ui.go:152: /Users/daniel/work/mantil/node/terraform/terraform.go:170: TF:       + id            = (known after apply)
2021/12/09 12:37:53.752707 github.com/mantil-io/mantil/cli/ui/ui.go:152: /Users/daniel/work/mantil/node/terraform/terraform.go:170: TF:       + triggers      = (known after apply)
2021/12/09 12:37:53.752728 github.com/mantil-io/mantil/cli/ui/ui.go:152: /Users/daniel/work/mantil/node/terraform/terraform.go:170: TF:     }
2021/12/09 12:37:53.752754 github.com/mantil-io/mantil/cli/ui/ui.go:152: /Users/daniel/work/mantil/node/terraform/terraform.go:170: TF:   # module.api.module.http_api.aws_apigatewayv2_integration.http["/ping"] will be created
2021/12/09 12:37:53.752783 github.com/mantil-io/mantil/cli/ui/ui.go:152: /Users/daniel/work/mantil/node/terraform/terraform.go:170: TF:   + resource "aws_apigatewayv2_integration" "http" {
2021/12/09 12:37:53.752805 github.com/mantil-io/mantil/cli/ui/ui.go:152: /Users/daniel/work/mantil/node/terraform/terraform.go:170: TF:       + api_id                                    = (known after apply)
2021/12/09 12:37:53.752825 github.com/mantil-io/mantil/cli/ui/ui.go:152: /Users/daniel/work/mantil/node/terraform/terraform.go:170: TF:       + connection_type                           = "INTERNET"
2021/12/09 12:37:53.752844 github.com/mantil-io/mantil/cli/ui/ui.go:152: /Users/daniel/work/mantil/node/terraform/terraform.go:170: TF:       + id                                        = (known after apply)
2021/12/09 12:37:53.752863 github.com/mantil-io/mantil/cli/ui/ui.go:152: /Users/daniel/work/mantil/node/terraform/terraform.go:170: TF:       + integration_method                        = "POST"
2021/12/09 12:37:53.752882 github.com/mantil-io/mantil/cli/ui/ui.go:152: /Users/daniel/work/mantil/node/terraform/terraform.go:170: TF:       + integration_response_selection_expression = (known after apply)
2021/12/09 12:37:53.752901 github.com/mantil-io/mantil/cli/ui/ui.go:152: /Users/daniel/work/mantil/node/terraform/terraform.go:170: TF:       + integration_type                          = "AWS_PROXY"
2021/12/09 12:37:53.752919 github.com/mantil-io/mantil/cli/ui/ui.go:152: /Users/daniel/work/mantil/node/terraform/terraform.go:170: TF:       + integration_uri                           = (known after apply)
2021/12/09 12:37:53.752940 github.com/mantil-io/mantil/cli/ui/ui.go:152: /Users/daniel/work/mantil/node/terraform/terraform.go:170: TF:       + payload_format_version                    = "1.0"
2021/12/09 12:37:53.752959 github.com/mantil-io/mantil/cli/ui/ui.go:152: /Users/daniel/work/mantil/node/terraform/terraform.go:170: TF:       + timeout_milliseconds                      = (known after apply)
2021/12/09 12:37:53.752978 github.com/mantil-io/mantil/cli/ui/ui.go:152: /Users/daniel/work/mantil/node/terraform/terraform.go:170: TF:     }
2021/12/09 12:37:53.752999 github.com/mantil-io/mantil/cli/ui/ui.go:152: /Users/daniel/work/mantil/node/terraform/terraform.go:170: TF:   # module.api.module.http_api.aws_apigatewayv2_integration.http_default will be created
2021/12/09 12:37:53.753019 github.com/mantil-io/mantil/cli/ui/ui.go:152: /Users/daniel/work/mantil/node/terraform/terraform.go:170: TF:   + resource "aws_apigatewayv2_integration" "http_default" {
2021/12/09 12:37:53.753039 github.com/mantil-io/mantil/cli/ui/ui.go:152: /Users/daniel/work/mantil/node/terraform/terraform.go:170: TF:       + api_id                                    = (known after apply)
2021/12/09 12:37:53.753057 github.com/mantil-io/mantil/cli/ui/ui.go:152: /Users/daniel/work/mantil/node/terraform/terraform.go:170: TF:       + connection_type                           = "INTERNET"
2021/12/09 12:37:53.753076 github.com/mantil-io/mantil/cli/ui/ui.go:152: /Users/daniel/work/mantil/node/terraform/terraform.go:170: TF:       + id                                        = (known after apply)
2021/12/09 12:37:53.753095 github.com/mantil-io/mantil/cli/ui/ui.go:152: /Users/daniel/work/mantil/node/terraform/terraform.go:170: TF:       + integration_method                        = (known after apply)
2021/12/09 12:37:53.753113 github.com/mantil-io/mantil/cli/ui/ui.go:152: /Users/daniel/work/mantil/node/terraform/terraform.go:170: TF:       + integration_response_selection_expression = (known after apply)
2021/12/09 12:37:53.753135 github.com/mantil-io/mantil/cli/ui/ui.go:152: /Users/daniel/work/mantil/node/terraform/terraform.go:170: TF:       + integration_type                          = (known after apply)
2021/12/09 12:37:53.753155 github.com/mantil-io/mantil/cli/ui/ui.go:152: /Users/daniel/work/mantil/node/terraform/terraform.go:170: TF:       + integration_uri                           = (known after apply)
2021/12/09 12:37:53.753175 github.com/mantil-io/mantil/cli/ui/ui.go:152: /Users/daniel/work/mantil/node/terraform/terraform.go:170: TF:       + payload_format_version                    = "1.0"
2021/12/09 12:37:53.753193 github.com/mantil-io/mantil/cli/ui/ui.go:152: /Users/daniel/work/mantil/node/terraform/terraform.go:170: TF:       + timeout_milliseconds                      = (known after apply)
2021/12/09 12:37:53.753212 github.com/mantil-io/mantil/cli/ui/ui.go:152: /Users/daniel/work/mantil/node/terraform/terraform.go:170: TF:     }
2021/12/09 12:37:53.753230 github.com/mantil-io/mantil/cli/ui/ui.go:152: /Users/daniel/work/mantil/node/terraform/terraform.go:170: TF:   # module.api.module.http_api.aws_apigatewayv2_integration.http_default_proxy will be created
2021/12/09 12:37:53.753249 github.com/mantil-io/mantil/cli/ui/ui.go:152: /Users/daniel/work/mantil/node/terraform/terraform.go:170: TF:   + resource "aws_apigatewayv2_integration" "http_default_proxy" {
2021/12/09 12:37:53.753270 github.com/mantil-io/mantil/cli/ui/ui.go:152: /Users/daniel/work/mantil/node/terraform/terraform.go:170: TF:       + api_id                                    = (known after apply)
2021/12/09 12:37:53.753291 github.com/mantil-io/mantil/cli/ui/ui.go:152: /Users/daniel/work/mantil/node/terraform/terraform.go:170: TF:       + connection_type                           = "INTERNET"
2021/12/09 12:37:53.753312 github.com/mantil-io/mantil/cli/ui/ui.go:152: /Users/daniel/work/mantil/node/terraform/terraform.go:170: TF:       + id                                        = (known after apply)
2021/12/09 12:37:53.753331 github.com/mantil-io/mantil/cli/ui/ui.go:152: /Users/daniel/work/mantil/node/terraform/terraform.go:170: TF:       + integration_method                        = (known after apply)
2021/12/09 12:37:53.753349 github.com/mantil-io/mantil/cli/ui/ui.go:152: /Users/daniel/work/mantil/node/terraform/terraform.go:170: TF:       + integration_response_selection_expression = (known after apply)
2021/12/09 12:37:53.753368 github.com/mantil-io/mantil/cli/ui/ui.go:152: /Users/daniel/work/mantil/node/terraform/terraform.go:170: TF:       + integration_type                          = (known after apply)
2021/12/09 12:37:53.753386 github.com/mantil-io/mantil/cli/ui/ui.go:152: /Users/daniel/work/mantil/node/terraform/terraform.go:170: TF:       + integration_uri                           = (known after apply)
2021/12/09 12:37:53.753405 github.com/mantil-io/mantil/cli/ui/ui.go:152: /Users/daniel/work/mantil/node/terraform/terraform.go:170: TF:       + payload_format_version                    = "1.0"
2021/12/09 12:37:53.775353 github.com/mantil-io/mantil/cli/ui/ui.go:152: /Users/daniel/work/mantil/node/terraform/terraform.go:170: TF:       + request_parameters                        = {
2021/12/09 12:37:53.775464 github.com/mantil-io/mantil/cli/ui/ui.go:152: /Users/daniel/work/mantil/node/terraform/terraform.go:170: TF:           + "overwrite:path" = "$request.path.proxy"
2021/12/09 12:37:53.775497 github.com/mantil-io/mantil/cli/ui/ui.go:152: /Users/daniel/work/mantil/node/terraform/terraform.go:170: TF:         }
2021/12/09 12:37:53.775528 github.com/mantil-io/mantil/cli/ui/ui.go:152: /Users/daniel/work/mantil/node/terraform/terraform.go:170: TF:       + timeout_milliseconds                      = (known after apply)
2021/12/09 12:37:53.775553 github.com/mantil-io/mantil/cli/ui/ui.go:152: /Users/daniel/work/mantil/node/terraform/terraform.go:170: TF:     }
2021/12/09 12:37:53.775578 github.com/mantil-io/mantil/cli/ui/ui.go:152: /Users/daniel/work/mantil/node/terraform/terraform.go:170: TF:   # module.api.module.http_api.aws_apigatewayv2_integration.http_proxy["/ping"] will be created
2021/12/09 12:37:53.775607 github.com/mantil-io/mantil/cli/ui/ui.go:152: /Users/daniel/work/mantil/node/terraform/terraform.go:170: TF:   + resource "aws_apigatewayv2_integration" "http_proxy" {
2021/12/09 12:37:53.775632 github.com/mantil-io/mantil/cli/ui/ui.go:152: /Users/daniel/work/mantil/node/terraform/terraform.go:170: TF:       + api_id                                    = (known after apply)
2021/12/09 12:37:53.775656 github.com/mantil-io/mantil/cli/ui/ui.go:152: /Users/daniel/work/mantil/node/terraform/terraform.go:170: TF:       + connection_type                           = "INTERNET"
2021/12/09 12:37:53.775683 github.com/mantil-io/mantil/cli/ui/ui.go:152: /Users/daniel/work/mantil/node/terraform/terraform.go:170: TF:       + id                                        = (known after apply)
2021/12/09 12:37:53.775708 github.com/mantil-io/mantil/cli/ui/ui.go:152: /Users/daniel/work/mantil/node/terraform/terraform.go:170: TF:       + integration_method                        = "POST"
2021/12/09 12:37:53.775732 github.com/mantil-io/mantil/cli/ui/ui.go:152: /Users/daniel/work/mantil/node/terraform/terraform.go:170: TF:       + integration_response_selection_expression = (known after apply)
2021/12/09 12:37:53.775758 github.com/mantil-io/mantil/cli/ui/ui.go:152: /Users/daniel/work/mantil/node/terraform/terraform.go:170: TF:       + integration_type                          = "AWS_PROXY"
2021/12/09 12:37:53.775783 github.com/mantil-io/mantil/cli/ui/ui.go:152: /Users/daniel/work/mantil/node/terraform/terraform.go:170: TF:       + integration_uri                           = (known after apply)
2021/12/09 12:37:53.775807 github.com/mantil-io/mantil/cli/ui/ui.go:152: /Users/daniel/work/mantil/node/terraform/terraform.go:170: TF:       + payload_format_version                    = "1.0"
2021/12/09 12:37:53.775834 github.com/mantil-io/mantil/cli/ui/ui.go:152: /Users/daniel/work/mantil/node/terraform/terraform.go:170: TF:       + request_parameters                        = {
2021/12/09 12:37:53.775885 github.com/mantil-io/mantil/cli/ui/ui.go:152: /Users/daniel/work/mantil/node/terraform/terraform.go:170: TF:           + "overwrite:path" = "$request.path.proxy"
2021/12/09 12:37:53.775908 github.com/mantil-io/mantil/cli/ui/ui.go:152: /Users/daniel/work/mantil/node/terraform/terraform.go:170: TF:         }
2021/12/09 12:37:53.775935 github.com/mantil-io/mantil/cli/ui/ui.go:152: /Users/daniel/work/mantil/node/terraform/terraform.go:170: TF:       + timeout_milliseconds                      = (known after apply)
2021/12/09 12:37:53.775959 github.com/mantil-io/mantil/cli/ui/ui.go:152: /Users/daniel/work/mantil/node/terraform/terraform.go:170: TF:     }
2021/12/09 12:37:53.775984 github.com/mantil-io/mantil/cli/ui/ui.go:152: /Users/daniel/work/mantil/node/terraform/terraform.go:170: TF:   # module.api.module.http_api.aws_apigatewayv2_route.http["/ping"] will be created
2021/12/09 12:37:53.776010 github.com/mantil-io/mantil/cli/ui/ui.go:152: /Users/daniel/work/mantil/node/terraform/terraform.go:170: TF:   + resource "aws_apigatewayv2_route" "http" {
2021/12/09 12:37:53.776035 github.com/mantil-io/mantil/cli/ui/ui.go:152: /Users/daniel/work/mantil/node/terraform/terraform.go:170: TF:       + api_id             = (known after apply)
2021/12/09 12:37:53.776059 github.com/mantil-io/mantil/cli/ui/ui.go:152: /Users/daniel/work/mantil/node/terraform/terraform.go:170: TF:       + api_key_required   = false
2021/12/09 12:37:53.776112 github.com/mantil-io/mantil/cli/ui/ui.go:152: /Users/daniel/work/mantil/node/terraform/terraform.go:170: TF:       + authorization_type = "NONE"
2021/12/09 12:37:53.776138 github.com/mantil-io/mantil/cli/ui/ui.go:152: /Users/daniel/work/mantil/node/terraform/terraform.go:170: TF:       + id                 = (known after apply)
2021/12/09 12:37:53.776162 github.com/mantil-io/mantil/cli/ui/ui.go:152: /Users/daniel/work/mantil/node/terraform/terraform.go:170: TF:       + route_key          = "ANY /ping"
2021/12/09 12:37:53.776195 github.com/mantil-io/mantil/cli/ui/ui.go:152: /Users/daniel/work/mantil/node/terraform/terraform.go:170: TF:       + target             = (known after apply)
2021/12/09 12:37:53.776220 github.com/mantil-io/mantil/cli/ui/ui.go:152: /Users/daniel/work/mantil/node/terraform/terraform.go:170: TF:     }
2021/12/09 12:37:53.776245 github.com/mantil-io/mantil/cli/ui/ui.go:152: /Users/daniel/work/mantil/node/terraform/terraform.go:170: TF:   # module.api.module.http_api.aws_apigatewayv2_route.http_default will be created
2021/12/09 12:37:53.776272 github.com/mantil-io/mantil/cli/ui/ui.go:152: /Users/daniel/work/mantil/node/terraform/terraform.go:170: TF:   + resource "aws_apigatewayv2_route" "http_default" {
2021/12/09 12:37:53.776296 github.com/mantil-io/mantil/cli/ui/ui.go:152: /Users/daniel/work/mantil/node/terraform/terraform.go:170: TF:       + api_id             = (known after apply)
2021/12/09 12:37:53.776324 github.com/mantil-io/mantil/cli/ui/ui.go:152: /Users/daniel/work/mantil/node/terraform/terraform.go:170: TF:       + api_key_required   = false
2021/12/09 12:37:53.776350 github.com/mantil-io/mantil/cli/ui/ui.go:152: /Users/daniel/work/mantil/node/terraform/terraform.go:170: TF:       + authorization_type = (known after apply)
2021/12/09 12:37:53.776374 github.com/mantil-io/mantil/cli/ui/ui.go:152: /Users/daniel/work/mantil/node/terraform/terraform.go:170: TF:       + authorizer_id      = (known after apply)
2021/12/09 12:37:53.776461 github.com/mantil-io/mantil/cli/ui/ui.go:152: /Users/daniel/work/mantil/node/terraform/terraform.go:170: TF:       + id                 = (known after apply)
2021/12/09 12:37:53.776492 github.com/mantil-io/mantil/cli/ui/ui.go:152: /Users/daniel/work/mantil/node/terraform/terraform.go:170: TF:       + route_key          = (known after apply)
2021/12/09 12:37:53.776518 github.com/mantil-io/mantil/cli/ui/ui.go:152: /Users/daniel/work/mantil/node/terraform/terraform.go:170: TF:       + target             = (known after apply)
2021/12/09 12:37:53.776546 github.com/mantil-io/mantil/cli/ui/ui.go:152: /Users/daniel/work/mantil/node/terraform/terraform.go:170: TF:     }
2021/12/09 12:37:53.776572 github.com/mantil-io/mantil/cli/ui/ui.go:152: /Users/daniel/work/mantil/node/terraform/terraform.go:170: TF:   # module.api.module.http_api.aws_apigatewayv2_route.http_default_proxy will be created
2021/12/09 12:37:53.776600 github.com/mantil-io/mantil/cli/ui/ui.go:152: /Users/daniel/work/mantil/node/terraform/terraform.go:170: TF:   + resource "aws_apigatewayv2_route" "http_default_proxy" {
2021/12/09 12:37:53.776624 github.com/mantil-io/mantil/cli/ui/ui.go:152: /Users/daniel/work/mantil/node/terraform/terraform.go:170: TF:       + api_id             = (known after apply)
2021/12/09 12:37:53.776660 github.com/mantil-io/mantil/cli/ui/ui.go:152: /Users/daniel/work/mantil/node/terraform/terraform.go:170: TF:       + api_key_required   = false
2021/12/09 12:37:53.776689 github.com/mantil-io/mantil/cli/ui/ui.go:152: /Users/daniel/work/mantil/node/terraform/terraform.go:170: TF:       + authorization_type = (known after apply)
2021/12/09 12:37:53.776714 github.com/mantil-io/mantil/cli/ui/ui.go:152: /Users/daniel/work/mantil/node/terraform/terraform.go:170: TF:       + authorizer_id      = (known after apply)
2021/12/09 12:37:53.776754 github.com/mantil-io/mantil/cli/ui/ui.go:152: /Users/daniel/work/mantil/node/terraform/terraform.go:170: TF:       + id                 = (known after apply)
2021/12/09 12:37:53.776779 github.com/mantil-io/mantil/cli/ui/ui.go:152: /Users/daniel/work/mantil/node/terraform/terraform.go:170: TF:       + route_key          = (known after apply)
2021/12/09 12:37:53.776904 github.com/mantil-io/mantil/cli/ui/ui.go:152: /Users/daniel/work/mantil/node/terraform/terraform.go:170: TF:       + target             = (known after apply)
2021/12/09 12:37:53.776942 github.com/mantil-io/mantil/cli/ui/ui.go:152: /Users/daniel/work/mantil/node/terraform/terraform.go:170: TF:     }
2021/12/09 12:37:53.776968 github.com/mantil-io/mantil/cli/ui/ui.go:152: /Users/daniel/work/mantil/node/terraform/terraform.go:170: TF:   # module.api.module.http_api.aws_apigatewayv2_route.http_proxy["/ping"] will be created
2021/12/09 12:37:53.776995 github.com/mantil-io/mantil/cli/ui/ui.go:152: /Users/daniel/work/mantil/node/terraform/terraform.go:170: TF:   + resource "aws_apigatewayv2_route" "http_proxy" {
2021/12/09 12:37:53.777023 github.com/mantil-io/mantil/cli/ui/ui.go:152: /Users/daniel/work/mantil/node/terraform/terraform.go:170: TF:       + api_id             = (known after apply)
2021/12/09 12:37:53.777049 github.com/mantil-io/mantil/cli/ui/ui.go:152: /Users/daniel/work/mantil/node/terraform/terraform.go:170: TF:       + api_key_required   = false
2021/12/09 12:37:53.777072 github.com/mantil-io/mantil/cli/ui/ui.go:152: /Users/daniel/work/mantil/node/terraform/terraform.go:170: TF:       + authorization_type = "NONE"
2021/12/09 12:37:53.777096 github.com/mantil-io/mantil/cli/ui/ui.go:152: /Users/daniel/work/mantil/node/terraform/terraform.go:170: TF:       + id                 = (known after apply)
2021/12/09 12:37:53.777120 github.com/mantil-io/mantil/cli/ui/ui.go:152: /Users/daniel/work/mantil/node/terraform/terraform.go:170: TF:       + route_key          = "ANY /ping/{proxy+}"
2021/12/09 12:37:53.777144 github.com/mantil-io/mantil/cli/ui/ui.go:152: /Users/daniel/work/mantil/node/terraform/terraform.go:170: TF:       + target             = (known after apply)
2021/12/09 12:37:53.777168 github.com/mantil-io/mantil/cli/ui/ui.go:152: /Users/daniel/work/mantil/node/terraform/terraform.go:170: TF:     }
2021/12/09 12:37:53.777193 github.com/mantil-io/mantil/cli/ui/ui.go:152: /Users/daniel/work/mantil/node/terraform/terraform.go:170: TF:   # module.api.module.http_api.aws_apigatewayv2_stage.http_default will be created
2021/12/09 12:37:53.777216 github.com/mantil-io/mantil/cli/ui/ui.go:152: /Users/daniel/work/mantil/node/terraform/terraform.go:170: TF:   + resource "aws_apigatewayv2_stage" "http_default" {
2021/12/09 12:37:53.777240 github.com/mantil-io/mantil/cli/ui/ui.go:152: /Users/daniel/work/mantil/node/terraform/terraform.go:170: TF:       + api_id        = (known after apply)
2021/12/09 12:37:53.777268 github.com/mantil-io/mantil/cli/ui/ui.go:152: /Users/daniel/work/mantil/node/terraform/terraform.go:170: TF:       + arn           = (known after apply)
2021/12/09 12:37:53.777294 github.com/mantil-io/mantil/cli/ui/ui.go:152: /Users/daniel/work/mantil/node/terraform/terraform.go:170: TF:       + auto_deploy   = false
2021/12/09 12:37:53.777320 github.com/mantil-io/mantil/cli/ui/ui.go:152: /Users/daniel/work/mantil/node/terraform/terraform.go:170: TF:       + deployment_id = (known after apply)
2021/12/09 12:37:53.777358 github.com/mantil-io/mantil/cli/ui/ui.go:152: /Users/daniel/work/mantil/node/terraform/terraform.go:170: TF:       + execution_arn = (known after apply)
2021/12/09 12:37:53.777383 github.com/mantil-io/mantil/cli/ui/ui.go:152: /Users/daniel/work/mantil/node/terraform/terraform.go:170: TF:       + id            = (known after apply)
2021/12/09 12:37:53.777415 github.com/mantil-io/mantil/cli/ui/ui.go:152: /Users/daniel/work/mantil/node/terraform/terraform.go:170: TF:       + invoke_url    = (known after apply)
2021/12/09 12:37:53.777439 github.com/mantil-io/mantil/cli/ui/ui.go:152: /Users/daniel/work/mantil/node/terraform/terraform.go:170: TF:       + name          = "$default"
2021/12/09 12:37:53.777470 github.com/mantil-io/mantil/cli/ui/ui.go:152: /Users/daniel/work/mantil/node/terraform/terraform.go:170: TF:       + tags_all      = {
2021/12/09 12:37:53.777495 github.com/mantil-io/mantil/cli/ui/ui.go:152: /Users/daniel/work/mantil/node/terraform/terraform.go:170: TF:           + "MANTIL_KEY"       = "aef7a9da"
2021/12/09 12:37:53.777524 github.com/mantil-io/mantil/cli/ui/ui.go:152: /Users/daniel/work/mantil/node/terraform/terraform.go:170: TF:           + "MANTIL_PROJECT"   = "project"
2021/12/09 12:37:53.777550 github.com/mantil-io/mantil/cli/ui/ui.go:152: /Users/daniel/work/mantil/node/terraform/terraform.go:170: TF:           + "MANTIL_STAGE"     = "dev"
2021/12/09 12:37:53.777579 github.com/mantil-io/mantil/cli/ui/ui.go:152: /Users/daniel/work/mantil/node/terraform/terraform.go:170: TF:           + "MANTIL_WORKSPACE" = "7enoj5N5Qo-2eSpBHVTBeA"
2021/12/09 12:37:53.777608 github.com/mantil-io/mantil/cli/ui/ui.go:152: /Users/daniel/work/mantil/node/terraform/terraform.go:170: TF:         }
2021/12/09 12:37:53.777637 github.com/mantil-io/mantil/cli/ui/ui.go:152: /Users/daniel/work/mantil/node/terraform/terraform.go:170: TF:       + access_log_settings {
2021/12/09 12:37:53.777666 github.com/mantil-io/mantil/cli/ui/ui.go:152: /Users/daniel/work/mantil/node/terraform/terraform.go:170: TF:           + destination_arn = (known after apply)
2021/12/09 12:37:53.777691 github.com/mantil-io/mantil/cli/ui/ui.go:152: /Users/daniel/work/mantil/node/terraform/terraform.go:170: TF:           + format          = jsonencode(
2021/12/09 12:37:53.777718 github.com/mantil-io/mantil/cli/ui/ui.go:152: /Users/daniel/work/mantil/node/terraform/terraform.go:170: TF:                 {
2021/12/09 12:37:53.777746 github.com/mantil-io/mantil/cli/ui/ui.go:152: /Users/daniel/work/mantil/node/terraform/terraform.go:170: TF:                   + httpMethod     = "$context.httpMethod"
2021/12/09 12:37:53.777775 github.com/mantil-io/mantil/cli/ui/ui.go:152: /Users/daniel/work/mantil/node/terraform/terraform.go:170: TF:                   + ip             = "$context.identity.sourceIp"
2021/12/09 12:37:53.777800 github.com/mantil-io/mantil/cli/ui/ui.go:152: /Users/daniel/work/mantil/node/terraform/terraform.go:170: TF:                   + protocol       = "$context.protocol"
2021/12/09 12:37:53.777827 github.com/mantil-io/mantil/cli/ui/ui.go:152: /Users/daniel/work/mantil/node/terraform/terraform.go:170: TF:                   + requestId      = "$context.requestId"
2021/12/09 12:37:53.777857 github.com/mantil-io/mantil/cli/ui/ui.go:152: /Users/daniel/work/mantil/node/terraform/terraform.go:170: TF:                   + requestTime    = "$context.requestTime"
2021/12/09 12:37:53.777886 github.com/mantil-io/mantil/cli/ui/ui.go:152: /Users/daniel/work/mantil/node/terraform/terraform.go:170: TF:                   + responseLength = "$context.responseLength"
2021/12/09 12:37:53.777915 github.com/mantil-io/mantil/cli/ui/ui.go:152: /Users/daniel/work/mantil/node/terraform/terraform.go:170: TF:                   + routeKey       = "$context.routeKey"
2021/12/09 12:37:53.777941 github.com/mantil-io/mantil/cli/ui/ui.go:152: /Users/daniel/work/mantil/node/terraform/terraform.go:170: TF:                   + status         = "$context.status"
2021/12/09 12:37:53.777967 github.com/mantil-io/mantil/cli/ui/ui.go:152: /Users/daniel/work/mantil/node/terraform/terraform.go:170: TF:                 }
2021/12/09 12:37:53.777992 github.com/mantil-io/mantil/cli/ui/ui.go:152: /Users/daniel/work/mantil/node/terraform/terraform.go:170: TF:             )
2021/12/09 12:37:53.778020 github.com/mantil-io/mantil/cli/ui/ui.go:152: /Users/daniel/work/mantil/node/terraform/terraform.go:170: TF:         }
2021/12/09 12:37:53.778047 github.com/mantil-io/mantil/cli/ui/ui.go:152: /Users/daniel/work/mantil/node/terraform/terraform.go:170: TF:       + default_route_settings {
2021/12/09 12:37:53.778073 github.com/mantil-io/mantil/cli/ui/ui.go:152: /Users/daniel/work/mantil/node/terraform/terraform.go:170: TF:           + data_trace_enabled       = false
2021/12/09 12:37:53.778097 github.com/mantil-io/mantil/cli/ui/ui.go:152: /Users/daniel/work/mantil/node/terraform/terraform.go:170: TF:           + detailed_metrics_enabled = true
2021/12/09 12:37:53.778124 github.com/mantil-io/mantil/cli/ui/ui.go:152: /Users/daniel/work/mantil/node/terraform/terraform.go:170: TF:           + logging_level            = (known after apply)
2021/12/09 12:37:53.778148 github.com/mantil-io/mantil/cli/ui/ui.go:152: /Users/daniel/work/mantil/node/terraform/terraform.go:170: TF:           + throttling_burst_limit   = 5000
2021/12/09 12:37:53.778181 github.com/mantil-io/mantil/cli/ui/ui.go:152: /Users/daniel/work/mantil/node/terraform/terraform.go:170: TF:           + throttling_rate_limit    = 10000
2021/12/09 12:37:53.778207 github.com/mantil-io/mantil/cli/ui/ui.go:152: /Users/daniel/work/mantil/node/terraform/terraform.go:170: TF:         }
2021/12/09 12:37:53.778235 github.com/mantil-io/mantil/cli/ui/ui.go:152: /Users/daniel/work/mantil/node/terraform/terraform.go:170: TF:     }
2021/12/09 12:37:53.778260 github.com/mantil-io/mantil/cli/ui/ui.go:152: /Users/daniel/work/mantil/node/terraform/terraform.go:170: TF:   # module.api.module.http_api.aws_cloudwatch_log_group.http_access_logs will be created
2021/12/09 12:37:53.778287 github.com/mantil-io/mantil/cli/ui/ui.go:152: /Users/daniel/work/mantil/node/terraform/terraform.go:170: TF:   + resource "aws_cloudwatch_log_group" "http_access_logs" {
2021/12/09 12:37:53.778315 github.com/mantil-io/mantil/cli/ui/ui.go:152: /Users/daniel/work/mantil/node/terraform/terraform.go:170: TF:       + arn               = (known after apply)
2021/12/09 12:37:53.778347 github.com/mantil-io/mantil/cli/ui/ui.go:152: /Users/daniel/work/mantil/node/terraform/terraform.go:170: TF:       + id                = (known after apply)
2021/12/09 12:37:53.778373 github.com/mantil-io/mantil/cli/ui/ui.go:152: /Users/daniel/work/mantil/node/terraform/terraform.go:170: TF:       + name              = "/aws/vendedlogs/project-dev-http-access-logs-aef7a9da"
2021/12/09 12:37:53.778403 github.com/mantil-io/mantil/cli/ui/ui.go:152: /Users/daniel/work/mantil/node/terraform/terraform.go:170: TF:       + retention_in_days = 14
2021/12/09 12:37:53.778434 github.com/mantil-io/mantil/cli/ui/ui.go:152: /Users/daniel/work/mantil/node/terraform/terraform.go:170: TF:       + tags_all          = {
2021/12/09 12:37:53.778459 github.com/mantil-io/mantil/cli/ui/ui.go:152: /Users/daniel/work/mantil/node/terraform/terraform.go:170: TF:           + "MANTIL_KEY"       = "aef7a9da"
2021/12/09 12:37:53.778491 github.com/mantil-io/mantil/cli/ui/ui.go:152: /Users/daniel/work/mantil/node/terraform/terraform.go:170: TF:           + "MANTIL_PROJECT"   = "project"
2021/12/09 12:37:53.778517 github.com/mantil-io/mantil/cli/ui/ui.go:152: /Users/daniel/work/mantil/node/terraform/terraform.go:170: TF:           + "MANTIL_STAGE"     = "dev"
2021/12/09 12:37:53.778543 github.com/mantil-io/mantil/cli/ui/ui.go:152: /Users/daniel/work/mantil/node/terraform/terraform.go:170: TF:           + "MANTIL_WORKSPACE" = "7enoj5N5Qo-2eSpBHVTBeA"
2021/12/09 12:37:53.778568 github.com/mantil-io/mantil/cli/ui/ui.go:152: /Users/daniel/work/mantil/node/terraform/terraform.go:170: TF:         }
2021/12/09 12:37:53.778595 github.com/mantil-io/mantil/cli/ui/ui.go:152: /Users/daniel/work/mantil/node/terraform/terraform.go:170: TF:     }
2021/12/09 12:37:53.778639 github.com/mantil-io/mantil/cli/ui/ui.go:152: /Users/daniel/work/mantil/node/terraform/terraform.go:170: TF:   # module.api.module.http_api.aws_lambda_permission.api_gateway_invoke["/ping"] will be created
2021/12/09 12:37:53.778667 github.com/mantil-io/mantil/cli/ui/ui.go:152: /Users/daniel/work/mantil/node/terraform/terraform.go:170: TF:   + resource "aws_lambda_permission" "api_gateway_invoke" {
2021/12/09 12:37:53.778692 github.com/mantil-io/mantil/cli/ui/ui.go:152: /Users/daniel/work/mantil/node/terraform/terraform.go:170: TF:       + action        = "lambda:InvokeFunction"
2021/12/09 12:37:53.778716 github.com/mantil-io/mantil/cli/ui/ui.go:152: /Users/daniel/work/mantil/node/terraform/terraform.go:170: TF:       + function_name = (known after apply)
2021/12/09 12:37:53.778739 github.com/mantil-io/mantil/cli/ui/ui.go:152: /Users/daniel/work/mantil/node/terraform/terraform.go:170: TF:       + id            = (known after apply)
2021/12/09 12:37:53.778764 github.com/mantil-io/mantil/cli/ui/ui.go:152: /Users/daniel/work/mantil/node/terraform/terraform.go:170: TF:       + principal     = "apigateway.amazonaws.com"
2021/12/09 12:37:53.778791 github.com/mantil-io/mantil/cli/ui/ui.go:152: /Users/daniel/work/mantil/node/terraform/terraform.go:170: TF:       + source_arn    = (known after apply)
2021/12/09 12:37:53.778815 github.com/mantil-io/mantil/cli/ui/ui.go:152: /Users/daniel/work/mantil/node/terraform/terraform.go:170: TF:       + statement_id  = (known after apply)
2021/12/09 12:37:53.778839 github.com/mantil-io/mantil/cli/ui/ui.go:152: /Users/daniel/work/mantil/node/terraform/terraform.go:170: TF:     }
2021/12/09 12:37:53.778865 github.com/mantil-io/mantil/cli/ui/ui.go:152: /Users/daniel/work/mantil/node/terraform/terraform.go:170: TF:   # module.api.module.ws_api[0].data.aws_iam_policy_document.ws_forwarder will be read during apply
2021/12/09 12:37:53.778889 github.com/mantil-io/mantil/cli/ui/ui.go:152: /Users/daniel/work/mantil/node/terraform/terraform.go:170: TF:   # (config refers to values not yet known)
2021/12/09 12:37:53.778913 github.com/mantil-io/mantil/cli/ui/ui.go:152: /Users/daniel/work/mantil/node/terraform/terraform.go:170: TF:  <= data "aws_iam_policy_document" "ws_forwarder"  {
2021/12/09 12:37:53.778937 github.com/mantil-io/mantil/cli/ui/ui.go:152: /Users/daniel/work/mantil/node/terraform/terraform.go:170: TF:       + id   = (known after apply)
2021/12/09 12:37:53.778960 github.com/mantil-io/mantil/cli/ui/ui.go:152: /Users/daniel/work/mantil/node/terraform/terraform.go:170: TF:       + json = (known after apply)
2021/12/09 12:37:53.778984 github.com/mantil-io/mantil/cli/ui/ui.go:152: /Users/daniel/work/mantil/node/terraform/terraform.go:170: TF:       + statement {
2021/12/09 12:37:53.779008 github.com/mantil-io/mantil/cli/ui/ui.go:152: /Users/daniel/work/mantil/node/terraform/terraform.go:170: TF:           + actions   = [
2021/12/09 12:37:53.779032 github.com/mantil-io/mantil/cli/ui/ui.go:152: /Users/daniel/work/mantil/node/terraform/terraform.go:170: TF:               + "execute-api:ManageConnections",
2021/12/09 12:37:53.779056 github.com/mantil-io/mantil/cli/ui/ui.go:152: /Users/daniel/work/mantil/node/terraform/terraform.go:170: TF:             ]
2021/12/09 12:37:53.779080 github.com/mantil-io/mantil/cli/ui/ui.go:152: /Users/daniel/work/mantil/node/terraform/terraform.go:170: TF:           + effect    = "Allow"
2021/12/09 12:37:53.779104 github.com/mantil-io/mantil/cli/ui/ui.go:152: /Users/daniel/work/mantil/node/terraform/terraform.go:170: TF:           + resources = [
2021/12/09 12:37:53.779128 github.com/mantil-io/mantil/cli/ui/ui.go:152: /Users/daniel/work/mantil/node/terraform/terraform.go:170: TF:               + (known after apply),
2021/12/09 12:37:53.779152 github.com/mantil-io/mantil/cli/ui/ui.go:152: /Users/daniel/work/mantil/node/terraform/terraform.go:170: TF:             ]
2021/12/09 12:37:53.779175 github.com/mantil-io/mantil/cli/ui/ui.go:152: /Users/daniel/work/mantil/node/terraform/terraform.go:170: TF:         }
2021/12/09 12:37:53.779202 github.com/mantil-io/mantil/cli/ui/ui.go:152: /Users/daniel/work/mantil/node/terraform/terraform.go:170: TF:       + statement {
2021/12/09 12:37:53.779238 github.com/mantil-io/mantil/cli/ui/ui.go:152: /Users/daniel/work/mantil/node/terraform/terraform.go:170: TF:           + actions   = [
2021/12/09 12:37:53.779264 github.com/mantil-io/mantil/cli/ui/ui.go:152: /Users/daniel/work/mantil/node/terraform/terraform.go:170: TF:               + "dynamodb:BatchGetItem",
2021/12/09 12:37:53.779323 github.com/mantil-io/mantil/cli/ui/ui.go:152: /Users/daniel/work/mantil/node/terraform/terraform.go:170: TF:               + "dynamodb:BatchWriteItem",
2021/12/09 12:37:53.779351 github.com/mantil-io/mantil/cli/ui/ui.go:152: /Users/daniel/work/mantil/node/terraform/terraform.go:170: TF:               + "dynamodb:DeleteItem",
2021/12/09 12:37:53.779378 github.com/mantil-io/mantil/cli/ui/ui.go:152: /Users/daniel/work/mantil/node/terraform/terraform.go:170: TF:               + "dynamodb:DescribeTable",
2021/12/09 12:37:53.779406 github.com/mantil-io/mantil/cli/ui/ui.go:152: /Users/daniel/work/mantil/node/terraform/terraform.go:170: TF:               + "dynamodb:GetItem",
2021/12/09 12:37:53.779433 github.com/mantil-io/mantil/cli/ui/ui.go:152: /Users/daniel/work/mantil/node/terraform/terraform.go:170: TF:               + "dynamodb:PutItem",
2021/12/09 12:37:53.779458 github.com/mantil-io/mantil/cli/ui/ui.go:152: /Users/daniel/work/mantil/node/terraform/terraform.go:170: TF:               + "dynamodb:Query",
2021/12/09 12:37:53.779485 github.com/mantil-io/mantil/cli/ui/ui.go:152: /Users/daniel/work/mantil/node/terraform/terraform.go:170: TF:             ]
2021/12/09 12:37:53.779513 github.com/mantil-io/mantil/cli/ui/ui.go:152: /Users/daniel/work/mantil/node/terraform/terraform.go:170: TF:           + effect    = "Allow"
2021/12/09 12:37:53.779548 github.com/mantil-io/mantil/cli/ui/ui.go:152: /Users/daniel/work/mantil/node/terraform/terraform.go:170: TF:           + resources = [
2021/12/09 12:37:53.779590 github.com/mantil-io/mantil/cli/ui/ui.go:152: /Users/daniel/work/mantil/node/terraform/terraform.go:170: TF:               + "arn:aws:dynamodb:*:*:table/mantil-project-dev-ws-conns-aef7a9da",
2021/12/09 12:37:53.779627 github.com/mantil-io/mantil/cli/ui/ui.go:152: /Users/daniel/work/mantil/node/terraform/terraform.go:170: TF:             ]
2021/12/09 12:37:53.779653 github.com/mantil-io/mantil/cli/ui/ui.go:152: /Users/daniel/work/mantil/node/terraform/terraform.go:170: TF:         }
2021/12/09 12:37:53.779683 github.com/mantil-io/mantil/cli/ui/ui.go:152: /Users/daniel/work/mantil/node/terraform/terraform.go:170: TF:       + statement {
2021/12/09 12:37:53.779709 github.com/mantil-io/mantil/cli/ui/ui.go:152: /Users/daniel/work/mantil/node/terraform/terraform.go:170: TF:           + actions   = [
2021/12/09 12:37:53.779732 github.com/mantil-io/mantil/cli/ui/ui.go:152: /Users/daniel/work/mantil/node/terraform/terraform.go:170: TF:               + "logs:CreateLogStream",
2021/12/09 12:37:53.779756 github.com/mantil-io/mantil/cli/ui/ui.go:152: /Users/daniel/work/mantil/node/terraform/terraform.go:170: TF:               + "logs:PutLogEvents",
2021/12/09 12:37:53.779780 github.com/mantil-io/mantil/cli/ui/ui.go:152: /Users/daniel/work/mantil/node/terraform/terraform.go:170: TF:             ]
2021/12/09 12:37:53.779804 github.com/mantil-io/mantil/cli/ui/ui.go:152: /Users/daniel/work/mantil/node/terraform/terraform.go:170: TF:           + effect    = "Allow"
2021/12/09 12:37:53.779835 github.com/mantil-io/mantil/cli/ui/ui.go:152: /Users/daniel/work/mantil/node/terraform/terraform.go:170: TF:           + resources = [
2021/12/09 12:37:53.779859 github.com/mantil-io/mantil/cli/ui/ui.go:152: /Users/daniel/work/mantil/node/terraform/terraform.go:170: TF:               + "arn:aws:logs:*:*:log-group:*-aef7a9da",
2021/12/09 12:37:53.779884 github.com/mantil-io/mantil/cli/ui/ui.go:152: /Users/daniel/work/mantil/node/terraform/terraform.go:170: TF:               + "arn:aws:logs:*:*:log-group:*-aef7a9da:log-stream:*",
2021/12/09 12:37:53.779908 github.com/mantil-io/mantil/cli/ui/ui.go:152: /Users/daniel/work/mantil/node/terraform/terraform.go:170: TF:             ]
2021/12/09 12:37:53.780015 github.com/mantil-io/mantil/cli/ui/ui.go:152: /Users/daniel/work/mantil/node/terraform/terraform.go:170: TF:         }
2021/12/09 12:37:53.780040 github.com/mantil-io/mantil/cli/ui/ui.go:152: /Users/daniel/work/mantil/node/terraform/terraform.go:170: TF:     }
2021/12/09 12:37:53.780064 github.com/mantil-io/mantil/cli/ui/ui.go:152: /Users/daniel/work/mantil/node/terraform/terraform.go:170: TF:   # module.api.module.ws_api[0].aws_apigatewayv2_api.ws will be created
2021/12/09 12:37:53.780084 github.com/mantil-io/mantil/cli/ui/ui.go:152: /Users/daniel/work/mantil/node/terraform/terraform.go:170: TF:   + resource "aws_apigatewayv2_api" "ws" {
2021/12/09 12:37:53.780101 github.com/mantil-io/mantil/cli/ui/ui.go:152: /Users/daniel/work/mantil/node/terraform/terraform.go:170: TF:       + api_endpoint                 = (known after apply)
2021/12/09 12:37:53.780116 github.com/mantil-io/mantil/cli/ui/ui.go:152: /Users/daniel/work/mantil/node/terraform/terraform.go:170: TF:       + api_key_selection_expression = "$request.header.x-api-key"
2021/12/09 12:37:53.780131 github.com/mantil-io/mantil/cli/ui/ui.go:152: /Users/daniel/work/mantil/node/terraform/terraform.go:170: TF:       + arn                          = (known after apply)
2021/12/09 12:37:53.780149 github.com/mantil-io/mantil/cli/ui/ui.go:152: /Users/daniel/work/mantil/node/terraform/terraform.go:170: TF:       + execution_arn                = (known after apply)
2021/12/09 12:37:53.780165 github.com/mantil-io/mantil/cli/ui/ui.go:152: /Users/daniel/work/mantil/node/terraform/terraform.go:170: TF:       + id                           = (known after apply)
2021/12/09 12:37:53.780182 github.com/mantil-io/mantil/cli/ui/ui.go:152: /Users/daniel/work/mantil/node/terraform/terraform.go:170: TF:       + name                         = "project-dev-ws-aef7a9da"
2021/12/09 12:37:53.780199 github.com/mantil-io/mantil/cli/ui/ui.go:152: /Users/daniel/work/mantil/node/terraform/terraform.go:170: TF:       + protocol_type                = "WEBSOCKET"
2021/12/09 12:37:53.780213 github.com/mantil-io/mantil/cli/ui/ui.go:152: /Users/daniel/work/mantil/node/terraform/terraform.go:170: TF:       + route_selection_expression   = "\\$default"
2021/12/09 12:37:53.780231 github.com/mantil-io/mantil/cli/ui/ui.go:152: /Users/daniel/work/mantil/node/terraform/terraform.go:170: TF:       + tags_all                     = {
2021/12/09 12:37:53.780247 github.com/mantil-io/mantil/cli/ui/ui.go:152: /Users/daniel/work/mantil/node/terraform/terraform.go:170: TF:           + "MANTIL_KEY"       = "aef7a9da"
2021/12/09 12:37:53.780262 github.com/mantil-io/mantil/cli/ui/ui.go:152: /Users/daniel/work/mantil/node/terraform/terraform.go:170: TF:           + "MANTIL_PROJECT"   = "project"
2021/12/09 12:37:53.780279 github.com/mantil-io/mantil/cli/ui/ui.go:152: /Users/daniel/work/mantil/node/terraform/terraform.go:170: TF:           + "MANTIL_STAGE"     = "dev"
2021/12/09 12:37:53.780295 github.com/mantil-io/mantil/cli/ui/ui.go:152: /Users/daniel/work/mantil/node/terraform/terraform.go:170: TF:           + "MANTIL_WORKSPACE" = "7enoj5N5Qo-2eSpBHVTBeA"
2021/12/09 12:37:53.780309 github.com/mantil-io/mantil/cli/ui/ui.go:152: /Users/daniel/work/mantil/node/terraform/terraform.go:170: TF:         }
2021/12/09 12:37:53.780326 github.com/mantil-io/mantil/cli/ui/ui.go:152: /Users/daniel/work/mantil/node/terraform/terraform.go:170: TF:     }
2021/12/09 12:37:53.780343 github.com/mantil-io/mantil/cli/ui/ui.go:152: /Users/daniel/work/mantil/node/terraform/terraform.go:170: TF:   # module.api.module.ws_api[0].aws_apigatewayv2_deployment.ws will be created
2021/12/09 12:37:53.780357 github.com/mantil-io/mantil/cli/ui/ui.go:152: /Users/daniel/work/mantil/node/terraform/terraform.go:170: TF:   + resource "aws_apigatewayv2_deployment" "ws" {
2021/12/09 12:37:53.780374 github.com/mantil-io/mantil/cli/ui/ui.go:152: /Users/daniel/work/mantil/node/terraform/terraform.go:170: TF:       + api_id        = (known after apply)
2021/12/09 12:37:53.780390 github.com/mantil-io/mantil/cli/ui/ui.go:152: /Users/daniel/work/mantil/node/terraform/terraform.go:170: TF:       + auto_deployed = (known after apply)
2021/12/09 12:37:53.780405 github.com/mantil-io/mantil/cli/ui/ui.go:152: /Users/daniel/work/mantil/node/terraform/terraform.go:170: TF:       + id            = (known after apply)
2021/12/09 12:37:53.780422 github.com/mantil-io/mantil/cli/ui/ui.go:152: /Users/daniel/work/mantil/node/terraform/terraform.go:170: TF:       + triggers      = (known after apply)
2021/12/09 12:37:53.780442 github.com/mantil-io/mantil/cli/ui/ui.go:152: /Users/daniel/work/mantil/node/terraform/terraform.go:170: TF:     }
2021/12/09 12:37:53.780461 github.com/mantil-io/mantil/cli/ui/ui.go:152: /Users/daniel/work/mantil/node/terraform/terraform.go:170: TF:   # module.api.module.ws_api[0].aws_apigatewayv2_integration.ws_handler will be created
2021/12/09 12:37:53.780476 github.com/mantil-io/mantil/cli/ui/ui.go:152: /Users/daniel/work/mantil/node/terraform/terraform.go:170: TF:   + resource "aws_apigatewayv2_integration" "ws_handler" {
2021/12/09 12:37:53.780494 github.com/mantil-io/mantil/cli/ui/ui.go:152: /Users/daniel/work/mantil/node/terraform/terraform.go:170: TF:       + api_id                                    = (known after apply)
2021/12/09 12:37:53.780510 github.com/mantil-io/mantil/cli/ui/ui.go:152: /Users/daniel/work/mantil/node/terraform/terraform.go:170: TF:       + connection_type                           = "INTERNET"
2021/12/09 12:37:53.780538 github.com/mantil-io/mantil/cli/ui/ui.go:152: /Users/daniel/work/mantil/node/terraform/terraform.go:170: TF:       + id                                        = (known after apply)
2021/12/09 12:37:53.780569 github.com/mantil-io/mantil/cli/ui/ui.go:152: /Users/daniel/work/mantil/node/terraform/terraform.go:170: TF:       + integration_method                        = "POST"
2021/12/09 12:37:53.780586 github.com/mantil-io/mantil/cli/ui/ui.go:152: /Users/daniel/work/mantil/node/terraform/terraform.go:170: TF:       + integration_response_selection_expression = (known after apply)
2021/12/09 12:37:53.780600 github.com/mantil-io/mantil/cli/ui/ui.go:152: /Users/daniel/work/mantil/node/terraform/terraform.go:170: TF:       + integration_type                          = "AWS_PROXY"
2021/12/09 12:37:53.780615 github.com/mantil-io/mantil/cli/ui/ui.go:152: /Users/daniel/work/mantil/node/terraform/terraform.go:170: TF:       + integration_uri                           = (known after apply)
2021/12/09 12:37:53.780630 github.com/mantil-io/mantil/cli/ui/ui.go:152: /Users/daniel/work/mantil/node/terraform/terraform.go:170: TF:       + payload_format_version                    = "1.0"
2021/12/09 12:37:53.780645 github.com/mantil-io/mantil/cli/ui/ui.go:152: /Users/daniel/work/mantil/node/terraform/terraform.go:170: TF:       + timeout_milliseconds                      = (known after apply)
2021/12/09 12:37:53.780662 github.com/mantil-io/mantil/cli/ui/ui.go:152: /Users/daniel/work/mantil/node/terraform/terraform.go:170: TF:     }
2021/12/09 12:37:53.780679 github.com/mantil-io/mantil/cli/ui/ui.go:152: /Users/daniel/work/mantil/node/terraform/terraform.go:170: TF:   # module.api.module.ws_api[0].aws_apigatewayv2_route.ws_handler["$default"] will be created
2021/12/09 12:37:53.780694 github.com/mantil-io/mantil/cli/ui/ui.go:152: /Users/daniel/work/mantil/node/terraform/terraform.go:170: TF:   + resource "aws_apigatewayv2_route" "ws_handler" {
2021/12/09 12:37:53.780708 github.com/mantil-io/mantil/cli/ui/ui.go:152: /Users/daniel/work/mantil/node/terraform/terraform.go:170: TF:       + api_id             = (known after apply)
2021/12/09 12:37:53.780723 github.com/mantil-io/mantil/cli/ui/ui.go:152: /Users/daniel/work/mantil/node/terraform/terraform.go:170: TF:       + api_key_required   = false
2021/12/09 12:37:53.780740 github.com/mantil-io/mantil/cli/ui/ui.go:152: /Users/daniel/work/mantil/node/terraform/terraform.go:170: TF:       + authorization_type = "NONE"
2021/12/09 12:37:53.780760 github.com/mantil-io/mantil/cli/ui/ui.go:152: /Users/daniel/work/mantil/node/terraform/terraform.go:170: TF:       + id                 = (known after apply)
2021/12/09 12:37:53.780776 github.com/mantil-io/mantil/cli/ui/ui.go:152: /Users/daniel/work/mantil/node/terraform/terraform.go:170: TF:       + route_key          = "$default"
2021/12/09 12:37:53.780790 github.com/mantil-io/mantil/cli/ui/ui.go:152: /Users/daniel/work/mantil/node/terraform/terraform.go:170: TF:       + target             = (known after apply)
2021/12/09 12:37:53.780808 github.com/mantil-io/mantil/cli/ui/ui.go:152: /Users/daniel/work/mantil/node/terraform/terraform.go:170: TF:     }
2021/12/09 12:37:53.780824 github.com/mantil-io/mantil/cli/ui/ui.go:152: /Users/daniel/work/mantil/node/terraform/terraform.go:170: TF:   # module.api.module.ws_api[0].aws_apigatewayv2_route.ws_handler["$disconnect"] will be created
2021/12/09 12:37:53.780839 github.com/mantil-io/mantil/cli/ui/ui.go:152: /Users/daniel/work/mantil/node/terraform/terraform.go:170: TF:   + resource "aws_apigatewayv2_route" "ws_handler" {
2021/12/09 12:37:53.780856 github.com/mantil-io/mantil/cli/ui/ui.go:152: /Users/daniel/work/mantil/node/terraform/terraform.go:170: TF:       + api_id             = (known after apply)
2021/12/09 12:37:53.780871 github.com/mantil-io/mantil/cli/ui/ui.go:152: /Users/daniel/work/mantil/node/terraform/terraform.go:170: TF:       + api_key_required   = false
2021/12/09 12:37:53.780886 github.com/mantil-io/mantil/cli/ui/ui.go:152: /Users/daniel/work/mantil/node/terraform/terraform.go:170: TF:       + authorization_type = "NONE"
2021/12/09 12:37:53.780903 github.com/mantil-io/mantil/cli/ui/ui.go:152: /Users/daniel/work/mantil/node/terraform/terraform.go:170: TF:       + id                 = (known after apply)
2021/12/09 12:37:53.780918 github.com/mantil-io/mantil/cli/ui/ui.go:152: /Users/daniel/work/mantil/node/terraform/terraform.go:170: TF:       + route_key          = "$disconnect"
2021/12/09 12:37:53.780933 github.com/mantil-io/mantil/cli/ui/ui.go:152: /Users/daniel/work/mantil/node/terraform/terraform.go:170: TF:       + target             = (known after apply)
2021/12/09 12:37:53.780950 github.com/mantil-io/mantil/cli/ui/ui.go:152: /Users/daniel/work/mantil/node/terraform/terraform.go:170: TF:     }
2021/12/09 12:37:53.780967 github.com/mantil-io/mantil/cli/ui/ui.go:152: /Users/daniel/work/mantil/node/terraform/terraform.go:170: TF:   # module.api.module.ws_api[0].aws_apigatewayv2_route.ws_handler_connect will be created
2021/12/09 12:37:53.780983 github.com/mantil-io/mantil/cli/ui/ui.go:152: /Users/daniel/work/mantil/node/terraform/terraform.go:170: TF:   + resource "aws_apigatewayv2_route" "ws_handler_connect" {
2021/12/09 12:37:53.780998 github.com/mantil-io/mantil/cli/ui/ui.go:152: /Users/daniel/work/mantil/node/terraform/terraform.go:170: TF:       + api_id             = (known after apply)
2021/12/09 12:37:53.781015 github.com/mantil-io/mantil/cli/ui/ui.go:152: /Users/daniel/work/mantil/node/terraform/terraform.go:170: TF:       + api_key_required   = false
2021/12/09 12:37:53.781030 github.com/mantil-io/mantil/cli/ui/ui.go:152: /Users/daniel/work/mantil/node/terraform/terraform.go:170: TF:       + authorization_type = "NONE"
2021/12/09 12:37:53.781044 github.com/mantil-io/mantil/cli/ui/ui.go:152: /Users/daniel/work/mantil/node/terraform/terraform.go:170: TF:       + id                 = (known after apply)
2021/12/09 12:37:53.781061 github.com/mantil-io/mantil/cli/ui/ui.go:152: /Users/daniel/work/mantil/node/terraform/terraform.go:170: TF:       + route_key          = "$connect"
2021/12/09 12:37:53.781076 github.com/mantil-io/mantil/cli/ui/ui.go:152: /Users/daniel/work/mantil/node/terraform/terraform.go:170: TF:       + target             = (known after apply)
2021/12/09 12:37:53.781092 github.com/mantil-io/mantil/cli/ui/ui.go:152: /Users/daniel/work/mantil/node/terraform/terraform.go:170: TF:     }
2021/12/09 12:37:53.781110 github.com/mantil-io/mantil/cli/ui/ui.go:152: /Users/daniel/work/mantil/node/terraform/terraform.go:170: TF:   # module.api.module.ws_api[0].aws_apigatewayv2_stage.ws_default will be created
2021/12/09 12:37:53.781126 github.com/mantil-io/mantil/cli/ui/ui.go:152: /Users/daniel/work/mantil/node/terraform/terraform.go:170: TF:   + resource "aws_apigatewayv2_stage" "ws_default" {
2021/12/09 12:37:53.781149 github.com/mantil-io/mantil/cli/ui/ui.go:152: /Users/daniel/work/mantil/node/terraform/terraform.go:170: TF:       + api_id        = (known after apply)
2021/12/09 12:37:53.781165 github.com/mantil-io/mantil/cli/ui/ui.go:152: /Users/daniel/work/mantil/node/terraform/terraform.go:170: TF:       + arn           = (known after apply)
2021/12/09 12:37:53.781180 github.com/mantil-io/mantil/cli/ui/ui.go:152: /Users/daniel/work/mantil/node/terraform/terraform.go:170: TF:       + auto_deploy   = false
2021/12/09 12:37:53.781197 github.com/mantil-io/mantil/cli/ui/ui.go:152: /Users/daniel/work/mantil/node/terraform/terraform.go:170: TF:       + deployment_id = (known after apply)
2021/12/09 12:37:53.781212 github.com/mantil-io/mantil/cli/ui/ui.go:152: /Users/daniel/work/mantil/node/terraform/terraform.go:170: TF:       + execution_arn = (known after apply)
2021/12/09 12:37:53.781226 github.com/mantil-io/mantil/cli/ui/ui.go:152: /Users/daniel/work/mantil/node/terraform/terraform.go:170: TF:       + id            = (known after apply)
2021/12/09 12:37:53.781243 github.com/mantil-io/mantil/cli/ui/ui.go:152: /Users/daniel/work/mantil/node/terraform/terraform.go:170: TF:       + invoke_url    = (known after apply)
2021/12/09 12:37:53.781259 github.com/mantil-io/mantil/cli/ui/ui.go:152: /Users/daniel/work/mantil/node/terraform/terraform.go:170: TF:       + name          = "$default"
2021/12/09 12:37:53.781273 github.com/mantil-io/mantil/cli/ui/ui.go:152: /Users/daniel/work/mantil/node/terraform/terraform.go:170: TF:       + tags_all      = {
2021/12/09 12:37:53.781291 github.com/mantil-io/mantil/cli/ui/ui.go:152: /Users/daniel/work/mantil/node/terraform/terraform.go:170: TF:           + "MANTIL_KEY"       = "aef7a9da"
2021/12/09 12:37:53.781307 github.com/mantil-io/mantil/cli/ui/ui.go:152: /Users/daniel/work/mantil/node/terraform/terraform.go:170: TF:           + "MANTIL_PROJECT"   = "project"
2021/12/09 12:37:53.781322 github.com/mantil-io/mantil/cli/ui/ui.go:152: /Users/daniel/work/mantil/node/terraform/terraform.go:170: TF:           + "MANTIL_STAGE"     = "dev"
2021/12/09 12:37:53.781340 github.com/mantil-io/mantil/cli/ui/ui.go:152: /Users/daniel/work/mantil/node/terraform/terraform.go:170: TF:           + "MANTIL_WORKSPACE" = "7enoj5N5Qo-2eSpBHVTBeA"
2021/12/09 12:37:53.781356 github.com/mantil-io/mantil/cli/ui/ui.go:152: /Users/daniel/work/mantil/node/terraform/terraform.go:170: TF:         }
2021/12/09 12:37:53.781378 github.com/mantil-io/mantil/cli/ui/ui.go:152: /Users/daniel/work/mantil/node/terraform/terraform.go:170: TF:       + access_log_settings {
2021/12/09 12:37:53.781394 github.com/mantil-io/mantil/cli/ui/ui.go:152: /Users/daniel/work/mantil/node/terraform/terraform.go:170: TF:           + destination_arn = (known after apply)
2021/12/09 12:37:53.781408 github.com/mantil-io/mantil/cli/ui/ui.go:152: /Users/daniel/work/mantil/node/terraform/terraform.go:170: TF:           + format          = jsonencode(
2021/12/09 12:37:53.781423 github.com/mantil-io/mantil/cli/ui/ui.go:152: /Users/daniel/work/mantil/node/terraform/terraform.go:170: TF:                 {
2021/12/09 12:37:53.781442 github.com/mantil-io/mantil/cli/ui/ui.go:152: /Users/daniel/work/mantil/node/terraform/terraform.go:170: TF:                   + caller       = "$context.identity.caller"
2021/12/09 12:37:53.781458 github.com/mantil-io/mantil/cli/ui/ui.go:152: /Users/daniel/work/mantil/node/terraform/terraform.go:170: TF:                   + connectionId = "$context.connectionId"
2021/12/09 12:37:53.781476 github.com/mantil-io/mantil/cli/ui/ui.go:152: /Users/daniel/work/mantil/node/terraform/terraform.go:170: TF:                   + eventType    = "$context.eventType"
2021/12/09 12:37:53.781491 github.com/mantil-io/mantil/cli/ui/ui.go:152: /Users/daniel/work/mantil/node/terraform/terraform.go:170: TF:                   + ip           = "$context.identity.sourceIp"
2021/12/09 12:37:53.781506 github.com/mantil-io/mantil/cli/ui/ui.go:152: /Users/daniel/work/mantil/node/terraform/terraform.go:170: TF:                   + requestId    = "$context.requestId"
2021/12/09 12:37:53.781524 github.com/mantil-io/mantil/cli/ui/ui.go:152: /Users/daniel/work/mantil/node/terraform/terraform.go:170: TF:                   + requestTime  = "$context.requestTime"
2021/12/09 12:37:53.781539 github.com/mantil-io/mantil/cli/ui/ui.go:152: /Users/daniel/work/mantil/node/terraform/terraform.go:170: TF:                   + routeKey     = "$context.routeKey"
2021/12/09 12:37:53.781554 github.com/mantil-io/mantil/cli/ui/ui.go:152: /Users/daniel/work/mantil/node/terraform/terraform.go:170: TF:                   + status       = "$context.status"
2021/12/09 12:37:53.781571 github.com/mantil-io/mantil/cli/ui/ui.go:152: /Users/daniel/work/mantil/node/terraform/terraform.go:170: TF:                   + user         = "$context.identity.user"
2021/12/09 12:37:53.781586 github.com/mantil-io/mantil/cli/ui/ui.go:152: /Users/daniel/work/mantil/node/terraform/terraform.go:170: TF:                 }
2021/12/09 12:37:53.781601 github.com/mantil-io/mantil/cli/ui/ui.go:152: /Users/daniel/work/mantil/node/terraform/terraform.go:170: TF:             )
2021/12/09 12:37:53.781619 github.com/mantil-io/mantil/cli/ui/ui.go:152: /Users/daniel/work/mantil/node/terraform/terraform.go:170: TF:         }
2021/12/09 12:37:53.781642 github.com/mantil-io/mantil/cli/ui/ui.go:152: /Users/daniel/work/mantil/node/terraform/terraform.go:170: TF:       + default_route_settings {
2021/12/09 12:37:53.781661 github.com/mantil-io/mantil/cli/ui/ui.go:152: /Users/daniel/work/mantil/node/terraform/terraform.go:170: TF:           + data_trace_enabled       = true
2021/12/09 12:37:53.781676 github.com/mantil-io/mantil/cli/ui/ui.go:152: /Users/daniel/work/mantil/node/terraform/terraform.go:170: TF:           + detailed_metrics_enabled = true
2021/12/09 12:37:53.781694 github.com/mantil-io/mantil/cli/ui/ui.go:152: /Users/daniel/work/mantil/node/terraform/terraform.go:170: TF:           + logging_level            = "INFO"
2021/12/09 12:37:53.781709 github.com/mantil-io/mantil/cli/ui/ui.go:152: /Users/daniel/work/mantil/node/terraform/terraform.go:170: TF:           + throttling_burst_limit   = 5000
2021/12/09 12:37:53.781730 github.com/mantil-io/mantil/cli/ui/ui.go:152: /Users/daniel/work/mantil/node/terraform/terraform.go:170: TF:           + throttling_rate_limit    = 10000
2021/12/09 12:37:53.781766 github.com/mantil-io/mantil/cli/ui/ui.go:152: /Users/daniel/work/mantil/node/terraform/terraform.go:170: TF:         }
2021/12/09 12:37:53.781784 github.com/mantil-io/mantil/cli/ui/ui.go:152: /Users/daniel/work/mantil/node/terraform/terraform.go:170: TF:     }
2021/12/09 12:37:53.781805 github.com/mantil-io/mantil/cli/ui/ui.go:152: /Users/daniel/work/mantil/node/terraform/terraform.go:170: TF:   # module.api.module.ws_api[0].aws_cloudwatch_log_group.ws_access_logs will be created
2021/12/09 12:37:53.781822 github.com/mantil-io/mantil/cli/ui/ui.go:152: /Users/daniel/work/mantil/node/terraform/terraform.go:170: TF:   + resource "aws_cloudwatch_log_group" "ws_access_logs" {
2021/12/09 12:37:53.781840 github.com/mantil-io/mantil/cli/ui/ui.go:152: /Users/daniel/work/mantil/node/terraform/terraform.go:170: TF:       + arn               = (known after apply)
2021/12/09 12:37:53.781859 github.com/mantil-io/mantil/cli/ui/ui.go:152: /Users/daniel/work/mantil/node/terraform/terraform.go:170: TF:       + id                = (known after apply)
2021/12/09 12:37:53.781878 github.com/mantil-io/mantil/cli/ui/ui.go:152: /Users/daniel/work/mantil/node/terraform/terraform.go:170: TF:       + name              = "/aws/vendedlogs/project-dev-ws-access-logs-aef7a9da"
2021/12/09 12:37:53.781894 github.com/mantil-io/mantil/cli/ui/ui.go:152: /Users/daniel/work/mantil/node/terraform/terraform.go:170: TF:       + retention_in_days = 14
2021/12/09 12:37:53.781912 github.com/mantil-io/mantil/cli/ui/ui.go:152: /Users/daniel/work/mantil/node/terraform/terraform.go:170: TF:       + tags_all          = {
2021/12/09 12:37:53.781929 github.com/mantil-io/mantil/cli/ui/ui.go:152: /Users/daniel/work/mantil/node/terraform/terraform.go:170: TF:           + "MANTIL_KEY"       = "aef7a9da"
2021/12/09 12:37:53.781945 github.com/mantil-io/mantil/cli/ui/ui.go:152: /Users/daniel/work/mantil/node/terraform/terraform.go:170: TF:           + "MANTIL_PROJECT"   = "project"
2021/12/09 12:37:53.781960 github.com/mantil-io/mantil/cli/ui/ui.go:152: /Users/daniel/work/mantil/node/terraform/terraform.go:170: TF:           + "MANTIL_STAGE"     = "dev"
2021/12/09 12:37:53.781976 github.com/mantil-io/mantil/cli/ui/ui.go:152: /Users/daniel/work/mantil/node/terraform/terraform.go:170: TF:           + "MANTIL_WORKSPACE" = "7enoj5N5Qo-2eSpBHVTBeA"
2021/12/09 12:37:53.781990 github.com/mantil-io/mantil/cli/ui/ui.go:152: /Users/daniel/work/mantil/node/terraform/terraform.go:170: TF:         }
2021/12/09 12:37:53.782028 github.com/mantil-io/mantil/cli/ui/ui.go:152: /Users/daniel/work/mantil/node/terraform/terraform.go:170: TF:     }
2021/12/09 12:37:53.782047 github.com/mantil-io/mantil/cli/ui/ui.go:152: /Users/daniel/work/mantil/node/terraform/terraform.go:170: TF:   # module.api.module.ws_api[0].aws_cloudwatch_log_group.ws_forwarder_log_group will be created
2021/12/09 12:37:53.782065 github.com/mantil-io/mantil/cli/ui/ui.go:152: /Users/daniel/work/mantil/node/terraform/terraform.go:170: TF:   + resource "aws_cloudwatch_log_group" "ws_forwarder_log_group" {
2021/12/09 12:37:53.782080 github.com/mantil-io/mantil/cli/ui/ui.go:152: /Users/daniel/work/mantil/node/terraform/terraform.go:170: TF:       + arn               = (known after apply)
2021/12/09 12:37:53.782094 github.com/mantil-io/mantil/cli/ui/ui.go:152: /Users/daniel/work/mantil/node/terraform/terraform.go:170: TF:       + id                = (known after apply)
2021/12/09 12:37:53.782110 github.com/mantil-io/mantil/cli/ui/ui.go:152: /Users/daniel/work/mantil/node/terraform/terraform.go:170: TF:       + name              = "/aws/lambda/mantil-project-dev-ws-forwarder-aef7a9da"
2021/12/09 12:37:53.782123 github.com/mantil-io/mantil/cli/ui/ui.go:152: /Users/daniel/work/mantil/node/terraform/terraform.go:170: TF:       + retention_in_days = 14
2021/12/09 12:37:53.782135 github.com/mantil-io/mantil/cli/ui/ui.go:152: /Users/daniel/work/mantil/node/terraform/terraform.go:170: TF:       + tags_all          = {
2021/12/09 12:37:53.782148 github.com/mantil-io/mantil/cli/ui/ui.go:152: /Users/daniel/work/mantil/node/terraform/terraform.go:170: TF:           + "MANTIL_KEY"       = "aef7a9da"
2021/12/09 12:37:53.782164 github.com/mantil-io/mantil/cli/ui/ui.go:152: /Users/daniel/work/mantil/node/terraform/terraform.go:170: TF:           + "MANTIL_PROJECT"   = "project"
2021/12/09 12:37:53.782178 github.com/mantil-io/mantil/cli/ui/ui.go:152: /Users/daniel/work/mantil/node/terraform/terraform.go:170: TF:           + "MANTIL_STAGE"     = "dev"
2021/12/09 12:37:53.782190 github.com/mantil-io/mantil/cli/ui/ui.go:152: /Users/daniel/work/mantil/node/terraform/terraform.go:170: TF:           + "MANTIL_WORKSPACE" = "7enoj5N5Qo-2eSpBHVTBeA"
2021/12/09 12:37:53.782205 github.com/mantil-io/mantil/cli/ui/ui.go:152: /Users/daniel/work/mantil/node/terraform/terraform.go:170: TF:         }
2021/12/09 12:37:53.782218 github.com/mantil-io/mantil/cli/ui/ui.go:152: /Users/daniel/work/mantil/node/terraform/terraform.go:170: TF:     }
2021/12/09 12:37:53.782232 github.com/mantil-io/mantil/cli/ui/ui.go:152: /Users/daniel/work/mantil/node/terraform/terraform.go:170: TF:   # module.api.module.ws_api[0].aws_cloudwatch_log_group.ws_handler_log_group will be created
2021/12/09 12:37:53.782245 github.com/mantil-io/mantil/cli/ui/ui.go:152: /Users/daniel/work/mantil/node/terraform/terraform.go:170: TF:   + resource "aws_cloudwatch_log_group" "ws_handler_log_group" {
2021/12/09 12:37:53.782257 github.com/mantil-io/mantil/cli/ui/ui.go:152: /Users/daniel/work/mantil/node/terraform/terraform.go:170: TF:       + arn               = (known after apply)
2021/12/09 12:37:53.782270 github.com/mantil-io/mantil/cli/ui/ui.go:152: /Users/daniel/work/mantil/node/terraform/terraform.go:170: TF:       + id                = (known after apply)
2021/12/09 12:37:53.782283 github.com/mantil-io/mantil/cli/ui/ui.go:152: /Users/daniel/work/mantil/node/terraform/terraform.go:170: TF:       + name              = "/aws/lambda/mantil-project-dev-ws-handler-aef7a9da"
2021/12/09 12:37:53.782295 github.com/mantil-io/mantil/cli/ui/ui.go:152: /Users/daniel/work/mantil/node/terraform/terraform.go:170: TF:       + retention_in_days = 14
2021/12/09 12:37:53.782309 github.com/mantil-io/mantil/cli/ui/ui.go:152: /Users/daniel/work/mantil/node/terraform/terraform.go:170: TF:       + tags_all          = {
2021/12/09 12:37:53.782322 github.com/mantil-io/mantil/cli/ui/ui.go:152: /Users/daniel/work/mantil/node/terraform/terraform.go:170: TF:           + "MANTIL_KEY"       = "aef7a9da"
2021/12/09 12:37:53.782337 github.com/mantil-io/mantil/cli/ui/ui.go:152: /Users/daniel/work/mantil/node/terraform/terraform.go:170: TF:           + "MANTIL_PROJECT"   = "project"
2021/12/09 12:37:53.782351 github.com/mantil-io/mantil/cli/ui/ui.go:152: /Users/daniel/work/mantil/node/terraform/terraform.go:170: TF:           + "MANTIL_STAGE"     = "dev"
2021/12/09 12:37:53.782364 github.com/mantil-io/mantil/cli/ui/ui.go:152: /Users/daniel/work/mantil/node/terraform/terraform.go:170: TF:           + "MANTIL_WORKSPACE" = "7enoj5N5Qo-2eSpBHVTBeA"
2021/12/09 12:37:53.782376 github.com/mantil-io/mantil/cli/ui/ui.go:152: /Users/daniel/work/mantil/node/terraform/terraform.go:170: TF:         }
2021/12/09 12:37:53.782388 github.com/mantil-io/mantil/cli/ui/ui.go:152: /Users/daniel/work/mantil/node/terraform/terraform.go:170: TF:     }
2021/12/09 12:37:53.782400 github.com/mantil-io/mantil/cli/ui/ui.go:152: /Users/daniel/work/mantil/node/terraform/terraform.go:170: TF:   # module.api.module.ws_api[0].aws_dynamodb_table.table will be created
2021/12/09 12:37:53.782414 github.com/mantil-io/mantil/cli/ui/ui.go:152: /Users/daniel/work/mantil/node/terraform/terraform.go:170: TF:   + resource "aws_dynamodb_table" "table" {
2021/12/09 12:37:53.782426 github.com/mantil-io/mantil/cli/ui/ui.go:152: /Users/daniel/work/mantil/node/terraform/terraform.go:170: TF:       + arn              = (known after apply)
2021/12/09 12:37:53.782440 github.com/mantil-io/mantil/cli/ui/ui.go:152: /Users/daniel/work/mantil/node/terraform/terraform.go:170: TF:       + billing_mode     = "PAY_PER_REQUEST"
2021/12/09 12:37:53.782454 github.com/mantil-io/mantil/cli/ui/ui.go:152: /Users/daniel/work/mantil/node/terraform/terraform.go:170: TF:       + hash_key         = "PK"
2021/12/09 12:37:53.782470 github.com/mantil-io/mantil/cli/ui/ui.go:152: /Users/daniel/work/mantil/node/terraform/terraform.go:170: TF:       + id               = (known after apply)
2021/12/09 12:37:53.782482 github.com/mantil-io/mantil/cli/ui/ui.go:152: /Users/daniel/work/mantil/node/terraform/terraform.go:170: TF:       + name             = "mantil-project-dev-ws-conns-aef7a9da"
2021/12/09 12:37:53.782503 github.com/mantil-io/mantil/cli/ui/ui.go:152: /Users/daniel/work/mantil/node/terraform/terraform.go:170: TF:       + range_key        = "SK"
2021/12/09 12:37:53.782518 github.com/mantil-io/mantil/cli/ui/ui.go:152: /Users/daniel/work/mantil/node/terraform/terraform.go:170: TF:       + stream_arn       = (known after apply)
2021/12/09 12:37:53.782530 github.com/mantil-io/mantil/cli/ui/ui.go:152: /Users/daniel/work/mantil/node/terraform/terraform.go:170: TF:       + stream_label     = (known after apply)
2021/12/09 12:37:53.782544 github.com/mantil-io/mantil/cli/ui/ui.go:152: /Users/daniel/work/mantil/node/terraform/terraform.go:170: TF:       + stream_view_type = (known after apply)
2021/12/09 12:37:53.782556 github.com/mantil-io/mantil/cli/ui/ui.go:152: /Users/daniel/work/mantil/node/terraform/terraform.go:170: TF:       + tags_all         = {
2021/12/09 12:37:53.782568 github.com/mantil-io/mantil/cli/ui/ui.go:152: /Users/daniel/work/mantil/node/terraform/terraform.go:170: TF:           + "MANTIL_KEY"       = "aef7a9da"
2021/12/09 12:37:53.782584 github.com/mantil-io/mantil/cli/ui/ui.go:152: /Users/daniel/work/mantil/node/terraform/terraform.go:170: TF:           + "MANTIL_PROJECT"   = "project"
2021/12/09 12:37:53.782604 github.com/mantil-io/mantil/cli/ui/ui.go:152: /Users/daniel/work/mantil/node/terraform/terraform.go:170: TF:           + "MANTIL_STAGE"     = "dev"
2021/12/09 12:37:53.782617 github.com/mantil-io/mantil/cli/ui/ui.go:152: /Users/daniel/work/mantil/node/terraform/terraform.go:170: TF:           + "MANTIL_WORKSPACE" = "7enoj5N5Qo-2eSpBHVTBeA"
2021/12/09 12:37:53.782631 github.com/mantil-io/mantil/cli/ui/ui.go:152: /Users/daniel/work/mantil/node/terraform/terraform.go:170: TF:         }
2021/12/09 12:37:53.782647 github.com/mantil-io/mantil/cli/ui/ui.go:152: /Users/daniel/work/mantil/node/terraform/terraform.go:170: TF:       + attribute {
2021/12/09 12:37:53.782659 github.com/mantil-io/mantil/cli/ui/ui.go:152: /Users/daniel/work/mantil/node/terraform/terraform.go:170: TF:           + name = "PK"
2021/12/09 12:37:53.782673 github.com/mantil-io/mantil/cli/ui/ui.go:152: /Users/daniel/work/mantil/node/terraform/terraform.go:170: TF:           + type = "S"
2021/12/09 12:37:53.782685 github.com/mantil-io/mantil/cli/ui/ui.go:152: /Users/daniel/work/mantil/node/terraform/terraform.go:170: TF:         }
2021/12/09 12:37:53.782697 github.com/mantil-io/mantil/cli/ui/ui.go:152: /Users/daniel/work/mantil/node/terraform/terraform.go:170: TF:       + attribute {
2021/12/09 12:37:53.782711 github.com/mantil-io/mantil/cli/ui/ui.go:152: /Users/daniel/work/mantil/node/terraform/terraform.go:170: TF:           + name = "SK"
2021/12/09 12:37:53.782723 github.com/mantil-io/mantil/cli/ui/ui.go:152: /Users/daniel/work/mantil/node/terraform/terraform.go:170: TF:           + type = "S"
2021/12/09 12:37:53.782738 github.com/mantil-io/mantil/cli/ui/ui.go:152: /Users/daniel/work/mantil/node/terraform/terraform.go:170: TF:         }
2021/12/09 12:37:53.782752 github.com/mantil-io/mantil/cli/ui/ui.go:152: /Users/daniel/work/mantil/node/terraform/terraform.go:170: TF:       + point_in_time_recovery {
2021/12/09 12:37:53.782764 github.com/mantil-io/mantil/cli/ui/ui.go:152: /Users/daniel/work/mantil/node/terraform/terraform.go:170: TF:           + enabled = (known after apply)
2021/12/09 12:37:53.782776 github.com/mantil-io/mantil/cli/ui/ui.go:152: /Users/daniel/work/mantil/node/terraform/terraform.go:170: TF:         }
2021/12/09 12:37:53.782790 github.com/mantil-io/mantil/cli/ui/ui.go:152: /Users/daniel/work/mantil/node/terraform/terraform.go:170: TF:       + server_side_encryption {
2021/12/09 12:37:53.782802 github.com/mantil-io/mantil/cli/ui/ui.go:152: /Users/daniel/work/mantil/node/terraform/terraform.go:170: TF:           + enabled     = (known after apply)
2021/12/09 12:37:53.782814 github.com/mantil-io/mantil/cli/ui/ui.go:152: /Users/daniel/work/mantil/node/terraform/terraform.go:170: TF:           + kms_key_arn = (known after apply)
2021/12/09 12:37:53.782831 github.com/mantil-io/mantil/cli/ui/ui.go:152: /Users/daniel/work/mantil/node/terraform/terraform.go:170: TF:         }
2021/12/09 12:37:53.782844 github.com/mantil-io/mantil/cli/ui/ui.go:152: /Users/daniel/work/mantil/node/terraform/terraform.go:170: TF:     }
2021/12/09 12:37:53.801061 github.com/mantil-io/mantil/cli/ui/ui.go:152: /Users/daniel/work/mantil/node/terraform/terraform.go:170: TF:   # module.api.module.ws_api[0].aws_iam_role.ws_forwarder will be created
2021/12/09 12:37:53.801160 github.com/mantil-io/mantil/cli/ui/ui.go:152: /Users/daniel/work/mantil/node/terraform/terraform.go:170: TF:   + resource "aws_iam_role" "ws_forwarder" {
2021/12/09 12:37:53.801187 github.com/mantil-io/mantil/cli/ui/ui.go:152: /Users/daniel/work/mantil/node/terraform/terraform.go:170: TF:       + arn                   = (known after apply)
2021/12/09 12:37:53.801210 github.com/mantil-io/mantil/cli/ui/ui.go:152: /Users/daniel/work/mantil/node/terraform/terraform.go:170: TF:       + assume_role_policy    = jsonencode(
2021/12/09 12:37:53.801231 github.com/mantil-io/mantil/cli/ui/ui.go:152: /Users/daniel/work/mantil/node/terraform/terraform.go:170: TF:             {
2021/12/09 12:37:53.801252 github.com/mantil-io/mantil/cli/ui/ui.go:152: /Users/daniel/work/mantil/node/terraform/terraform.go:170: TF:               + Statement = [
2021/12/09 12:37:53.801279 github.com/mantil-io/mantil/cli/ui/ui.go:152: /Users/daniel/work/mantil/node/terraform/terraform.go:170: TF:                   + {
2021/12/09 12:37:53.801302 github.com/mantil-io/mantil/cli/ui/ui.go:152: /Users/daniel/work/mantil/node/terraform/terraform.go:170: TF:                       + Action    = "sts:AssumeRole"
2021/12/09 12:37:53.801322 github.com/mantil-io/mantil/cli/ui/ui.go:152: /Users/daniel/work/mantil/node/terraform/terraform.go:170: TF:                       + Effect    = "Allow"
2021/12/09 12:37:53.801356 github.com/mantil-io/mantil/cli/ui/ui.go:152: /Users/daniel/work/mantil/node/terraform/terraform.go:170: TF:                       + Principal = {
2021/12/09 12:37:53.801378 github.com/mantil-io/mantil/cli/ui/ui.go:152: /Users/daniel/work/mantil/node/terraform/terraform.go:170: TF:                           + Service = "lambda.amazonaws.com"
2021/12/09 12:37:53.801396 github.com/mantil-io/mantil/cli/ui/ui.go:152: /Users/daniel/work/mantil/node/terraform/terraform.go:170: TF:                         }
2021/12/09 12:37:53.801415 github.com/mantil-io/mantil/cli/ui/ui.go:152: /Users/daniel/work/mantil/node/terraform/terraform.go:170: TF:                     },
2021/12/09 12:37:53.801440 github.com/mantil-io/mantil/cli/ui/ui.go:152: /Users/daniel/work/mantil/node/terraform/terraform.go:170: TF:                 ]
2021/12/09 12:37:53.801461 github.com/mantil-io/mantil/cli/ui/ui.go:152: /Users/daniel/work/mantil/node/terraform/terraform.go:170: TF:               + Version   = "2012-10-17"
2021/12/09 12:37:53.801481 github.com/mantil-io/mantil/cli/ui/ui.go:152: /Users/daniel/work/mantil/node/terraform/terraform.go:170: TF:             }
2021/12/09 12:37:53.801500 github.com/mantil-io/mantil/cli/ui/ui.go:152: /Users/daniel/work/mantil/node/terraform/terraform.go:170: TF:         )
2021/12/09 12:37:53.801519 github.com/mantil-io/mantil/cli/ui/ui.go:152: /Users/daniel/work/mantil/node/terraform/terraform.go:170: TF:       + create_date           = (known after apply)
2021/12/09 12:37:53.801538 github.com/mantil-io/mantil/cli/ui/ui.go:152: /Users/daniel/work/mantil/node/terraform/terraform.go:170: TF:       + force_detach_policies = false
2021/12/09 12:37:53.801560 github.com/mantil-io/mantil/cli/ui/ui.go:152: /Users/daniel/work/mantil/node/terraform/terraform.go:170: TF:       + id                    = (known after apply)
2021/12/09 12:37:53.801580 github.com/mantil-io/mantil/cli/ui/ui.go:152: /Users/daniel/work/mantil/node/terraform/terraform.go:170: TF:       + managed_policy_arns   = (known after apply)
2021/12/09 12:37:53.801599 github.com/mantil-io/mantil/cli/ui/ui.go:152: /Users/daniel/work/mantil/node/terraform/terraform.go:170: TF:       + max_session_duration  = 3600
2021/12/09 12:37:53.801621 github.com/mantil-io/mantil/cli/ui/ui.go:152: /Users/daniel/work/mantil/node/terraform/terraform.go:170: TF:       + name                  = "project-dev-ws-forwarder-aef7a9da"
2021/12/09 12:37:53.801644 github.com/mantil-io/mantil/cli/ui/ui.go:152: /Users/daniel/work/mantil/node/terraform/terraform.go:170: TF:       + name_prefix           = (known after apply)
2021/12/09 12:37:53.801664 github.com/mantil-io/mantil/cli/ui/ui.go:152: /Users/daniel/work/mantil/node/terraform/terraform.go:170: TF:       + path                  = "/"
2021/12/09 12:37:53.801685 github.com/mantil-io/mantil/cli/ui/ui.go:152: /Users/daniel/work/mantil/node/terraform/terraform.go:170: TF:       + tags_all              = {
2021/12/09 12:37:53.801707 github.com/mantil-io/mantil/cli/ui/ui.go:152: /Users/daniel/work/mantil/node/terraform/terraform.go:170: TF:           + "MANTIL_KEY"       = "aef7a9da"
2021/12/09 12:37:53.801727 github.com/mantil-io/mantil/cli/ui/ui.go:152: /Users/daniel/work/mantil/node/terraform/terraform.go:170: TF:           + "MANTIL_PROJECT"   = "project"
2021/12/09 12:37:53.801747 github.com/mantil-io/mantil/cli/ui/ui.go:152: /Users/daniel/work/mantil/node/terraform/terraform.go:170: TF:           + "MANTIL_STAGE"     = "dev"
2021/12/09 12:37:53.801772 github.com/mantil-io/mantil/cli/ui/ui.go:152: /Users/daniel/work/mantil/node/terraform/terraform.go:170: TF:           + "MANTIL_WORKSPACE" = "7enoj5N5Qo-2eSpBHVTBeA"
2021/12/09 12:37:53.801795 github.com/mantil-io/mantil/cli/ui/ui.go:152: /Users/daniel/work/mantil/node/terraform/terraform.go:170: TF:         }
2021/12/09 12:37:53.801815 github.com/mantil-io/mantil/cli/ui/ui.go:152: /Users/daniel/work/mantil/node/terraform/terraform.go:170: TF:       + unique_id             = (known after apply)
2021/12/09 12:37:53.801834 github.com/mantil-io/mantil/cli/ui/ui.go:152: /Users/daniel/work/mantil/node/terraform/terraform.go:170: TF:       + inline_policy {
2021/12/09 12:37:53.801853 github.com/mantil-io/mantil/cli/ui/ui.go:152: /Users/daniel/work/mantil/node/terraform/terraform.go:170: TF:           + name   = (known after apply)
2021/12/09 12:37:53.801876 github.com/mantil-io/mantil/cli/ui/ui.go:152: /Users/daniel/work/mantil/node/terraform/terraform.go:170: TF:           + policy = (known after apply)
2021/12/09 12:37:53.801895 github.com/mantil-io/mantil/cli/ui/ui.go:152: /Users/daniel/work/mantil/node/terraform/terraform.go:170: TF:         }
2021/12/09 12:37:53.801917 github.com/mantil-io/mantil/cli/ui/ui.go:152: /Users/daniel/work/mantil/node/terraform/terraform.go:170: TF:     }
2021/12/09 12:37:53.801945 github.com/mantil-io/mantil/cli/ui/ui.go:152: /Users/daniel/work/mantil/node/terraform/terraform.go:170: TF:   # module.api.module.ws_api[0].aws_iam_role.ws_handler will be created
2021/12/09 12:37:53.801965 github.com/mantil-io/mantil/cli/ui/ui.go:152: /Users/daniel/work/mantil/node/terraform/terraform.go:170: TF:   + resource "aws_iam_role" "ws_handler" {
2021/12/09 12:37:53.801987 github.com/mantil-io/mantil/cli/ui/ui.go:152: /Users/daniel/work/mantil/node/terraform/terraform.go:170: TF:       + arn                   = (known after apply)
2021/12/09 12:37:53.802007 github.com/mantil-io/mantil/cli/ui/ui.go:152: /Users/daniel/work/mantil/node/terraform/terraform.go:170: TF:       + assume_role_policy    = jsonencode(
2021/12/09 12:37:53.802026 github.com/mantil-io/mantil/cli/ui/ui.go:152: /Users/daniel/work/mantil/node/terraform/terraform.go:170: TF:             {
2021/12/09 12:37:53.802045 github.com/mantil-io/mantil/cli/ui/ui.go:152: /Users/daniel/work/mantil/node/terraform/terraform.go:170: TF:               + Statement = [
2021/12/09 12:37:53.802067 github.com/mantil-io/mantil/cli/ui/ui.go:152: /Users/daniel/work/mantil/node/terraform/terraform.go:170: TF:                   + {
2021/12/09 12:37:53.802087 github.com/mantil-io/mantil/cli/ui/ui.go:152: /Users/daniel/work/mantil/node/terraform/terraform.go:170: TF:                       + Action    = "sts:AssumeRole"
2021/12/09 12:37:53.802105 github.com/mantil-io/mantil/cli/ui/ui.go:152: /Users/daniel/work/mantil/node/terraform/terraform.go:170: TF:                       + Effect    = "Allow"
2021/12/09 12:37:53.802132 github.com/mantil-io/mantil/cli/ui/ui.go:152: /Users/daniel/work/mantil/node/terraform/terraform.go:170: TF:                       + Principal = {
2021/12/09 12:37:53.802152 github.com/mantil-io/mantil/cli/ui/ui.go:152: /Users/daniel/work/mantil/node/terraform/terraform.go:170: TF:                           + Service = "lambda.amazonaws.com"
2021/12/09 12:37:53.802172 github.com/mantil-io/mantil/cli/ui/ui.go:152: /Users/daniel/work/mantil/node/terraform/terraform.go:170: TF:                         }
2021/12/09 12:37:53.802192 github.com/mantil-io/mantil/cli/ui/ui.go:152: /Users/daniel/work/mantil/node/terraform/terraform.go:170: TF:                     },
2021/12/09 12:37:53.802210 github.com/mantil-io/mantil/cli/ui/ui.go:152: /Users/daniel/work/mantil/node/terraform/terraform.go:170: TF:                 ]
2021/12/09 12:37:53.802229 github.com/mantil-io/mantil/cli/ui/ui.go:152: /Users/daniel/work/mantil/node/terraform/terraform.go:170: TF:               + Version   = "2012-10-17"
2021/12/09 12:37:53.802251 github.com/mantil-io/mantil/cli/ui/ui.go:152: /Users/daniel/work/mantil/node/terraform/terraform.go:170: TF:             }
2021/12/09 12:37:53.802270 github.com/mantil-io/mantil/cli/ui/ui.go:152: /Users/daniel/work/mantil/node/terraform/terraform.go:170: TF:         )
2021/12/09 12:37:53.802291 github.com/mantil-io/mantil/cli/ui/ui.go:152: /Users/daniel/work/mantil/node/terraform/terraform.go:170: TF:       + create_date           = (known after apply)
2021/12/09 12:37:53.802311 github.com/mantil-io/mantil/cli/ui/ui.go:152: /Users/daniel/work/mantil/node/terraform/terraform.go:170: TF:       + force_detach_policies = false
2021/12/09 12:37:53.802332 github.com/mantil-io/mantil/cli/ui/ui.go:152: /Users/daniel/work/mantil/node/terraform/terraform.go:170: TF:       + id                    = (known after apply)
2021/12/09 12:37:53.802351 github.com/mantil-io/mantil/cli/ui/ui.go:152: /Users/daniel/work/mantil/node/terraform/terraform.go:170: TF:       + managed_policy_arns   = (known after apply)
2021/12/09 12:37:53.802369 github.com/mantil-io/mantil/cli/ui/ui.go:152: /Users/daniel/work/mantil/node/terraform/terraform.go:170: TF:       + max_session_duration  = 3600
2021/12/09 12:37:53.802391 github.com/mantil-io/mantil/cli/ui/ui.go:152: /Users/daniel/work/mantil/node/terraform/terraform.go:170: TF:       + name                  = "project-dev-ws-handler-aef7a9da"
2021/12/09 12:37:53.802411 github.com/mantil-io/mantil/cli/ui/ui.go:152: /Users/daniel/work/mantil/node/terraform/terraform.go:170: TF:       + name_prefix           = (known after apply)
2021/12/09 12:37:53.802433 github.com/mantil-io/mantil/cli/ui/ui.go:152: /Users/daniel/work/mantil/node/terraform/terraform.go:170: TF:       + path                  = "/"
2021/12/09 12:37:53.802453 github.com/mantil-io/mantil/cli/ui/ui.go:152: /Users/daniel/work/mantil/node/terraform/terraform.go:170: TF:       + tags_all              = {
2021/12/09 12:37:53.802473 github.com/mantil-io/mantil/cli/ui/ui.go:152: /Users/daniel/work/mantil/node/terraform/terraform.go:170: TF:           + "MANTIL_KEY"       = "aef7a9da"
2021/12/09 12:37:53.802496 github.com/mantil-io/mantil/cli/ui/ui.go:152: /Users/daniel/work/mantil/node/terraform/terraform.go:170: TF:           + "MANTIL_PROJECT"   = "project"
2021/12/09 12:37:53.802517 github.com/mantil-io/mantil/cli/ui/ui.go:152: /Users/daniel/work/mantil/node/terraform/terraform.go:170: TF:           + "MANTIL_STAGE"     = "dev"
2021/12/09 12:37:53.802536 github.com/mantil-io/mantil/cli/ui/ui.go:152: /Users/daniel/work/mantil/node/terraform/terraform.go:170: TF:           + "MANTIL_WORKSPACE" = "7enoj5N5Qo-2eSpBHVTBeA"
2021/12/09 12:37:53.802574 github.com/mantil-io/mantil/cli/ui/ui.go:152: /Users/daniel/work/mantil/node/terraform/terraform.go:170: TF:         }
2021/12/09 12:37:53.802599 github.com/mantil-io/mantil/cli/ui/ui.go:152: /Users/daniel/work/mantil/node/terraform/terraform.go:170: TF:       + unique_id             = (known after apply)
2021/12/09 12:37:53.802620 github.com/mantil-io/mantil/cli/ui/ui.go:152: /Users/daniel/work/mantil/node/terraform/terraform.go:170: TF:       + inline_policy {
2021/12/09 12:37:53.802691 github.com/mantil-io/mantil/cli/ui/ui.go:152: /Users/daniel/work/mantil/node/terraform/terraform.go:170: TF:           + name   = (known after apply)
2021/12/09 12:37:53.802735 github.com/mantil-io/mantil/cli/ui/ui.go:152: /Users/daniel/work/mantil/node/terraform/terraform.go:170: TF:           + policy = (known after apply)
2021/12/09 12:37:53.802767 github.com/mantil-io/mantil/cli/ui/ui.go:152: /Users/daniel/work/mantil/node/terraform/terraform.go:170: TF:         }
2021/12/09 12:37:53.802793 github.com/mantil-io/mantil/cli/ui/ui.go:152: /Users/daniel/work/mantil/node/terraform/terraform.go:170: TF:     }
2021/12/09 12:37:53.802816 github.com/mantil-io/mantil/cli/ui/ui.go:152: /Users/daniel/work/mantil/node/terraform/terraform.go:170: TF:   # module.api.module.ws_api[0].aws_iam_role_policy.ws_forwarder will be created
2021/12/09 12:37:53.802840 github.com/mantil-io/mantil/cli/ui/ui.go:152: /Users/daniel/work/mantil/node/terraform/terraform.go:170: TF:   + resource "aws_iam_role_policy" "ws_forwarder" {
2021/12/09 12:37:53.802881 github.com/mantil-io/mantil/cli/ui/ui.go:152: /Users/daniel/work/mantil/node/terraform/terraform.go:170: TF:       + id     = (known after apply)
2021/12/09 12:37:53.802902 github.com/mantil-io/mantil/cli/ui/ui.go:152: /Users/daniel/work/mantil/node/terraform/terraform.go:170: TF:       + name   = "project-dev-ws-forwarder-aef7a9da"
2021/12/09 12:37:53.802924 github.com/mantil-io/mantil/cli/ui/ui.go:152: /Users/daniel/work/mantil/node/terraform/terraform.go:170: TF:       + policy = (known after apply)
2021/12/09 12:37:53.802944 github.com/mantil-io/mantil/cli/ui/ui.go:152: /Users/daniel/work/mantil/node/terraform/terraform.go:170: TF:       + role   = (known after apply)
2021/12/09 12:37:53.802967 github.com/mantil-io/mantil/cli/ui/ui.go:152: /Users/daniel/work/mantil/node/terraform/terraform.go:170: TF:     }
2021/12/09 12:37:53.802988 github.com/mantil-io/mantil/cli/ui/ui.go:152: /Users/daniel/work/mantil/node/terraform/terraform.go:170: TF:   # module.api.module.ws_api[0].aws_iam_role_policy.ws_handler will be created
2021/12/09 12:37:53.803008 github.com/mantil-io/mantil/cli/ui/ui.go:152: /Users/daniel/work/mantil/node/terraform/terraform.go:170: TF:   + resource "aws_iam_role_policy" "ws_handler" {
2021/12/09 12:37:53.803026 github.com/mantil-io/mantil/cli/ui/ui.go:152: /Users/daniel/work/mantil/node/terraform/terraform.go:170: TF:       + id     = (known after apply)
2021/12/09 12:37:53.803115 github.com/mantil-io/mantil/cli/ui/ui.go:152: /Users/daniel/work/mantil/node/terraform/terraform.go:170: TF:       + name   = "project-dev-ws-handler-aef7a9da"
2021/12/09 12:37:53.803139 github.com/mantil-io/mantil/cli/ui/ui.go:152: /Users/daniel/work/mantil/node/terraform/terraform.go:170: TF:       + policy = jsonencode(
2021/12/09 12:37:53.803161 github.com/mantil-io/mantil/cli/ui/ui.go:152: /Users/daniel/work/mantil/node/terraform/terraform.go:170: TF:             {
2021/12/09 12:37:53.803181 github.com/mantil-io/mantil/cli/ui/ui.go:152: /Users/daniel/work/mantil/node/terraform/terraform.go:170: TF:               + Statement = [
2021/12/09 12:37:53.803199 github.com/mantil-io/mantil/cli/ui/ui.go:152: /Users/daniel/work/mantil/node/terraform/terraform.go:170: TF:                   + {
2021/12/09 12:37:53.803225 github.com/mantil-io/mantil/cli/ui/ui.go:152: /Users/daniel/work/mantil/node/terraform/terraform.go:170: TF:                       + Action   = "lambda:InvokeFunction"
2021/12/09 12:37:53.803249 github.com/mantil-io/mantil/cli/ui/ui.go:152: /Users/daniel/work/mantil/node/terraform/terraform.go:170: TF:                       + Effect   = "Allow"
2021/12/09 12:37:53.803270 github.com/mantil-io/mantil/cli/ui/ui.go:152: /Users/daniel/work/mantil/node/terraform/terraform.go:170: TF:                       + Resource = "arn:aws:lambda:*:*:function:project-dev-*-aef7a9da"
2021/12/09 12:37:53.803300 github.com/mantil-io/mantil/cli/ui/ui.go:152: /Users/daniel/work/mantil/node/terraform/terraform.go:170: TF:                       + Sid      = ""
2021/12/09 12:37:53.803320 github.com/mantil-io/mantil/cli/ui/ui.go:152: /Users/daniel/work/mantil/node/terraform/terraform.go:170: TF:                     },
2021/12/09 12:37:53.803339 github.com/mantil-io/mantil/cli/ui/ui.go:152: /Users/daniel/work/mantil/node/terraform/terraform.go:170: TF:                   + {
2021/12/09 12:37:53.803358 github.com/mantil-io/mantil/cli/ui/ui.go:152: /Users/daniel/work/mantil/node/terraform/terraform.go:170: TF:                       + Action   = [
2021/12/09 12:37:53.803382 github.com/mantil-io/mantil/cli/ui/ui.go:152: /Users/daniel/work/mantil/node/terraform/terraform.go:170: TF:                           + "dynamodb:Query",
2021/12/09 12:37:53.803402 github.com/mantil-io/mantil/cli/ui/ui.go:152: /Users/daniel/work/mantil/node/terraform/terraform.go:170: TF:                           + "dynamodb:PutItem",
2021/12/09 12:37:53.803420 github.com/mantil-io/mantil/cli/ui/ui.go:152: /Users/daniel/work/mantil/node/terraform/terraform.go:170: TF:                           + "dynamodb:GetItem",
2021/12/09 12:37:53.803436 github.com/mantil-io/mantil/cli/ui/ui.go:152: /Users/daniel/work/mantil/node/terraform/terraform.go:170: TF:                           + "dynamodb:DescribeTable",
2021/12/09 12:37:53.803450 github.com/mantil-io/mantil/cli/ui/ui.go:152: /Users/daniel/work/mantil/node/terraform/terraform.go:170: TF:                           + "dynamodb:DeleteItem",
2021/12/09 12:37:53.803468 github.com/mantil-io/mantil/cli/ui/ui.go:152: /Users/daniel/work/mantil/node/terraform/terraform.go:170: TF:                           + "dynamodb:BatchWriteItem",
2021/12/09 12:37:53.803483 github.com/mantil-io/mantil/cli/ui/ui.go:152: /Users/daniel/work/mantil/node/terraform/terraform.go:170: TF:                           + "dynamodb:BatchGetItem",
2021/12/09 12:37:53.803498 github.com/mantil-io/mantil/cli/ui/ui.go:152: /Users/daniel/work/mantil/node/terraform/terraform.go:170: TF:                         ]
2021/12/09 12:37:53.803515 github.com/mantil-io/mantil/cli/ui/ui.go:152: /Users/daniel/work/mantil/node/terraform/terraform.go:170: TF:                       + Effect   = "Allow"
2021/12/09 12:37:53.803533 github.com/mantil-io/mantil/cli/ui/ui.go:152: /Users/daniel/work/mantil/node/terraform/terraform.go:170: TF:                       + Resource = "arn:aws:dynamodb:*:*:table/mantil-project-dev-ws-conns-aef7a9da"
2021/12/09 12:37:53.803550 github.com/mantil-io/mantil/cli/ui/ui.go:152: /Users/daniel/work/mantil/node/terraform/terraform.go:170: TF:                       + Sid      = ""
2021/12/09 12:37:53.803565 github.com/mantil-io/mantil/cli/ui/ui.go:152: /Users/daniel/work/mantil/node/terraform/terraform.go:170: TF:                     },
2021/12/09 12:37:53.803580 github.com/mantil-io/mantil/cli/ui/ui.go:152: /Users/daniel/work/mantil/node/terraform/terraform.go:170: TF:                   + {
2021/12/09 12:37:53.803597 github.com/mantil-io/mantil/cli/ui/ui.go:152: /Users/daniel/work/mantil/node/terraform/terraform.go:170: TF:                       + Action   = [
2021/12/09 12:37:53.803615 github.com/mantil-io/mantil/cli/ui/ui.go:152: /Users/daniel/work/mantil/node/terraform/terraform.go:170: TF:                           + "logs:PutLogEvents",
2021/12/09 12:37:53.803629 github.com/mantil-io/mantil/cli/ui/ui.go:152: /Users/daniel/work/mantil/node/terraform/terraform.go:170: TF:                           + "logs:CreateLogStream",
2021/12/09 12:37:53.803646 github.com/mantil-io/mantil/cli/ui/ui.go:152: /Users/daniel/work/mantil/node/terraform/terraform.go:170: TF:                         ]
2021/12/09 12:37:53.803679 github.com/mantil-io/mantil/cli/ui/ui.go:152: /Users/daniel/work/mantil/node/terraform/terraform.go:170: TF:                       + Effect   = "Allow"
2021/12/09 12:37:53.803710 github.com/mantil-io/mantil/cli/ui/ui.go:152: /Users/daniel/work/mantil/node/terraform/terraform.go:170: TF:                       + Resource = [
2021/12/09 12:37:53.803729 github.com/mantil-io/mantil/cli/ui/ui.go:152: /Users/daniel/work/mantil/node/terraform/terraform.go:170: TF:                           + "arn:aws:logs:*:*:log-group:*-aef7a9da:log-stream:*",
2021/12/09 12:37:53.803748 github.com/mantil-io/mantil/cli/ui/ui.go:152: /Users/daniel/work/mantil/node/terraform/terraform.go:170: TF:                           + "arn:aws:logs:*:*:log-group:*-aef7a9da",
2021/12/09 12:37:53.803766 github.com/mantil-io/mantil/cli/ui/ui.go:152: /Users/daniel/work/mantil/node/terraform/terraform.go:170: TF:                         ]
2021/12/09 12:37:53.803782 github.com/mantil-io/mantil/cli/ui/ui.go:152: /Users/daniel/work/mantil/node/terraform/terraform.go:170: TF:                       + Sid      = ""
2021/12/09 12:37:53.803798 github.com/mantil-io/mantil/cli/ui/ui.go:152: /Users/daniel/work/mantil/node/terraform/terraform.go:170: TF:                     },
2021/12/09 12:37:53.803817 github.com/mantil-io/mantil/cli/ui/ui.go:152: /Users/daniel/work/mantil/node/terraform/terraform.go:170: TF:                 ]
2021/12/09 12:37:53.803833 github.com/mantil-io/mantil/cli/ui/ui.go:152: /Users/daniel/work/mantil/node/terraform/terraform.go:170: TF:               + Version   = "2012-10-17"
2021/12/09 12:37:53.803848 github.com/mantil-io/mantil/cli/ui/ui.go:152: /Users/daniel/work/mantil/node/terraform/terraform.go:170: TF:             }
2021/12/09 12:37:53.803868 github.com/mantil-io/mantil/cli/ui/ui.go:152: /Users/daniel/work/mantil/node/terraform/terraform.go:170: TF:         )
2021/12/09 12:37:53.803884 github.com/mantil-io/mantil/cli/ui/ui.go:152: /Users/daniel/work/mantil/node/terraform/terraform.go:170: TF:       + role   = (known after apply)
2021/12/09 12:37:53.803898 github.com/mantil-io/mantil/cli/ui/ui.go:152: /Users/daniel/work/mantil/node/terraform/terraform.go:170: TF:     }
2021/12/09 12:37:53.803917 github.com/mantil-io/mantil/cli/ui/ui.go:152: /Users/daniel/work/mantil/node/terraform/terraform.go:170: TF:   # module.api.module.ws_api[0].aws_lambda_function.ws_forwarder will be created
2021/12/09 12:37:53.803932 github.com/mantil-io/mantil/cli/ui/ui.go:152: /Users/daniel/work/mantil/node/terraform/terraform.go:170: TF:   + resource "aws_lambda_function" "ws_forwarder" {
2021/12/09 12:37:53.803948 github.com/mantil-io/mantil/cli/ui/ui.go:152: /Users/daniel/work/mantil/node/terraform/terraform.go:170: TF:       + architectures                  = [
2021/12/09 12:37:53.803965 github.com/mantil-io/mantil/cli/ui/ui.go:152: /Users/daniel/work/mantil/node/terraform/terraform.go:170: TF:           + "arm64",
2021/12/09 12:37:53.803980 github.com/mantil-io/mantil/cli/ui/ui.go:152: /Users/daniel/work/mantil/node/terraform/terraform.go:170: TF:         ]
2021/12/09 12:37:53.804003 github.com/mantil-io/mantil/cli/ui/ui.go:152: /Users/daniel/work/mantil/node/terraform/terraform.go:170: TF:       + arn                            = (known after apply)
2021/12/09 12:37:53.804019 github.com/mantil-io/mantil/cli/ui/ui.go:152: /Users/daniel/work/mantil/node/terraform/terraform.go:170: TF:       + function_name                  = "mantil-project-dev-ws-forwarder-aef7a9da"
2021/12/09 12:37:53.804037 github.com/mantil-io/mantil/cli/ui/ui.go:152: /Users/daniel/work/mantil/node/terraform/terraform.go:170: TF:       + handler                        = "runtime"
2021/12/09 12:37:53.804053 github.com/mantil-io/mantil/cli/ui/ui.go:152: /Users/daniel/work/mantil/node/terraform/terraform.go:170: TF:       + id                             = (known after apply)
2021/12/09 12:37:53.804068 github.com/mantil-io/mantil/cli/ui/ui.go:152: /Users/daniel/work/mantil/node/terraform/terraform.go:170: TF:       + invoke_arn                     = (known after apply)
2021/12/09 12:37:53.804084 github.com/mantil-io/mantil/cli/ui/ui.go:152: /Users/daniel/work/mantil/node/terraform/terraform.go:170: TF:       + last_modified                  = (known after apply)
2021/12/09 12:37:53.804099 github.com/mantil-io/mantil/cli/ui/ui.go:152: /Users/daniel/work/mantil/node/terraform/terraform.go:170: TF:       + memory_size                    = 128
2021/12/09 12:37:53.804116 github.com/mantil-io/mantil/cli/ui/ui.go:152: /Users/daniel/work/mantil/node/terraform/terraform.go:170: TF:       + package_type                   = "Zip"
2021/12/09 12:37:53.804132 github.com/mantil-io/mantil/cli/ui/ui.go:152: /Users/daniel/work/mantil/node/terraform/terraform.go:170: TF:       + publish                        = false
2021/12/09 12:37:53.804149 github.com/mantil-io/mantil/cli/ui/ui.go:152: /Users/daniel/work/mantil/node/terraform/terraform.go:170: TF:       + qualified_arn                  = (known after apply)
2021/12/09 12:37:53.804164 github.com/mantil-io/mantil/cli/ui/ui.go:152: /Users/daniel/work/mantil/node/terraform/terraform.go:170: TF:       + reserved_concurrent_executions = -1
2021/12/09 12:37:53.804181 github.com/mantil-io/mantil/cli/ui/ui.go:152: /Users/daniel/work/mantil/node/terraform/terraform.go:170: TF:       + role                           = (known after apply)
2021/12/09 12:37:53.804196 github.com/mantil-io/mantil/cli/ui/ui.go:152: /Users/daniel/work/mantil/node/terraform/terraform.go:170: TF:       + runtime                        = "provided.al2"
2021/12/09 12:37:53.804211 github.com/mantil-io/mantil/cli/ui/ui.go:152: /Users/daniel/work/mantil/node/terraform/terraform.go:170: TF:       + s3_bucket                      = "mantil-releases"
2021/12/09 12:37:53.804229 github.com/mantil-io/mantil/cli/ui/ui.go:152: /Users/daniel/work/mantil/node/terraform/terraform.go:170: TF:       + s3_key                         = "dev/daniel/v0.2.2/ws-forwarder.zip"
2021/12/09 12:37:53.804245 github.com/mantil-io/mantil/cli/ui/ui.go:152: /Users/daniel/work/mantil/node/terraform/terraform.go:170: TF:       + signing_job_arn                = (known after apply)
2021/12/09 12:37:53.804261 github.com/mantil-io/mantil/cli/ui/ui.go:152: /Users/daniel/work/mantil/node/terraform/terraform.go:170: TF:       + signing_profile_version_arn    = (known after apply)
2021/12/09 12:37:53.804279 github.com/mantil-io/mantil/cli/ui/ui.go:152: /Users/daniel/work/mantil/node/terraform/terraform.go:170: TF:       + source_code_hash               = (known after apply)
2021/12/09 12:37:53.804294 github.com/mantil-io/mantil/cli/ui/ui.go:152: /Users/daniel/work/mantil/node/terraform/terraform.go:170: TF:       + source_code_size               = (known after apply)
2021/12/09 12:37:53.804309 github.com/mantil-io/mantil/cli/ui/ui.go:152: /Users/daniel/work/mantil/node/terraform/terraform.go:170: TF:       + tags_all                       = {
2021/12/09 12:37:53.804327 github.com/mantil-io/mantil/cli/ui/ui.go:152: /Users/daniel/work/mantil/node/terraform/terraform.go:170: TF:           + "MANTIL_KEY"       = "aef7a9da"
2021/12/09 12:37:53.804342 github.com/mantil-io/mantil/cli/ui/ui.go:152: /Users/daniel/work/mantil/node/terraform/terraform.go:170: TF:           + "MANTIL_PROJECT"   = "project"
2021/12/09 12:37:53.804360 github.com/mantil-io/mantil/cli/ui/ui.go:152: /Users/daniel/work/mantil/node/terraform/terraform.go:170: TF:           + "MANTIL_STAGE"     = "dev"
2021/12/09 12:37:53.804376 github.com/mantil-io/mantil/cli/ui/ui.go:152: /Users/daniel/work/mantil/node/terraform/terraform.go:170: TF:           + "MANTIL_WORKSPACE" = "7enoj5N5Qo-2eSpBHVTBeA"
2021/12/09 12:37:53.804393 github.com/mantil-io/mantil/cli/ui/ui.go:152: /Users/daniel/work/mantil/node/terraform/terraform.go:170: TF:         }
2021/12/09 12:37:53.804408 github.com/mantil-io/mantil/cli/ui/ui.go:152: /Users/daniel/work/mantil/node/terraform/terraform.go:170: TF:       + timeout                        = 3
2021/12/09 12:37:53.804423 github.com/mantil-io/mantil/cli/ui/ui.go:152: /Users/daniel/work/mantil/node/terraform/terraform.go:170: TF:       + version                        = (known after apply)
2021/12/09 12:37:53.804440 github.com/mantil-io/mantil/cli/ui/ui.go:152: /Users/daniel/work/mantil/node/terraform/terraform.go:170: TF:       + environment {
2021/12/09 12:37:53.804456 github.com/mantil-io/mantil/cli/ui/ui.go:152: /Users/daniel/work/mantil/node/terraform/terraform.go:170: TF:           + variables = {
2021/12/09 12:37:53.804473 github.com/mantil-io/mantil/cli/ui/ui.go:152: /Users/daniel/work/mantil/node/terraform/terraform.go:170: TF:               + "MANTIL_CONFIG"   = "eyJhcGlUb0ZuIjp7InBpbmciOiJwcm9qZWN0LWRldi1waW5nLWFlZjdhOWRhIn19"
2021/12/09 12:37:53.804491 github.com/mantil-io/mantil/cli/ui/ui.go:152: /Users/daniel/work/mantil/node/terraform/terraform.go:170: TF:               + "MANTIL_KV_TABLE" = "mantil-project-dev-ws-conns-aef7a9da"
2021/12/09 12:37:53.804506 github.com/mantil-io/mantil/cli/ui/ui.go:152: /Users/daniel/work/mantil/node/terraform/terraform.go:170: TF:             }
2021/12/09 12:37:53.804523 github.com/mantil-io/mantil/cli/ui/ui.go:152: /Users/daniel/work/mantil/node/terraform/terraform.go:170: TF:         }
2021/12/09 12:37:53.804538 github.com/mantil-io/mantil/cli/ui/ui.go:152: /Users/daniel/work/mantil/node/terraform/terraform.go:170: TF:       + tracing_config {
2021/12/09 12:37:53.804555 github.com/mantil-io/mantil/cli/ui/ui.go:152: /Users/daniel/work/mantil/node/terraform/terraform.go:170: TF:           + mode = (known after apply)
2021/12/09 12:37:53.804575 github.com/mantil-io/mantil/cli/ui/ui.go:152: /Users/daniel/work/mantil/node/terraform/terraform.go:170: TF:         }
2021/12/09 12:37:53.804602 github.com/mantil-io/mantil/cli/ui/ui.go:152: /Users/daniel/work/mantil/node/terraform/terraform.go:170: TF:     }
2021/12/09 12:37:53.804619 github.com/mantil-io/mantil/cli/ui/ui.go:152: /Users/daniel/work/mantil/node/terraform/terraform.go:170: TF:   # module.api.module.ws_api[0].aws_lambda_function.ws_handler will be created
2021/12/09 12:37:53.804634 github.com/mantil-io/mantil/cli/ui/ui.go:152: /Users/daniel/work/mantil/node/terraform/terraform.go:170: TF:   + resource "aws_lambda_function" "ws_handler" {
2021/12/09 12:37:53.804652 github.com/mantil-io/mantil/cli/ui/ui.go:152: /Users/daniel/work/mantil/node/terraform/terraform.go:170: TF:       + architectures                  = [
2021/12/09 12:37:53.804669 github.com/mantil-io/mantil/cli/ui/ui.go:152: /Users/daniel/work/mantil/node/terraform/terraform.go:170: TF:           + "arm64",
2021/12/09 12:37:53.804683 github.com/mantil-io/mantil/cli/ui/ui.go:152: /Users/daniel/work/mantil/node/terraform/terraform.go:170: TF:         ]
2021/12/09 12:37:53.804700 github.com/mantil-io/mantil/cli/ui/ui.go:152: /Users/daniel/work/mantil/node/terraform/terraform.go:170: TF:       + arn                            = (known after apply)
2021/12/09 12:37:53.804716 github.com/mantil-io/mantil/cli/ui/ui.go:152: /Users/daniel/work/mantil/node/terraform/terraform.go:170: TF:       + function_name                  = "mantil-project-dev-ws-handler-aef7a9da"
2021/12/09 12:37:53.804731 github.com/mantil-io/mantil/cli/ui/ui.go:152: /Users/daniel/work/mantil/node/terraform/terraform.go:170: TF:       + handler                        = "bootstrap"
2021/12/09 12:37:53.804748 github.com/mantil-io/mantil/cli/ui/ui.go:152: /Users/daniel/work/mantil/node/terraform/terraform.go:170: TF:       + id                             = (known after apply)
2021/12/09 12:37:53.804763 github.com/mantil-io/mantil/cli/ui/ui.go:152: /Users/daniel/work/mantil/node/terraform/terraform.go:170: TF:       + invoke_arn                     = (known after apply)
2021/12/09 12:37:53.804778 github.com/mantil-io/mantil/cli/ui/ui.go:152: /Users/daniel/work/mantil/node/terraform/terraform.go:170: TF:       + last_modified                  = (known after apply)
2021/12/09 12:37:53.804795 github.com/mantil-io/mantil/cli/ui/ui.go:152: /Users/daniel/work/mantil/node/terraform/terraform.go:170: TF:       + memory_size                    = 128
2021/12/09 12:37:53.804811 github.com/mantil-io/mantil/cli/ui/ui.go:152: /Users/daniel/work/mantil/node/terraform/terraform.go:170: TF:       + package_type                   = "Zip"
2021/12/09 12:37:53.804826 github.com/mantil-io/mantil/cli/ui/ui.go:152: /Users/daniel/work/mantil/node/terraform/terraform.go:170: TF:       + publish                        = false
2021/12/09 12:37:53.804843 github.com/mantil-io/mantil/cli/ui/ui.go:152: /Users/daniel/work/mantil/node/terraform/terraform.go:170: TF:       + qualified_arn                  = (known after apply)
2021/12/09 12:37:53.804858 github.com/mantil-io/mantil/cli/ui/ui.go:152: /Users/daniel/work/mantil/node/terraform/terraform.go:170: TF:       + reserved_concurrent_executions = -1
2021/12/09 12:37:53.804874 github.com/mantil-io/mantil/cli/ui/ui.go:152: /Users/daniel/work/mantil/node/terraform/terraform.go:170: TF:       + role                           = (known after apply)
2021/12/09 12:37:53.804890 github.com/mantil-io/mantil/cli/ui/ui.go:152: /Users/daniel/work/mantil/node/terraform/terraform.go:170: TF:       + runtime                        = "provided.al2"
2021/12/09 12:37:53.804904 github.com/mantil-io/mantil/cli/ui/ui.go:152: /Users/daniel/work/mantil/node/terraform/terraform.go:170: TF:       + s3_bucket                      = "mantil-releases"
2021/12/09 12:37:53.804923 github.com/mantil-io/mantil/cli/ui/ui.go:152: /Users/daniel/work/mantil/node/terraform/terraform.go:170: TF:       + s3_key                         = "dev/daniel/v0.2.2/ws-handler.zip"
2021/12/09 12:37:53.804938 github.com/mantil-io/mantil/cli/ui/ui.go:152: /Users/daniel/work/mantil/node/terraform/terraform.go:170: TF:       + signing_job_arn                = (known after apply)
2021/12/09 12:37:53.804992 github.com/mantil-io/mantil/cli/ui/ui.go:152: /Users/daniel/work/mantil/node/terraform/terraform.go:170: TF:       + signing_profile_version_arn    = (known after apply)
2021/12/09 12:37:53.805008 github.com/mantil-io/mantil/cli/ui/ui.go:152: /Users/daniel/work/mantil/node/terraform/terraform.go:170: TF:       + source_code_hash               = (known after apply)
2021/12/09 12:37:53.805022 github.com/mantil-io/mantil/cli/ui/ui.go:152: /Users/daniel/work/mantil/node/terraform/terraform.go:170: TF:       + source_code_size               = (known after apply)
2021/12/09 12:37:53.805039 github.com/mantil-io/mantil/cli/ui/ui.go:152: /Users/daniel/work/mantil/node/terraform/terraform.go:170: TF:       + tags_all                       = {
2021/12/09 12:37:53.805054 github.com/mantil-io/mantil/cli/ui/ui.go:152: /Users/daniel/work/mantil/node/terraform/terraform.go:170: TF:           + "MANTIL_KEY"       = "aef7a9da"
2021/12/09 12:37:53.805072 github.com/mantil-io/mantil/cli/ui/ui.go:152: /Users/daniel/work/mantil/node/terraform/terraform.go:170: TF:           + "MANTIL_PROJECT"   = "project"
2021/12/09 12:37:53.805088 github.com/mantil-io/mantil/cli/ui/ui.go:152: /Users/daniel/work/mantil/node/terraform/terraform.go:170: TF:           + "MANTIL_STAGE"     = "dev"
2021/12/09 12:37:53.805104 github.com/mantil-io/mantil/cli/ui/ui.go:152: /Users/daniel/work/mantil/node/terraform/terraform.go:170: TF:           + "MANTIL_WORKSPACE" = "7enoj5N5Qo-2eSpBHVTBeA"
2021/12/09 12:37:53.805119 github.com/mantil-io/mantil/cli/ui/ui.go:152: /Users/daniel/work/mantil/node/terraform/terraform.go:170: TF:         }
2021/12/09 12:37:53.805136 github.com/mantil-io/mantil/cli/ui/ui.go:152: /Users/daniel/work/mantil/node/terraform/terraform.go:170: TF:       + timeout                        = 3
2021/12/09 12:37:53.805151 github.com/mantil-io/mantil/cli/ui/ui.go:152: /Users/daniel/work/mantil/node/terraform/terraform.go:170: TF:       + version                        = (known after apply)
2021/12/09 12:37:53.805166 github.com/mantil-io/mantil/cli/ui/ui.go:152: /Users/daniel/work/mantil/node/terraform/terraform.go:170: TF:       + environment {
2021/12/09 12:37:53.805183 github.com/mantil-io/mantil/cli/ui/ui.go:152: /Users/daniel/work/mantil/node/terraform/terraform.go:170: TF:           + variables = {
2021/12/09 12:37:53.805200 github.com/mantil-io/mantil/cli/ui/ui.go:152: /Users/daniel/work/mantil/node/terraform/terraform.go:170: TF:               + "MANTIL_CONFIG"   = "eyJhcGlUb0ZuIjp7InBpbmciOiJwcm9qZWN0LWRldi1waW5nLWFlZjdhOWRhIn19"
2021/12/09 12:37:53.805216 github.com/mantil-io/mantil/cli/ui/ui.go:152: /Users/daniel/work/mantil/node/terraform/terraform.go:170: TF:               + "MANTIL_KV_TABLE" = "mantil-project-dev-ws-conns-aef7a9da"
2021/12/09 12:37:53.805233 github.com/mantil-io/mantil/cli/ui/ui.go:152: /Users/daniel/work/mantil/node/terraform/terraform.go:170: TF:             }
2021/12/09 12:37:53.805249 github.com/mantil-io/mantil/cli/ui/ui.go:152: /Users/daniel/work/mantil/node/terraform/terraform.go:170: TF:         }
2021/12/09 12:37:53.805264 github.com/mantil-io/mantil/cli/ui/ui.go:152: /Users/daniel/work/mantil/node/terraform/terraform.go:170: TF:       + tracing_config {
2021/12/09 12:37:53.805290 github.com/mantil-io/mantil/cli/ui/ui.go:152: /Users/daniel/work/mantil/node/terraform/terraform.go:170: TF:           + mode = (known after apply)
2021/12/09 12:37:53.805332 github.com/mantil-io/mantil/cli/ui/ui.go:152: /Users/daniel/work/mantil/node/terraform/terraform.go:170: TF:         }
2021/12/09 12:37:53.805355 github.com/mantil-io/mantil/cli/ui/ui.go:152: /Users/daniel/work/mantil/node/terraform/terraform.go:170: TF:     }
2021/12/09 12:37:53.805376 github.com/mantil-io/mantil/cli/ui/ui.go:152: /Users/daniel/work/mantil/node/terraform/terraform.go:170: TF:   # module.api.module.ws_api[0].aws_lambda_permission.ws_handler_api_gateway_invoke will be created
2021/12/09 12:37:53.805390 github.com/mantil-io/mantil/cli/ui/ui.go:152: /Users/daniel/work/mantil/node/terraform/terraform.go:170: TF:   + resource "aws_lambda_permission" "ws_handler_api_gateway_invoke" {
2021/12/09 12:37:53.805402 github.com/mantil-io/mantil/cli/ui/ui.go:152: /Users/daniel/work/mantil/node/terraform/terraform.go:170: TF:       + action        = "lambda:InvokeFunction"
2021/12/09 12:37:53.805416 github.com/mantil-io/mantil/cli/ui/ui.go:152: /Users/daniel/work/mantil/node/terraform/terraform.go:170: TF:       + function_name = "mantil-project-dev-ws-handler-aef7a9da"
2021/12/09 12:37:53.805429 github.com/mantil-io/mantil/cli/ui/ui.go:152: /Users/daniel/work/mantil/node/terraform/terraform.go:170: TF:       + id            = (known after apply)
2021/12/09 12:37:53.805444 github.com/mantil-io/mantil/cli/ui/ui.go:152: /Users/daniel/work/mantil/node/terraform/terraform.go:170: TF:       + principal     = "apigateway.amazonaws.com"
2021/12/09 12:37:53.805459 github.com/mantil-io/mantil/cli/ui/ui.go:152: /Users/daniel/work/mantil/node/terraform/terraform.go:170: TF:       + source_arn    = (known after apply)
2021/12/09 12:37:53.805472 github.com/mantil-io/mantil/cli/ui/ui.go:152: /Users/daniel/work/mantil/node/terraform/terraform.go:170: TF:       + statement_id  = "AllowAPIGatewayInvoke"
2021/12/09 12:37:53.805485 github.com/mantil-io/mantil/cli/ui/ui.go:152: /Users/daniel/work/mantil/node/terraform/terraform.go:170: TF:     }
2021/12/09 12:37:53.805559 github.com/mantil-io/mantil/cli/ui/ui.go:152: /Users/daniel/work/mantil/node/terraform/terraform.go:170: TF: Plan: 35 to add, 0 to change, 0 to destroy.
2021/12/09 12:37:53.805577 github.com/mantil-io/mantil/cli/ui/ui.go:152: /Users/daniel/work/mantil/node/terraform/terraform.go:170: TF: Changes to Outputs:
2021/12/09 12:37:53.805590 github.com/mantil-io/mantil/cli/ui/ui.go:152: /Users/daniel/work/mantil/node/terraform/terraform.go:170: TF:   + functions_bucket = "mantil-aef7a9da"
2021/12/09 12:37:53.805603 github.com/mantil-io/mantil/cli/ui/ui.go:152: /Users/daniel/work/mantil/node/terraform/terraform.go:170: TF:   + url              = (known after apply)
2021/12/09 12:37:53.805615 github.com/mantil-io/mantil/cli/ui/ui.go:152: /Users/daniel/work/mantil/node/terraform/terraform.go:170: TF:   + ws_url           = (known after apply)
2021/12/09 12:37:55.464602 github.com/mantil-io/mantil/cli/ui/ui.go:152: /Users/daniel/work/mantil/node/terraform/terraform.go:170: TF: module.functions.aws_iam_role.lambda["ping"]: Creating...
2021/12/09 12:37:55.464898 github.com/mantil-io/mantil/cli/ui/ui.go:152: /Users/daniel/work/mantil/node/terraform/terraform.go:170: TF: module.api.module.http_api.aws_cloudwatch_log_group.http_access_logs: Creating...
2021/12/09 12:37:55.465243 github.com/mantil-io/mantil/cli/ui/ui.go:152: /Users/daniel/work/mantil/node/terraform/terraform.go:170: TF: module.api.module.ws_api[0].aws_cloudwatch_log_group.ws_handler_log_group: Creating...
2021/12/09 12:37:55.465339 github.com/mantil-io/mantil/cli/ui/ui.go:152: /Users/daniel/work/mantil/node/terraform/terraform.go:170: TF: module.api.module.ws_api[0].aws_apigatewayv2_api.ws: Creating...
2021/12/09 12:37:55.465449 github.com/mantil-io/mantil/cli/ui/ui.go:152: /Users/daniel/work/mantil/node/terraform/terraform.go:170: TF: module.functions.aws_cloudwatch_log_group.functions_log_groups["ping"]: Creating...
2021/12/09 12:37:55.465596 github.com/mantil-io/mantil/cli/ui/ui.go:152: /Users/daniel/work/mantil/node/terraform/terraform.go:170: TF: module.api.module.ws_api[0].aws_iam_role.ws_forwarder: Creating...
2021/12/09 12:37:55.465716 github.com/mantil-io/mantil/cli/ui/ui.go:152: /Users/daniel/work/mantil/node/terraform/terraform.go:170: TF: module.api.module.ws_api[0].aws_cloudwatch_log_group.ws_access_logs: Creating...
2021/12/09 12:37:55.465846 github.com/mantil-io/mantil/cli/ui/ui.go:152: /Users/daniel/work/mantil/node/terraform/terraform.go:170: TF: module.api.module.ws_api[0].aws_cloudwatch_log_group.ws_forwarder_log_group: Creating...
2021/12/09 12:37:55.465939 github.com/mantil-io/mantil/cli/ui/ui.go:152: /Users/daniel/work/mantil/node/terraform/terraform.go:170: TF: module.api.module.http_api.aws_apigatewayv2_api.http: Creating...
2021/12/09 12:37:55.466106 github.com/mantil-io/mantil/cli/ui/ui.go:152: /Users/daniel/work/mantil/node/terraform/terraform.go:170: TF: module.api.module.ws_api[0].aws_dynamodb_table.table: Creating...
2021/12/09 12:37:55.597260 github.com/mantil-io/mantil/cli/ui/ui.go:152: /Users/daniel/work/mantil/node/terraform/terraform.go:170: TF: module.api.module.ws_api[0].aws_cloudwatch_log_group.ws_access_logs: Creation complete after 0s [id=/aws/vendedlogs/project-dev-ws-access-logs-aef7a9da]
2021/12/09 12:37:55.598933 github.com/mantil-io/mantil/cli/ui/ui.go:152: /Users/daniel/work/mantil/node/terraform/terraform.go:170: TF: module.api.module.ws_api[0].aws_iam_role.ws_handler: Creating...
2021/12/09 12:37:55.603878 github.com/mantil-io/mantil/cli/ui/ui.go:152: /Users/daniel/work/mantil/node/terraform/terraform.go:170: TF: module.functions.aws_cloudwatch_log_group.functions_log_groups["ping"]: Creation complete after 0s [id=/aws/lambda/project-dev-ping-aef7a9da]
2021/12/09 12:37:55.604011 github.com/mantil-io/mantil/cli/ui/ui.go:152: /Users/daniel/work/mantil/node/terraform/terraform.go:170: TF: module.api.module.http_api.aws_cloudwatch_log_group.http_access_logs: Creation complete after 0s [id=/aws/vendedlogs/project-dev-http-access-logs-aef7a9da]
2021/12/09 12:37:55.610235 github.com/mantil-io/mantil/cli/ui/ui.go:152: /Users/daniel/work/mantil/node/terraform/terraform.go:170: TF: module.api.module.ws_api[0].aws_cloudwatch_log_group.ws_forwarder_log_group: Creation complete after 0s [id=/aws/lambda/mantil-project-dev-ws-forwarder-aef7a9da]
2021/12/09 12:37:55.815263 github.com/mantil-io/mantil/cli/ui/ui.go:152: /Users/daniel/work/mantil/node/terraform/terraform.go:170: TF: module.api.module.ws_api[0].aws_cloudwatch_log_group.ws_handler_log_group: Creation complete after 1s [id=/aws/lambda/mantil-project-dev-ws-handler-aef7a9da]
2021/12/09 12:37:55.904330 github.com/mantil-io/mantil/cli/ui/ui.go:152: /Users/daniel/work/mantil/node/terraform/terraform.go:170: TF: module.api.module.ws_api[0].aws_apigatewayv2_api.ws: Creation complete after 1s [id=976orve3jg]
2021/12/09 12:37:55.904492 github.com/mantil-io/mantil/cli/ui/ui.go:152: /Users/daniel/work/mantil/node/terraform/terraform.go:170: TF: module.api.module.ws_api[0].data.aws_iam_policy_document.ws_forwarder: Reading...
2021/12/09 12:37:55.913205 github.com/mantil-io/mantil/cli/ui/ui.go:152: /Users/daniel/work/mantil/node/terraform/terraform.go:170: TF: module.api.module.ws_api[0].data.aws_iam_policy_document.ws_forwarder: Read complete after 0s [id=2074481575]
2021/12/09 12:37:55.913321 github.com/mantil-io/mantil/cli/ui/ui.go:152: /Users/daniel/work/mantil/node/terraform/terraform.go:170: TF: module.api.module.ws_api[0].aws_lambda_permission.ws_handler_api_gateway_invoke: Creating...
2021/12/09 12:37:56.268297 github.com/mantil-io/mantil/cli/ui/ui.go:152: /Users/daniel/work/mantil/node/terraform/terraform.go:170: TF: module.api.module.http_api.aws_apigatewayv2_api.http: Creation complete after 1s [id=9mosxdgpy2]
2021/12/09 12:37:57.061084 github.com/mantil-io/mantil/cli/ui/ui.go:152: /Users/daniel/work/mantil/node/terraform/terraform.go:170: TF: module.api.module.ws_api[0].aws_iam_role.ws_forwarder: Creation complete after 2s [id=project-dev-ws-forwarder-aef7a9da]
2021/12/09 12:37:57.068946 github.com/mantil-io/mantil/cli/ui/ui.go:152: /Users/daniel/work/mantil/node/terraform/terraform.go:170: TF: module.api.module.ws_api[0].aws_iam_role_policy.ws_forwarder: Creating...
2021/12/09 12:37:57.069139 github.com/mantil-io/mantil/cli/ui/ui.go:152: /Users/daniel/work/mantil/node/terraform/terraform.go:170: TF: module.api.module.ws_api[0].aws_lambda_function.ws_forwarder: Creating...
2021/12/09 12:37:57.103000 github.com/mantil-io/mantil/cli/ui/ui.go:152: /Users/daniel/work/mantil/node/terraform/terraform.go:170: TF: module.functions.aws_iam_role.lambda["ping"]: Creation complete after 2s [id=project-dev-ping-aef7a9da]
2021/12/09 12:37:57.108579 github.com/mantil-io/mantil/cli/ui/ui.go:152: /Users/daniel/work/mantil/node/terraform/terraform.go:170: TF: module.functions.aws_iam_role_policy.lambda["ping"]: Creating...
2021/12/09 12:37:57.110349 github.com/mantil-io/mantil/cli/ui/ui.go:152: /Users/daniel/work/mantil/node/terraform/terraform.go:170: TF: module.functions.aws_lambda_function.functions["ping"]: Creating...
2021/12/09 12:37:57.213254 github.com/mantil-io/mantil/cli/ui/ui.go:152: /Users/daniel/work/mantil/node/terraform/terraform.go:170: TF: module.api.module.ws_api[0].aws_iam_role.ws_handler: Creation complete after 2s [id=project-dev-ws-handler-aef7a9da]
2021/12/09 12:37:57.225088 github.com/mantil-io/mantil/cli/ui/ui.go:152: /Users/daniel/work/mantil/node/terraform/terraform.go:170: TF: module.api.module.ws_api[0].aws_iam_role_policy.ws_handler: Creating...
2021/12/09 12:37:57.248285 github.com/mantil-io/mantil/cli/ui/ui.go:152: /Users/daniel/work/mantil/node/terraform/terraform.go:170: TF: module.api.module.ws_api[0].aws_lambda_function.ws_handler: Creating...
2021/12/09 12:37:57.920666 github.com/mantil-io/mantil/cli/ui/ui.go:152: /Users/daniel/work/mantil/node/terraform/terraform.go:170: TF: module.api.module.ws_api[0].aws_iam_role_policy.ws_forwarder: Creation complete after 1s [id=project-dev-ws-forwarder-aef7a9da:project-dev-ws-forwarder-aef7a9da]
2021/12/09 12:37:57.920738 github.com/mantil-io/mantil/cli/ui/ui.go:152: /Users/daniel/work/mantil/node/terraform/terraform.go:170: TF: module.functions.aws_iam_role_policy.lambda["ping"]: Creation complete after 1s [id=project-dev-ping-aef7a9da:project-dev-ping-aef7a9da]
2021/12/09 12:37:58.049195 github.com/mantil-io/mantil/cli/ui/ui.go:152: /Users/daniel/work/mantil/node/terraform/terraform.go:170: TF: module.api.module.ws_api[0].aws_iam_role_policy.ws_handler: Creation complete after 1s [id=project-dev-ws-handler-aef7a9da:project-dev-ws-handler-aef7a9da]
2021/12/09 12:38:02.119056 github.com/mantil-io/mantil/cli/ui/ui.go:152: /Users/daniel/work/mantil/node/terraform/terraform.go:170: TF: module.api.module.ws_api[0].aws_dynamodb_table.table: Creation complete after 7s [id=mantil-project-dev-ws-conns-aef7a9da]
2021/12/09 12:38:06.010647 github.com/mantil-io/mantil/cli/ui/ui.go:152: /Users/daniel/work/mantil/node/terraform/terraform.go:170: TF: module.api.module.ws_api[0].aws_lambda_permission.ws_handler_api_gateway_invoke: Still creating... [10s elapsed]
2021/12/09 12:38:07.068769 github.com/mantil-io/mantil/cli/ui/ui.go:152: /Users/daniel/work/mantil/node/terraform/terraform.go:170: TF: module.api.module.ws_api[0].aws_lambda_function.ws_forwarder: Still creating... [10s elapsed]
2021/12/09 12:38:07.113172 github.com/mantil-io/mantil/cli/ui/ui.go:152: /Users/daniel/work/mantil/node/terraform/terraform.go:170: TF: module.functions.aws_lambda_function.functions["ping"]: Still creating... [10s elapsed]
2021/12/09 12:38:07.245877 github.com/mantil-io/mantil/cli/ui/ui.go:152: /Users/daniel/work/mantil/node/terraform/terraform.go:170: TF: module.api.module.ws_api[0].aws_lambda_function.ws_handler: Still creating... [10s elapsed]
2021/12/09 12:38:10.824429 github.com/mantil-io/mantil/cli/ui/ui.go:152: /Users/daniel/work/mantil/node/terraform/terraform.go:170: TF: module.functions.aws_lambda_function.functions["ping"]: Creation complete after 14s [id=project-dev-ping-aef7a9da]
2021/12/09 12:38:10.824609 github.com/mantil-io/mantil/cli/ui/ui.go:152: /Users/daniel/work/mantil/node/terraform/terraform.go:170: TF: module.api.module.http_api.aws_apigatewayv2_integration.http_default_proxy: Creating...
2021/12/09 12:38:10.824714 github.com/mantil-io/mantil/cli/ui/ui.go:152: /Users/daniel/work/mantil/node/terraform/terraform.go:170: TF: module.api.module.http_api.aws_apigatewayv2_integration.http_default: Creating...
2021/12/09 12:38:10.824834 github.com/mantil-io/mantil/cli/ui/ui.go:152: /Users/daniel/work/mantil/node/terraform/terraform.go:170: TF: module.api.module.http_api.aws_lambda_permission.api_gateway_invoke["/ping"]: Creating...
2021/12/09 12:38:10.824960 github.com/mantil-io/mantil/cli/ui/ui.go:152: /Users/daniel/work/mantil/node/terraform/terraform.go:170: TF: module.api.module.http_api.aws_apigatewayv2_integration.http_proxy["/ping"]: Creating...
2021/12/09 12:38:10.825056 github.com/mantil-io/mantil/cli/ui/ui.go:152: /Users/daniel/work/mantil/node/terraform/terraform.go:170: TF: module.api.module.http_api.aws_apigatewayv2_integration.http["/ping"]: Creating...
2021/12/09 12:38:10.855632 github.com/mantil-io/mantil/cli/ui/ui.go:152: /Users/daniel/work/mantil/node/terraform/terraform.go:170: TF: module.api.module.http_api.aws_lambda_permission.api_gateway_invoke["/ping"]: Creation complete after 0s [id=terraform-20211209113810576200000001]
2021/12/09 12:38:10.994091 github.com/mantil-io/mantil/cli/ui/ui.go:152: /Users/daniel/work/mantil/node/terraform/terraform.go:170: TF: module.api.module.http_api.aws_apigatewayv2_integration.http_default_proxy: Creation complete after 0s [id=5hgeq64]
2021/12/09 12:38:10.995700 github.com/mantil-io/mantil/cli/ui/ui.go:152: /Users/daniel/work/mantil/node/terraform/terraform.go:170: TF: module.api.module.http_api.aws_apigatewayv2_route.http_default_proxy: Creating...
2021/12/09 12:38:11.000442 github.com/mantil-io/mantil/cli/ui/ui.go:152: /Users/daniel/work/mantil/node/terraform/terraform.go:170: TF: module.api.module.http_api.aws_apigatewayv2_integration.http_default: Creation complete after 0s [id=gcxbpe7]
2021/12/09 12:38:11.003997 github.com/mantil-io/mantil/cli/ui/ui.go:152: /Users/daniel/work/mantil/node/terraform/terraform.go:170: TF: module.api.module.http_api.aws_apigatewayv2_route.http_default: Creating...
2021/12/09 12:38:11.035164 github.com/mantil-io/mantil/cli/ui/ui.go:152: /Users/daniel/work/mantil/node/terraform/terraform.go:170: TF: module.api.module.http_api.aws_apigatewayv2_integration.http_proxy["/ping"]: Creation complete after 0s [id=py6olkf]
2021/12/09 12:38:11.041915 github.com/mantil-io/mantil/cli/ui/ui.go:152: /Users/daniel/work/mantil/node/terraform/terraform.go:170: TF: module.api.module.http_api.aws_apigatewayv2_route.http_proxy["/ping"]: Creating...
2021/12/09 12:38:11.065259 github.com/mantil-io/mantil/cli/ui/ui.go:152: /Users/daniel/work/mantil/node/terraform/terraform.go:170: TF: module.api.module.http_api.aws_apigatewayv2_integration.http["/ping"]: Creation complete after 0s [id=av7vj0m]
2021/12/09 12:38:11.067258 github.com/mantil-io/mantil/cli/ui/ui.go:152: /Users/daniel/work/mantil/node/terraform/terraform.go:170: TF: module.api.module.http_api.aws_apigatewayv2_route.http["/ping"]: Creating...
2021/12/09 12:38:11.253457 github.com/mantil-io/mantil/cli/ui/ui.go:152: /Users/daniel/work/mantil/node/terraform/terraform.go:170: TF: module.api.module.ws_api[0].aws_lambda_function.ws_forwarder: Creation complete after 14s [id=mantil-project-dev-ws-forwarder-aef7a9da]
2021/12/09 12:38:11.318077 github.com/mantil-io/mantil/cli/ui/ui.go:152: /Users/daniel/work/mantil/node/terraform/terraform.go:170: TF: module.api.module.http_api.aws_apigatewayv2_route.http_default_proxy: Creation complete after 0s [id=vup3iym]
2021/12/09 12:38:11.348726 github.com/mantil-io/mantil/cli/ui/ui.go:152: /Users/daniel/work/mantil/node/terraform/terraform.go:170: TF: module.api.module.http_api.aws_apigatewayv2_route.http_default: Creation complete after 0s [id=fa1kot8]
2021/12/09 12:38:11.372607 github.com/mantil-io/mantil/cli/ui/ui.go:152: /Users/daniel/work/mantil/node/terraform/terraform.go:170: TF: module.api.module.http_api.aws_apigatewayv2_route.http["/ping"]: Creation complete after 0s [id=kcqfpzm]
2021/12/09 12:38:11.410337 github.com/mantil-io/mantil/cli/ui/ui.go:152: /Users/daniel/work/mantil/node/terraform/terraform.go:170: TF: module.api.module.http_api.aws_apigatewayv2_route.http_proxy["/ping"]: Creation complete after 0s [id=4uhud7u]
2021/12/09 12:38:11.414321 github.com/mantil-io/mantil/cli/ui/ui.go:152: /Users/daniel/work/mantil/node/terraform/terraform.go:170: TF: module.api.module.http_api.aws_apigatewayv2_deployment.http: Creating...
2021/12/09 12:38:12.052044 github.com/mantil-io/mantil/cli/ui/ui.go:152: /Users/daniel/work/mantil/node/terraform/terraform.go:170: TF: module.api.module.http_api.aws_apigatewayv2_deployment.http: Creation complete after 1s [id=9dhrsy]
2021/12/09 12:38:12.052253 github.com/mantil-io/mantil/cli/ui/ui.go:152: /Users/daniel/work/mantil/node/terraform/terraform.go:170: TF: module.api.module.http_api.aws_apigatewayv2_stage.http_default: Creating...
2021/12/09 12:38:13.075952 github.com/mantil-io/mantil/cli/ui/ui.go:152: /Users/daniel/work/mantil/node/terraform/terraform.go:170: TF: module.api.module.http_api.aws_apigatewayv2_stage.http_default: Creation complete after 1s [id=$default]
2021/12/09 12:38:15.911947 github.com/mantil-io/mantil/cli/ui/ui.go:152: /Users/daniel/work/mantil/node/terraform/terraform.go:170: TF: module.api.module.ws_api[0].aws_lambda_permission.ws_handler_api_gateway_invoke: Still creating... [20s elapsed]
2021/12/09 12:38:17.274640 github.com/mantil-io/mantil/cli/ui/ui.go:152: /Users/daniel/work/mantil/node/terraform/terraform.go:170: TF: module.api.module.ws_api[0].aws_lambda_function.ws_handler: Still creating... [20s elapsed]
2021/12/09 12:38:19.422259 github.com/mantil-io/mantil/cli/ui/ui.go:152: /Users/daniel/work/mantil/node/terraform/terraform.go:170: TF: module.api.module.ws_api[0].aws_lambda_function.ws_handler: Creation complete after 22s [id=mantil-project-dev-ws-handler-aef7a9da]
2021/12/09 12:38:19.436153 github.com/mantil-io/mantil/cli/ui/ui.go:152: /Users/daniel/work/mantil/node/terraform/terraform.go:170: TF: module.api.module.ws_api[0].aws_apigatewayv2_integration.ws_handler: Creating...
2021/12/09 12:38:19.763667 github.com/mantil-io/mantil/cli/ui/ui.go:152: /Users/daniel/work/mantil/node/terraform/terraform.go:170: TF: module.api.module.ws_api[0].aws_apigatewayv2_integration.ws_handler: Creation complete after 1s [id=27ec42f]
2021/12/09 12:38:19.767377 github.com/mantil-io/mantil/cli/ui/ui.go:152: /Users/daniel/work/mantil/node/terraform/terraform.go:170: TF: module.api.module.ws_api[0].aws_apigatewayv2_route.ws_handler_connect: Creating...
2021/12/09 12:38:19.767434 github.com/mantil-io/mantil/cli/ui/ui.go:152: /Users/daniel/work/mantil/node/terraform/terraform.go:170: TF: module.api.module.ws_api[0].aws_apigatewayv2_route.ws_handler["$disconnect"]: Creating...
2021/12/09 12:38:19.767480 github.com/mantil-io/mantil/cli/ui/ui.go:152: /Users/daniel/work/mantil/node/terraform/terraform.go:170: TF: module.api.module.ws_api[0].aws_apigatewayv2_route.ws_handler["$default"]: Creating...
2021/12/09 12:38:20.030543 github.com/mantil-io/mantil/cli/ui/ui.go:152: /Users/daniel/work/mantil/node/terraform/terraform.go:170: TF: module.api.module.ws_api[0].aws_apigatewayv2_route.ws_handler["$disconnect"]: Creation complete after 0s [id=gyxtfjc]
2021/12/09 12:38:20.061020 github.com/mantil-io/mantil/cli/ui/ui.go:152: /Users/daniel/work/mantil/node/terraform/terraform.go:170: TF: module.api.module.ws_api[0].aws_apigatewayv2_route.ws_handler_connect: Creation complete after 0s [id=h48wbv0]
2021/12/09 12:38:20.075263 github.com/mantil-io/mantil/cli/ui/ui.go:152: /Users/daniel/work/mantil/node/terraform/terraform.go:170: TF: module.api.module.ws_api[0].aws_apigatewayv2_route.ws_handler["$default"]: Creation complete after 0s [id=ucizebe]
2021/12/09 12:38:20.077679 github.com/mantil-io/mantil/cli/ui/ui.go:152: /Users/daniel/work/mantil/node/terraform/terraform.go:170: TF: module.api.module.ws_api[0].aws_apigatewayv2_deployment.ws: Creating...
2021/12/09 12:38:20.625261 github.com/mantil-io/mantil/cli/ui/ui.go:152: /Users/daniel/work/mantil/node/terraform/terraform.go:170: TF: module.api.module.ws_api[0].aws_apigatewayv2_deployment.ws: Creation complete after 0s [id=qzkgna]
2021/12/09 12:38:20.630895 github.com/mantil-io/mantil/cli/ui/ui.go:152: /Users/daniel/work/mantil/node/terraform/terraform.go:170: TF: module.api.module.ws_api[0].aws_apigatewayv2_stage.ws_default: Creating...
2021/12/09 12:38:21.614281 github.com/mantil-io/mantil/cli/ui/ui.go:152: /Users/daniel/work/mantil/node/terraform/terraform.go:170: TF: module.api.module.ws_api[0].aws_lambda_permission.ws_handler_api_gateway_invoke: Creation complete after 25s [id=AllowAPIGatewayInvoke]
2021/12/09 12:38:22.189686 github.com/mantil-io/mantil/cli/ui/ui.go:152: /Users/daniel/work/mantil/node/terraform/terraform.go:170: TF: module.api.module.ws_api[0].aws_apigatewayv2_stage.ws_default: Creation complete after 2s [id=$default]
2021/12/09 12:38:22.203929 github.com/mantil-io/mantil/cli/ui/ui.go:152: /Users/daniel/work/mantil/node/terraform/terraform.go:170: TF: Warnings:
2021/12/09 12:38:22.203953 github.com/mantil-io/mantil/cli/ui/ui.go:152: /Users/daniel/work/mantil/node/terraform/terraform.go:170: TF: - Experimental feature "module_variable_optional_attrs" is active
2021/12/09 12:38:22.203961 github.com/mantil-io/mantil/cli/ui/ui.go:152: /Users/daniel/work/mantil/node/terraform/terraform.go:170: TF:   on ../../modules/api/main.tf line 2 (and 1 more)
2021/12/09 12:38:22.203970 github.com/mantil-io/mantil/cli/ui/ui.go:152: /Users/daniel/work/mantil/node/terraform/terraform.go:170: TF: To see the full warning notes, run Terraform without -compact-warnings.
2021/12/09 12:38:22.203993 github.com/mantil-io/mantil/cli/ui/ui.go:152: /Users/daniel/work/mantil/node/terraform/terraform.go:170: TF: Apply complete! Resources: 35 added, 0 changed, 0 destroyed.
2021/12/09 12:38:22.204001 github.com/mantil-io/mantil/cli/ui/ui.go:152: /Users/daniel/work/mantil/node/terraform/terraform.go:170: TF: Outputs:
2021/12/09 12:38:22.204010 github.com/mantil-io/mantil/cli/ui/ui.go:152: /Users/daniel/work/mantil/node/terraform/terraform.go:170: TF: functions_bucket = "mantil-aef7a9da"
2021/12/09 12:38:22.204021 github.com/mantil-io/mantil/cli/ui/ui.go:152: /Users/daniel/work/mantil/node/terraform/terraform.go:170: TF: public_site_bucket = ""
2021/12/09 12:38:22.204028 github.com/mantil-io/mantil/cli/ui/ui.go:152: /Users/daniel/work/mantil/node/terraform/terraform.go:170: TF: url = "https://9mosxdgpy2.execute-api.eu-central-1.amazonaws.com"
2021/12/09 12:38:22.204035 github.com/mantil-io/mantil/cli/ui/ui.go:152: /Users/daniel/work/mantil/node/terraform/terraform.go:170: TF: ws_url = "wss://976orve3jg.execute-api.eu-central-1.amazonaws.com"
2021/12/09 12:38:22.209896 github.com/mantil-io/mantil/cli/ui/ui.go:152: /Users/daniel/work/mantil/node/terraform/terraform.go:170: TFO: >> terraform output -no-color
2021/12/09 12:38:22.964126 github.com/mantil-io/mantil/cli/ui/ui.go:152: /Users/daniel/work/mantil/node/terraform/terraform.go:170: TFO: functions_bucket = "mantil-aef7a9da"
2021/12/09 12:38:22.964277 github.com/mantil-io/mantil/cli/ui/ui.go:152: /Users/daniel/work/mantil/node/terraform/terraform.go:170: TFO: public_site_bucket = ""
2021/12/09 12:38:22.964320 github.com/mantil-io/mantil/cli/ui/ui.go:152: /Users/daniel/work/mantil/node/terraform/terraform.go:170: TFO: url = "https://9mosxdgpy2.execute-api.eu-central-1.amazonaws.com"
2021/12/09 12:38:22.964349 github.com/mantil-io/mantil/cli/ui/ui.go:152: /Users/daniel/work/mantil/node/terraform/terraform.go:170: TFO: ws_url = "wss://976orve3jg.execute-api.eu-central-1.amazonaws.com"